{
  "version": 4,
  "terraform_version": "1.5.0",
  "serial": 22,
  "lineage": "698727b9-1326-1051-f904-f937c99afdda",
  "outputs": {
    "controlPlaneFQDN": {
      "value": "aks-cluster-01-dns-811meovs.55585cb8-32a1-4561-a6fa-a8510d0e4b1b.privatelink.usgovvirginia.cx.aks.containerservice.azure.us",
      "type": "string"
    }
  },
  "resources": [
    {
      "mode": "data",
      "type": "azurerm_container_registry",
      "name": "acr",
      "provider": "provider[\"registry.terraform.io/hashicorp/azurerm\"]",
      "instances": [
        {
          "schema_version": 0,
          "attributes": {
            "admin_enabled": false,
            "admin_password": null,
            "admin_username": null,
            "data_endpoint_enabled": false,
            "id": "/subscriptions/46c1bdab-b54a-49ba-a449-36af32ddee1c/resourceGroups/Ralphael/providers/Microsoft.ContainerRegistry/registries/AKSACR01",
            "location": "usgovvirginia",
            "login_server": "aksacr01.azurecr.us",
            "name": "AKSACR01",
            "resource_group_name": "Ralphael",
            "sku": "Standard",
            "tags": {},
            "timeouts": null
          },
          "sensitive_attributes": []
        }
      ]
    },
    {
      "mode": "data",
      "type": "terraform_remote_state",
      "name": "network",
      "provider": "provider[\"terraform.io/builtin/terraform\"]",
      "instances": [
        {
          "schema_version": 0,
          "attributes": {
            "backend": "local",
            "config": {
              "value": {
                "path": "/Users/johnsonrad/Documents/Code/Lab/scratch/VanillaLab/terraform.tfstate"
              },
              "type": [
                "object",
                {
                  "path": "string"
                }
              ]
            },
            "defaults": null,
            "outputs": {
              "value": {
                "hub_nic_id": "/subscriptions/46c1bdab-b54a-49ba-a449-36af32ddee1c/resourceGroups/ralphael2/providers/Microsoft.Network/networkInterfaces/hub-vm-nic",
                "hub_nic_name": "hub-vm-nic",
                "hub_nsg_association_id": "/subscriptions/46c1bdab-b54a-49ba-a449-36af32ddee1c/resourceGroups/ralphael2/providers/Microsoft.Network/networkInterfaces/hub-vm-nic|/subscriptions/46c1bdab-b54a-49ba-a449-36af32ddee1c/resourceGroups/ralphael2/providers/Microsoft.Network/networkSecurityGroups/hub-vm-nsg",
                "hub_nsg_id": "/subscriptions/46c1bdab-b54a-49ba-a449-36af32ddee1c/resourceGroups/ralphael2/providers/Microsoft.Network/networkSecurityGroups/hub-vm-nsg",
                "hub_nsg_name": "hub-vm-nsg",
                "hub_public_ip_id": "/subscriptions/46c1bdab-b54a-49ba-a449-36af32ddee1c/resourceGroups/ralphael2/providers/Microsoft.Network/publicIPAddresses/examplePublicIP",
                "hub_public_ip_name": "examplePublicIP",
                "hub_subnet_id": "/subscriptions/46c1bdab-b54a-49ba-a449-36af32ddee1c/resourceGroups/ralphael2/providers/Microsoft.Network/virtualNetworks/hubNetwork/subnets/hubSubnet",
                "hub_subnet_name": "hubSubnet",
                "hub_to_spoke1_peering_id": "/subscriptions/46c1bdab-b54a-49ba-a449-36af32ddee1c/resourceGroups/ralphael2/providers/Microsoft.Network/virtualNetworks/hubNetwork/virtualNetworkPeerings/hub-to-spoke1",
                "hub_to_spoke1_peering_name": "hub-to-spoke1",
                "hub_to_spoke2_peering_id": "/subscriptions/46c1bdab-b54a-49ba-a449-36af32ddee1c/resourceGroups/ralphael2/providers/Microsoft.Network/virtualNetworks/hubNetwork/virtualNetworkPeerings/hub-to-spoke2",
                "hub_to_spoke2_peering_name": "hub-to-spoke2",
                "hub_vm_id": "/subscriptions/46c1bdab-b54a-49ba-a449-36af32ddee1c/resourceGroups/ralphael2/providers/Microsoft.Compute/virtualMachines/hub-vm",
                "hub_vm_name": "hub-vm",
                "hub_vnet_id": "/subscriptions/46c1bdab-b54a-49ba-a449-36af32ddee1c/resourceGroups/ralphael2/providers/Microsoft.Network/virtualNetworks/hubNetwork",
                "hub_vnet_name": "hubNetwork",
                "private_dns_zone_id": "/subscriptions/46c1bdab-b54a-49ba-a449-36af32ddee1c/resourceGroups/ralphael2/providers/Microsoft.Network/privateDnsZones/privatedns.ralphael.com",
                "private_dns_zone_name": "privatedns.ralphael.com",
                "private_endpoint_id": "/subscriptions/46c1bdab-b54a-49ba-a449-36af32ddee1c/resourceGroups/ralphael2/providers/Microsoft.Network/privateEndpoints/examplePrivateEndpoint",
                "private_endpoint_name": "examplePrivateEndpoint",
                "ralphael2-hub-vm_private_ip_address": "10.2.0.4",
                "ralphael2-spoke1-vm_private_ip_address": "10.3.0.4",
                "ralphael2-spoke2-vm_private_ip_address": "10.4.0.63",
                "resource_group_id": "/subscriptions/46c1bdab-b54a-49ba-a449-36af32ddee1c/resourceGroups/ralphael2",
                "resource_group_location": "usgovvirginia",
                "resource_group_name": "ralphael2",
                "spoke1_nic_id": "/subscriptions/46c1bdab-b54a-49ba-a449-36af32ddee1c/resourceGroups/ralphael2/providers/Microsoft.Network/networkInterfaces/spoke1-vm-nic",
                "spoke1_nic_name": "spoke1-vm-nic",
                "spoke1_nsg_association_id": "/subscriptions/46c1bdab-b54a-49ba-a449-36af32ddee1c/resourceGroups/ralphael2/providers/Microsoft.Network/networkInterfaces/spoke1-vm-nic|/subscriptions/46c1bdab-b54a-49ba-a449-36af32ddee1c/resourceGroups/ralphael2/providers/Microsoft.Network/networkSecurityGroups/spoke-vm-nsg",
                "spoke1_public_ip_id": "/subscriptions/46c1bdab-b54a-49ba-a449-36af32ddee1c/resourceGroups/ralphael2/providers/Microsoft.Network/publicIPAddresses/spoke1PublicIP",
                "spoke1_public_ip_name": "spoke1PublicIP",
                "spoke1_subnet_id": "/subscriptions/46c1bdab-b54a-49ba-a449-36af32ddee1c/resourceGroups/ralphael2/providers/Microsoft.Network/virtualNetworks/spoke1Network/subnets/spoke1Subnet",
                "spoke1_subnet_name": "spoke1Subnet",
                "spoke1_to_hub_peering_id": "/subscriptions/46c1bdab-b54a-49ba-a449-36af32ddee1c/resourceGroups/ralphael2/providers/Microsoft.Network/virtualNetworks/spoke1Network/virtualNetworkPeerings/spoke1-to-hub",
                "spoke1_to_hub_peering_name": "spoke1-to-hub",
                "spoke1_vm_id": "/subscriptions/46c1bdab-b54a-49ba-a449-36af32ddee1c/resourceGroups/ralphael2/providers/Microsoft.Compute/virtualMachines/spoke1-vm",
                "spoke1_vm_name": "spoke1-vm",
                "spoke1_vnet_id": "/subscriptions/46c1bdab-b54a-49ba-a449-36af32ddee1c/resourceGroups/ralphael2/providers/Microsoft.Network/virtualNetworks/spoke1Network",
                "spoke1_vnet_name": "spoke1Network",
                "spoke2_nic_id": "/subscriptions/46c1bdab-b54a-49ba-a449-36af32ddee1c/resourceGroups/ralphael2/providers/Microsoft.Network/networkInterfaces/spoke2-vm-nic",
                "spoke2_nic_name": "spoke2-vm-nic",
                "spoke2_nsg_association_id": "/subscriptions/46c1bdab-b54a-49ba-a449-36af32ddee1c/resourceGroups/ralphael2/providers/Microsoft.Network/networkInterfaces/spoke2-vm-nic|/subscriptions/46c1bdab-b54a-49ba-a449-36af32ddee1c/resourceGroups/ralphael2/providers/Microsoft.Network/networkSecurityGroups/spoke-vm-nsg",
                "spoke2_public_ip_id": "/subscriptions/46c1bdab-b54a-49ba-a449-36af32ddee1c/resourceGroups/ralphael2/providers/Microsoft.Network/publicIPAddresses/spoke2PublicIP",
                "spoke2_public_ip_name": "spoke2PublicIP",
                "spoke2_subnet_id": "/subscriptions/46c1bdab-b54a-49ba-a449-36af32ddee1c/resourceGroups/ralphael2/providers/Microsoft.Network/virtualNetworks/spoke2Network/subnets/spoke2Subnet",
                "spoke2_subnet_name": "spoke2Subnet",
                "spoke2_to_hub_peering_id": "/subscriptions/46c1bdab-b54a-49ba-a449-36af32ddee1c/resourceGroups/ralphael2/providers/Microsoft.Network/virtualNetworks/spoke2Network/virtualNetworkPeerings/spoke2-to-hub",
                "spoke2_to_hub_peering_name": "spoke2-to-hub",
                "spoke2_vm_id": "/subscriptions/46c1bdab-b54a-49ba-a449-36af32ddee1c/resourceGroups/ralphael2/providers/Microsoft.Compute/virtualMachines/spoke2-vm",
                "spoke2_vm_name": "spoke2-vm",
                "spoke2_vnet_id": "/subscriptions/46c1bdab-b54a-49ba-a449-36af32ddee1c/resourceGroups/ralphael2/providers/Microsoft.Network/virtualNetworks/spoke2Network",
                "spoke2_vnet_name": "spoke2Network",
                "spoke_nsg_id": "/subscriptions/46c1bdab-b54a-49ba-a449-36af32ddee1c/resourceGroups/ralphael2/providers/Microsoft.Network/networkSecurityGroups/spoke-vm-nsg",
                "spoke_nsg_name": "spoke-vm-nsg",
                "storage_account_id": "/subscriptions/46c1bdab-b54a-49ba-a449-36af32ddee1c/resourceGroups/ralphael2/providers/Microsoft.Storage/storageAccounts/example234storage7897",
                "storage_account_name": "example234storage7897"
              },
              "type": [
                "object",
                {
                  "hub_nic_id": "string",
                  "hub_nic_name": "string",
                  "hub_nsg_association_id": "string",
                  "hub_nsg_id": "string",
                  "hub_nsg_name": "string",
                  "hub_public_ip_id": "string",
                  "hub_public_ip_name": "string",
                  "hub_subnet_id": "string",
                  "hub_subnet_name": "string",
                  "hub_to_spoke1_peering_id": "string",
                  "hub_to_spoke1_peering_name": "string",
                  "hub_to_spoke2_peering_id": "string",
                  "hub_to_spoke2_peering_name": "string",
                  "hub_vm_id": "string",
                  "hub_vm_name": "string",
                  "hub_vnet_id": "string",
                  "hub_vnet_name": "string",
                  "private_dns_zone_id": "string",
                  "private_dns_zone_name": "string",
                  "private_endpoint_id": "string",
                  "private_endpoint_name": "string",
                  "ralphael2-hub-vm_private_ip_address": "string",
                  "ralphael2-spoke1-vm_private_ip_address": "string",
                  "ralphael2-spoke2-vm_private_ip_address": "string",
                  "resource_group_id": "string",
                  "resource_group_location": "string",
                  "resource_group_name": "string",
                  "spoke1_nic_id": "string",
                  "spoke1_nic_name": "string",
                  "spoke1_nsg_association_id": "string",
                  "spoke1_public_ip_id": "string",
                  "spoke1_public_ip_name": "string",
                  "spoke1_subnet_id": "string",
                  "spoke1_subnet_name": "string",
                  "spoke1_to_hub_peering_id": "string",
                  "spoke1_to_hub_peering_name": "string",
                  "spoke1_vm_id": "string",
                  "spoke1_vm_name": "string",
                  "spoke1_vnet_id": "string",
                  "spoke1_vnet_name": "string",
                  "spoke2_nic_id": "string",
                  "spoke2_nic_name": "string",
                  "spoke2_nsg_association_id": "string",
                  "spoke2_public_ip_id": "string",
                  "spoke2_public_ip_name": "string",
                  "spoke2_subnet_id": "string",
                  "spoke2_subnet_name": "string",
                  "spoke2_to_hub_peering_id": "string",
                  "spoke2_to_hub_peering_name": "string",
                  "spoke2_vm_id": "string",
                  "spoke2_vm_name": "string",
                  "spoke2_vnet_id": "string",
                  "spoke2_vnet_name": "string",
                  "spoke_nsg_id": "string",
                  "spoke_nsg_name": "string",
                  "storage_account_id": "string",
                  "storage_account_name": "string"
                }
              ]
            },
            "workspace": null
          },
          "sensitive_attributes": []
        }
      ]
    },
    {
      "mode": "managed",
      "type": "azurerm_application_gateway",
      "name": "agic",
      "provider": "provider[\"registry.terraform.io/hashicorp/azurerm\"]",
      "instances": [
        {
          "schema_version": 0,
          "attributes": {
            "authentication_certificate": [],
            "autoscale_configuration": [],
            "backend_address_pool": [
              {
                "fqdns": [],
                "id": "/subscriptions/46c1bdab-b54a-49ba-a449-36af32ddee1c/resourceGroups/ralphael2/providers/Microsoft.Network/applicationGateways/agic/backendAddressPools/backend-pool",
                "ip_addresses": [],
                "name": "backend-pool"
              }
            ],
            "backend_http_settings": [
              {
                "affinity_cookie_name": "",
                "authentication_certificate": [],
                "connection_draining": [],
                "cookie_based_affinity": "Disabled",
                "host_name": "",
                "id": "/subscriptions/46c1bdab-b54a-49ba-a449-36af32ddee1c/resourceGroups/ralphael2/providers/Microsoft.Network/applicationGateways/agic/backendHttpSettingsCollection/http-settings",
                "name": "http-settings",
                "path": "/",
                "pick_host_name_from_backend_address": false,
                "port": 80,
                "probe_id": "",
                "probe_name": "",
                "protocol": "Http",
                "request_timeout": 60,
                "trusted_root_certificate_names": []
              }
            ],
            "custom_error_configuration": [],
            "enable_http2": false,
            "fips_enabled": false,
            "firewall_policy_id": "",
            "force_firewall_policy_association": false,
            "frontend_ip_configuration": [
              {
                "id": "/subscriptions/46c1bdab-b54a-49ba-a449-36af32ddee1c/resourceGroups/ralphael2/providers/Microsoft.Network/applicationGateways/agic/frontendIPConfigurations/agic-ip-configuration",
                "name": "agic-ip-configuration",
                "private_ip_address": "",
                "private_ip_address_allocation": "Dynamic",
                "private_link_configuration_id": "",
                "private_link_configuration_name": "",
                "public_ip_address_id": "/subscriptions/46c1bdab-b54a-49ba-a449-36af32ddee1c/resourceGroups/ralphael2/providers/Microsoft.Network/publicIPAddresses/appgwPublicIP",
                "subnet_id": ""
              }
            ],
            "frontend_port": [
              {
                "id": "/subscriptions/46c1bdab-b54a-49ba-a449-36af32ddee1c/resourceGroups/ralphael2/providers/Microsoft.Network/applicationGateways/agic/frontendPorts/http",
                "name": "http",
                "port": 80
              },
              {
                "id": "/subscriptions/46c1bdab-b54a-49ba-a449-36af32ddee1c/resourceGroups/ralphael2/providers/Microsoft.Network/applicationGateways/agic/frontendPorts/https",
                "name": "https",
                "port": 443
              }
            ],
            "gateway_ip_configuration": [
              {
                "id": "/subscriptions/46c1bdab-b54a-49ba-a449-36af32ddee1c/resourceGroups/ralphael2/providers/Microsoft.Network/applicationGateways/agic/gatewayIPConfigurations/agic-ip",
                "name": "agic-ip",
                "subnet_id": "/subscriptions/46c1bdab-b54a-49ba-a449-36af32ddee1c/resourceGroups/ralphael2/providers/Microsoft.Network/virtualNetworks/spoke1Network/subnets/appgwSubnet"
              }
            ],
            "global": [],
            "http_listener": [
              {
                "custom_error_configuration": [],
                "firewall_policy_id": "",
                "frontend_ip_configuration_id": "/subscriptions/46c1bdab-b54a-49ba-a449-36af32ddee1c/resourceGroups/ralphael2/providers/Microsoft.Network/applicationGateways/agic/frontendIPConfigurations/agic-ip-configuration",
                "frontend_ip_configuration_name": "agic-ip-configuration",
                "frontend_port_id": "/subscriptions/46c1bdab-b54a-49ba-a449-36af32ddee1c/resourceGroups/ralphael2/providers/Microsoft.Network/applicationGateways/agic/frontendPorts/http",
                "frontend_port_name": "http",
                "host_name": "",
                "host_names": [],
                "id": "/subscriptions/46c1bdab-b54a-49ba-a449-36af32ddee1c/resourceGroups/ralphael2/providers/Microsoft.Network/applicationGateways/agic/httpListeners/http-listener",
                "name": "http-listener",
                "protocol": "Http",
                "require_sni": false,
                "ssl_certificate_id": "",
                "ssl_certificate_name": "",
                "ssl_profile_id": "",
                "ssl_profile_name": ""
              }
            ],
            "id": "/subscriptions/46c1bdab-b54a-49ba-a449-36af32ddee1c/resourceGroups/ralphael2/providers/Microsoft.Network/applicationGateways/agic",
            "identity": [],
            "location": "usgovvirginia",
            "name": "agic",
            "private_endpoint_connection": [],
            "private_link_configuration": [],
            "probe": [],
            "redirect_configuration": [],
            "request_routing_rule": [
              {
                "backend_address_pool_id": "/subscriptions/46c1bdab-b54a-49ba-a449-36af32ddee1c/resourceGroups/ralphael2/providers/Microsoft.Network/applicationGateways/agic/backendAddressPools/backend-pool",
                "backend_address_pool_name": "backend-pool",
                "backend_http_settings_id": "/subscriptions/46c1bdab-b54a-49ba-a449-36af32ddee1c/resourceGroups/ralphael2/providers/Microsoft.Network/applicationGateways/agic/backendHttpSettingsCollection/http-settings",
                "backend_http_settings_name": "http-settings",
                "http_listener_id": "/subscriptions/46c1bdab-b54a-49ba-a449-36af32ddee1c/resourceGroups/ralphael2/providers/Microsoft.Network/applicationGateways/agic/httpListeners/http-listener",
                "http_listener_name": "http-listener",
                "id": "/subscriptions/46c1bdab-b54a-49ba-a449-36af32ddee1c/resourceGroups/ralphael2/providers/Microsoft.Network/applicationGateways/agic/requestRoutingRules/http-rule",
                "name": "http-rule",
                "priority": 100,
                "redirect_configuration_id": "",
                "redirect_configuration_name": "",
                "rewrite_rule_set_id": "",
                "rewrite_rule_set_name": "",
                "rule_type": "Basic",
                "url_path_map_id": "",
                "url_path_map_name": ""
              }
            ],
            "resource_group_name": "ralphael2",
            "rewrite_rule_set": [],
            "sku": [
              {
                "capacity": 2,
                "name": "Standard_v2",
                "tier": "Standard_v2"
              }
            ],
            "ssl_certificate": [],
            "ssl_policy": [
              {
                "cipher_suites": [],
                "disabled_protocols": [],
                "min_protocol_version": "",
                "policy_name": "AppGwSslPolicy20150501",
                "policy_type": "Predefined"
              }
            ],
            "ssl_profile": [],
            "tags": {},
            "timeouts": null,
            "trusted_client_certificate": [],
            "trusted_root_certificate": [],
            "url_path_map": [],
            "waf_configuration": [],
            "zones": []
          },
          "sensitive_attributes": [],
          "private": "eyJlMmJmYjczMC1lY2FhLTExZTYtOGY4OC0zNDM2M2JjN2M0YzAiOnsiY3JlYXRlIjo1NDAwMDAwMDAwMDAwLCJkZWxldGUiOjU0MDAwMDAwMDAwMDAsInJlYWQiOjMwMDAwMDAwMDAwMCwidXBkYXRlIjo1NDAwMDAwMDAwMDAwfX0=",
          "dependencies": [
            "azurerm_public_ip.appgw-pip",
            "azurerm_subnet.appgw",
            "data.terraform_remote_state.network"
          ]
        }
      ]
    },
    {
      "mode": "managed",
      "type": "azurerm_kubernetes_cluster",
      "name": "example",
      "provider": "provider[\"registry.terraform.io/hashicorp/azurerm\"]",
      "instances": [
        {
          "schema_version": 2,
          "attributes": {
            "aci_connector_linux": [],
            "api_server_access_profile": [
              {
                "authorized_ip_ranges": [],
                "subnet_id": "",
                "vnet_integration_enabled": false
              }
            ],
            "api_server_authorized_ip_ranges": [],
            "auto_scaler_profile": [
              {
                "balance_similar_node_groups": false,
                "empty_bulk_delete_max": "10",
                "expander": "random",
                "max_graceful_termination_sec": "600",
                "max_node_provisioning_time": "15m",
                "max_unready_nodes": 3,
                "max_unready_percentage": 45,
                "new_pod_scale_up_delay": "0s",
                "scale_down_delay_after_add": "10m",
                "scale_down_delay_after_delete": "10s",
                "scale_down_delay_after_failure": "3m",
                "scale_down_unneeded": "10m",
                "scale_down_unready": "20m",
                "scale_down_utilization_threshold": "0.5",
                "scan_interval": "10s",
                "skip_nodes_with_local_storage": false,
                "skip_nodes_with_system_pods": true
              }
            ],
            "automatic_channel_upgrade": "patch",
            "azure_active_directory_role_based_access_control": [],
            "azure_policy_enabled": true,
            "confidential_computing": [],
            "custom_ca_trust_certificates_base64": null,
            "default_node_pool": [
              {
                "capacity_reservation_group_id": "",
                "custom_ca_trust_enabled": false,
                "enable_auto_scaling": true,
                "enable_host_encryption": false,
                "enable_node_public_ip": false,
                "fips_enabled": true,
                "host_group_id": "",
                "kubelet_config": [],
                "kubelet_disk_type": "OS",
                "linux_os_config": [],
                "max_count": 5,
                "max_pods": 30,
                "message_of_the_day": "",
                "min_count": 1,
                "name": "agentpool",
                "node_count": 1,
                "node_labels": {},
                "node_network_profile": [],
                "node_public_ip_prefix_id": "",
                "node_taints": null,
                "only_critical_addons_enabled": false,
                "orchestrator_version": "1.25.6",
                "os_disk_size_gb": 30,
                "os_disk_type": "Managed",
                "os_sku": "Ubuntu",
                "pod_subnet_id": "",
                "proximity_placement_group_id": "",
                "scale_down_mode": "Delete",
                "tags": null,
                "temporary_name_for_rotation": "",
                "type": "VirtualMachineScaleSets",
                "ultra_ssd_enabled": false,
                "upgrade_settings": [],
                "vm_size": "Standard_D4s_v3",
                "vnet_subnet_id": "/subscriptions/46c1bdab-b54a-49ba-a449-36af32ddee1c/resourceGroups/ralphael2/providers/Microsoft.Network/virtualNetworks/spoke1Network/subnets/spoke1Subnet",
                "workload_runtime": "",
                "zones": [
                  "1",
                  "2",
                  "3"
                ]
              }
            ],
            "disk_encryption_set_id": "",
            "dns_prefix": "AKS-Cluster-01-dns",
            "dns_prefix_private_cluster": "",
            "edge_zone": "",
            "enable_pod_security_policy": false,
            "fqdn": "",
            "http_application_routing_enabled": false,
            "http_application_routing_zone_name": "",
            "http_proxy_config": [],
            "id": "/subscriptions/46c1bdab-b54a-49ba-a449-36af32ddee1c/resourceGroups/ralphael2/providers/Microsoft.ContainerService/managedClusters/AKS-Cluster-01",
            "identity": [
              {
                "identity_ids": null,
                "principal_id": "6d0a17fc-9b3b-4d3f-b595-863650f22346",
                "tenant_id": "d3845459-c525-4ed7-9a33-b5da99d23a48",
                "type": "SystemAssigned"
              }
            ],
            "image_cleaner_enabled": false,
            "image_cleaner_interval_hours": 48,
            "ingress_application_gateway": [
              {
                "effective_gateway_id": "/subscriptions/46c1bdab-b54a-49ba-a449-36af32ddee1c/resourceGroups/ralphael2/providers/Microsoft.Network/applicationGateways/agic",
                "gateway_id": "/subscriptions/46c1bdab-b54a-49ba-a449-36af32ddee1c/resourceGroups/ralphael2/providers/Microsoft.Network/applicationGateways/agic",
                "gateway_name": "",
                "ingress_application_gateway_identity": [
                  {
                    "client_id": "e2cac72d-6934-421b-8ab7-ffe165c055a3",
                    "object_id": "2abebe7f-2799-4755-bcde-98ad5ac45d9b",
                    "user_assigned_identity_id": "/subscriptions/46c1bdab-b54a-49ba-a449-36af32ddee1c/resourcegroups/ralphael2-AKS-Bits/providers/Microsoft.ManagedIdentity/userAssignedIdentities/ingressapplicationgateway-aks-cluster-01"
                  }
                ],
                "subnet_cidr": "",
                "subnet_id": ""
              }
            ],
            "key_management_service": [],
            "key_vault_secrets_provider": [],
            "kube_admin_config": [],
            "kube_admin_config_raw": "",
            "kube_config": [
              {
                "client_certificate": "LS0tLS1CRUdJTiBDRVJUSUZJQ0FURS0tLS0tCk1JSUZIakNDQXdhZ0F3SUJBZ0lSQU1Ea0d3WnpiVHF2L3dnS04zV2pCV1F3RFFZSktvWklodmNOQVFFTEJRQXcKRFRFTE1Ba0dBMVVFQXhNQ1kyRXdIaGNOTWpNd056RXdNVGt5TkRNMVdoY05NalV3TnpFd01Ua3pORE0xV2pBdwpNUmN3RlFZRFZRUUtFdzV6ZVhOMFpXMDZiV0Z6ZEdWeWN6RVZNQk1HQTFVRUF4TU1iV0Z6ZEdWeVkyeHBaVzUwCk1JSUNJakFOQmdrcWhraUc5dzBCQVFFRkFBT0NBZzhBTUlJQ0NnS0NBZ0VBc2lkeWRSQmU4SVMyOHNuN29kQUgKT3hiY1BDNERmbEJvS0lMbkU1dHhmT3YrYUNLWHJkWFJxcDIxSWxoVCtrRWttL1VldVVLbjRFS2k0eGhSemhuRQpzSis1cWQxaVVkV0MzSnFod3I3ZzhEVng4SW5vMWV6d2V3b0lNZ3hhSkZIQWNIYmhBVnU2UUFTRjRWUkxzbHdGClExdWhWckljWHNpMUFVbGdBakEybFFvenVFekJrdC9sZnFlQitwaW10RjVqUkZvT29wNnQyd29wamlZZFVucGgKZ2pMN05XQmFtT2NhUERMOEJnN3VzMWpoeFBVeFpkejNzR0VZNmE3ZUZRa2xLSWdHMjhYMEc5MUpFenM1MnhrRQpMVjhZSG4xK2hiY1ZBVVVOZDNXcHp1OVQrSWJQQmNNWnplNDFqT0Y3K3V1ZFMxM2crT1BnemxzZ0l6c3VaWGlYCjZYZXhvaHN0OTJVRmNianpvbW9DWFl2cHhDSTk2Mk1rWlNrZkpTRy9xZHBUR1RubVhKTDI2UEROSEdVblRwUEkKU01HWHVvTXJ1ejQyditXK2FBK2tXVmM3UUs1REtXM1poWEd6NkRVeHpLVGNadGpRcnlLRGorZ3M0M0dsRVpmagpCUklpbm9pR3Vmd3ZSZWlyQW1mbkd6cVFHR3g1UnlCdGxTOFhNYTNJMitBOTVEQ0x0QVc4N2V0RER0d0ovb0FvCmpVeEhLZ3BHTEhHT1F6Z3dRWGIwNkp2azZLZ0tQN2s1UWpHQ2FpTlJ5OHY2RlR3T0w2R2hlNjhON3dOdmpPVjAKcmRNYnRueTRUd3JrSTdTaW96eS8xMks0Q2hBa1I4MVpXUkxQMmJKeTZueklWVWwzaXIxQm9nSFkzNi9XWFdjTgpHdU5xMmJ2cjY0M25oaVlJS2g1NEF3MENBd0VBQWFOV01GUXdEZ1lEVlIwUEFRSC9CQVFEQWdXZ01CTUdBMVVkCkpRUU1NQW9HQ0NzR0FRVUZCd01DTUF3R0ExVWRFd0VCL3dRQ01BQXdId1lEVlIwakJCZ3dGb0FVQk9LRmo4VXcKQit4bUJtSlJLVnhkZGVsbUdTTXdEUVlKS29aSWh2Y05BUUVMQlFBRGdnSUJBRkp3c3B0UkdQYWY4NGcvQTNuMQoyczMxcEFCSEhLY0hpZDVjaTZ2U3NCMG5KSnpVSVQ5bWp3MnRrM3FkcGtXTjU5YkJlRU5QWHNpTWJ2Q1JhQzIvCktlU3RRdXFuVWk3Vnp6WkptMEdZcElpTU9XZmN3K2hlQ0VDT0R6YjhtMHQxSDFvOWRxZEQ1ZC81SUlPRE4wWDAKNEdjTitzMDNCNURwTnRrQnFkMnhrR3NwZWR2YmpDTGZiZHlxSDNlMGhwVkRvOHVmS0RCM0lVMzhYcHpVblJETgpuSWtsRjFTSU8zb0lCN3kyM3grN0ZXYzM4czIrSVVKYUFwcVI2UnpPUE5LTzNsejd2RHlkZVlhMEU0aDk1NTlMCms4RlNFdkIzTHZocjhHdU5EOXpUcFhZSzJrblFtb0lvb0RoU1p0Nm5wbVVITkliRkc0LzQwcnV4L2xuSHVFU0wKRWVqVEdrSTlxVG9aaDBZSFBYZHp2TkhGUDdQQ2k0VzZWQVVrVUFNL2luNXZQWkdqNlZyUURvL0VxMmJCeU53egp3RmcvbDVGOFJtV2JNcDBtVkJnS3g0bjBhYXJIR09xdm96eWZydHprTVp6L3lsK285SGs0VWFNamg3aXpzVjZHCnRYOXBlK2pkUnRnS1IxMVlocEZta2VNUi9KbnlHWHdkaEJhL014UTBtYTh2Wk1yZGYwMlpLTytHSVZMWTBydnkKcnZGT0F5bjUySDJvRVVhVnlLVDBreVo0UG84UHloTUJycy91UVdhQy82Qkh6MVVQSzJDdGloejBkYk9OalkrcQpjaXErajlmU0pjNi9KMzRwTGVMR09WczgxeGQ1eW1sUll0YkFDYnAvZjRuYmdWWE5Vc1Z1a05lY0ovdVNrNTVkCldTT1JjN3dYNVNUNTFPTGdPV3lhOXJKZQotLS0tLUVORCBDRVJUSUZJQ0FURS0tLS0tCg==",
                "client_key": "LS0tLS1CRUdJTiBSU0EgUFJJVkFURSBLRVktLS0tLQpNSUlKS0FJQkFBS0NBZ0VBc2lkeWRSQmU4SVMyOHNuN29kQUhPeGJjUEM0RGZsQm9LSUxuRTV0eGZPdithQ0tYCnJkWFJxcDIxSWxoVCtrRWttL1VldVVLbjRFS2k0eGhSemhuRXNKKzVxZDFpVWRXQzNKcWh3cjdnOERWeDhJbm8KMWV6d2V3b0lNZ3hhSkZIQWNIYmhBVnU2UUFTRjRWUkxzbHdGUTF1aFZySWNYc2kxQVVsZ0FqQTJsUW96dUV6QgprdC9sZnFlQitwaW10RjVqUkZvT29wNnQyd29wamlZZFVucGhnakw3TldCYW1PY2FQREw4Qmc3dXMxamh4UFV4ClpkejNzR0VZNmE3ZUZRa2xLSWdHMjhYMEc5MUpFenM1MnhrRUxWOFlIbjEraGJjVkFVVU5kM1dwenU5VCtJYlAKQmNNWnplNDFqT0Y3K3V1ZFMxM2crT1BnemxzZ0l6c3VaWGlYNlhleG9oc3Q5MlVGY2Jqem9tb0NYWXZweENJOQo2Mk1rWlNrZkpTRy9xZHBUR1RubVhKTDI2UEROSEdVblRwUElTTUdYdW9NcnV6NDJ2K1crYUEra1dWYzdRSzVECktXM1poWEd6NkRVeHpLVGNadGpRcnlLRGorZ3M0M0dsRVpmakJSSWlub2lHdWZ3dlJlaXJBbWZuR3pxUUdHeDUKUnlCdGxTOFhNYTNJMitBOTVEQ0x0QVc4N2V0RER0d0ovb0FvalV4SEtncEdMSEdPUXpnd1FYYjA2SnZrNktnSwpQN2s1UWpHQ2FpTlJ5OHY2RlR3T0w2R2hlNjhON3dOdmpPVjByZE1idG55NFR3cmtJN1Npb3p5LzEySzRDaEFrClI4MVpXUkxQMmJKeTZueklWVWwzaXIxQm9nSFkzNi9XWFdjTkd1TnEyYnZyNjQzbmhpWUlLaDU0QXcwQ0F3RUEKQVFLQ0FnQVdleC9ZWWQ1NUgyWXVzUXBOMndCdWxtM29NaTVDckViWWhkdysveWlOQ1FLcmhXSDZqN2JMZnVjeQpsRTdVajQvZEZrdHdPVmNSMTViU2JXazFSczhwTXA2dExzQ1Bidy82WXBEekVEODJVS2cySUZEL1hjemkyZHM2CjVaQWljU2FGaXByT0h4TWJyUFp2L3NFbW1ySVhVK0xDRyt1MGtrTTFERnRQSzJKWDRGZXlkQTBoU1p1ZUpla2oKQkV4VkNtd2dYZlRtMUhzLzNzSnJxNmVibHRIaktpZkZEb21nTGRtRHF6TmVXRmdLemJaL3Npa3ZuM2lxQ3phbgpsbWR6NUJtS1NkQUR2N0VVS3hKam1OK3VKRFFBdmJVL2M3cVppUWJmaUNVdzQrb3ZzTWU1M3RrVTh3KzRpc3k3CklHRVN3dFN3aEFJMXBodmlMbUdaMElnRVNmbHhTSlhJd2JuV0swTGQvWTJ1RTAwU08wQXc1LzFLYytlQ0lYeDkKWTl5TkZmdEQ3VXR4a2N0cWszdGpmUGk5KzVUTUczZWtyQVE0QWRGQ2JQbFFMNjJZS0VVVjdacWwrTi85eWZJcwpaOWM4OFhEcTVEcUthdFdsNnVFVFgxMnp4NGUyZVgrMnF6V29XT043eTRJcFRyb2N3dDYyTElObjI2cGlQSURsClB2YXlvZjJRU0h2MU03eHRMS05uMzM4S0VpdkhzN0QvbURCZUxKS2hMdno3VTlyUXIwb0ZqUmMvN0VtRjdPaFIKT1FDQ3FqUjlFbURkeXhJL2QvbFA1anZUUDN0YWVSdVRhSU1ndHNxd3pmdnVIM0YwSUxpMXhacU01YkpQdXU3SgpuVjBqOFRSSnNRemgwVU1yWEJxeFpXWTEzSGRWVVhWUmFSS2txOEVQMURBZXU1T21RUUtDQVFFQXhUbi8rMkNqCkYvR3FUZzl6Z3dMWE5PWGhQazRNeXY2ZituK2x1MERqMjY3WFJnNXJoYS9BOC9QWkx2WXo1ZjQ1ZHp1TTlhUDEKZXR1Uk9RR0FkVFRwL2p0dE5wNk1PdFMzWWl6b1dIZk9NRWFQb2EwUFZQS3VFamNZdHlOd2ZaN28zMGgrSHZnegpMamZUY3VvMmNjdGdnbGQ4RDl0QTRPbExWcEg3Q0FwMmd4OGlDNldBN3FtVWxtb1pFdnRkRHlFQ0U2ellOUUlxCnNjK3BVSzZiQXVrNDRaRXlLOGpjS0NqSmU1MXkwY0dvS0kzV3BoMERkc3MveUFsZHRMajQwQVMwckpId0pDRWsKTFNaRHAveENnUWFSMnRUdGJBRmZNYk1qNFFVYU5HYTFhZDhWZUsxQ0V5aFZ4QVBJVTZjM0RXck9raU5xSHcrbwpURkcrSEVVc3dUd2lsUUtDQVFFQTV6NXl4eUM1M0wxUUtqUitIaEFobWYxQnl5cXJ1cElzcW16RURGcjF0aEpXClhac3VQamY2QmJQMlhweThzRTJ3N2o2MFI5cDc5dk5KK0ZhM1ovd3BvLzhUdFlramoxUVhmUXhZQmJqcXp3cDQKUldWcVJRMGRBWU91MnVvSmNoSWw4V2drNXptWlhGMnp2cTlmNW1hb0xZN1I0R0E1NlFVd2IxeDc3ZjY3eFAvNgorZnplV0JmWEdjUlQvRHFadWlhQXhrdFlESjFrOW1MN0xYWFF4akpOU1hFMzJBcy9iTjBrSUo3aEhTSVNsMEN1CmpoVFQ0b1lxdncrM0podkJuQU1pelZMWUhKVWwrazBHV2VRNUlVVWtDQ1BMQ0l1VmRGeE42NUhGL1FDMnBGVHkKSTJ4RzNWU0c1SzM2c1ZMRmNIRWwyTGcxeHJYVEFBZTFySWFwRFN2NG1RS0NBUUVBdkxhR2pRMG1nUjZuaWhHVwp3V0RTY3JjVEV2NnpsdmlVTXFnNCtEZGF6elU0bnJ2bGZnRnhhdnVFY0Q3NzRiR2pZc2NFVlhZUXlRR1dyeWtVCnRSRndZK2FRMVpaWEwyT2lKTG83aDRyN0s0NFltT1p5cVNHY0ZhbkthRkhzclFhRVpFR0ZERFVKSTh3ZTh2SFEKTG9vZlNoaFRpUWlOeDZieWcxOGpCOHFiSTFPQ3pBb01tRkNDOEhtTWpIRWYxZjRMY3JBTUlJeDJOYlV4bVJXNQpGTXY3dFRtcysrQXhaK3UrL2h6bFpIY2NZOUZ6OVhZRmZvRjBBZitVUGZ4UGR4dEpsV1grbFZOd3ZoTEM0ZFdwCi9MTkFsRmJ3NWt0WnZzQmVNRTBsaWNaTkI0U0JrdnFWSXFlUmlRRGxpY1dTRTdDQy82b0xQTFZLbjl3SFFCMmcKZVRVRkVRS0NBUUIwcDI4MWZ3L2tDR2k1Y2RPeGpNZTJyQ2tWdWNmNkRhV1VyOXZTczh4Q2RrdTFXd1JnQk5NUApMM0w0MWE3bWJicjA1Uk1ETUhmYTQyNk1aZ3FOM1lxUUhheXVwcWtXdEFCSmFBRzdtVVp5L2NBZ21nR2JKZnRjCitUWXJYMmMyY1d0TXRoSHZ4NEhUTTczcVV3Ulk4YTZqbE9uUmZCbWFzTEIzYlR0am0xN1VDYUp0bkIvNlpzUnYKVGpoa0JKZnFiV1FISkprZGZBVWp1bGtsM01wZVFaLzFqYlR6T3ZGYkZOQVYyTENOaHRQRUU3QTdJc3lrK0xQMQp3SkxQR2E5NDZhZ1QxbGdKUzBCbVhaYjNvQWNsL29Bbnp3NnNsK1hrVm5CRWh6eE8zcDVFbGttMGp2bk15OGhrCjhsT0dRdEF4WWhNS21oc2V6RGpPU2hWZkhHdUpwb1g1QW9JQkFDRkIzUWEzVVV1YjM3YTdZdEtxTDJqQVZsTi8KcTZkc1htQ281cWhLMFByT3BhR0tNYXFlNWJGTk1LdzRlempXWXE5Rzd4QSsvYkV0cFpOc2FadExIR3lrWXpMQwpaQTJzay9NZ3NOL01Tekk4dm9VRWNGaEh1OWlTcEZrQ1IzQjN0Q0ZYZlZaWGJJR2ZWSEpjb210WjJXOXRIZjJVCjUvWXBmcHB6Z3plRk9LNmU1bUFiaTdXazcxb1d3a0Z4VkZkQ3UwRk1FOHpFWWRHSHM0Rm45M08wck9lSDZ6cUMKSjI2TG5UTjZDWXNQTll1aHZXbDFmdXMxQ0lZdXF2WkJZSUJwS2ZiUDZGcDYyNWVZRzdUUGduc3czSEJhRkIzdAozMzBZSVljdWdoWVpwMGxlNTRIajRVQ3VnK3ZwUHNlOFBPYkNtSkdOa2FVMzVPYktkNE12QTZGMWFDaz0KLS0tLS1FTkQgUlNBIFBSSVZBVEUgS0VZLS0tLS0K",
                "cluster_ca_certificate": "LS0tLS1CRUdJTiBDRVJUSUZJQ0FURS0tLS0tCk1JSUU2RENDQXRDZ0F3SUJBZ0lRU1gzME5HTG04eTJnQnd4LzQzVGZMakFOQmdrcWhraUc5dzBCQVFzRkFEQU4KTVFzd0NRWURWUVFERXdKallUQWdGdzB5TXpBM01UQXhPVEkwTXpWYUdBOHlNRFV6TURjeE1ERTVNelF6TlZvdwpEVEVMTUFrR0ExVUVBeE1DWTJFd2dnSWlNQTBHQ1NxR1NJYjNEUUVCQVFVQUE0SUNEd0F3Z2dJS0FvSUNBUURVClplYnJCcHhUb25ESWx5TTVMZUdFUnBpT1BQZWptWWNzNEtnbG5ycjhzRjExVnlUN1ZsTDdtcVZlS1lEQldSMloKUjNmY3l2L0ZoOTZ6cXpDQ0U2TWVZemFHNXIyOVBFQVRVRUV4REFQT3hwdlJKMUZZc3JadkRaSExvdUZxSjBrYgpuU0xwbzZ2VzVkN01rV0NDSnZEUk50ZVQ4NDhFRndsOGRyakNiQ1k5bXFCNk1pWUtCTFlmWS9UcHFTMERxQ1NmCk1xQ3ZScUFhdFJlaWlPMDh5WWhMTTA4c093YU9PdVgzaWQ2eVI1YzB6T3YrNm9mYjN3ZEtlSkpFMHFSWFl3bEUKZ1dOU1hsOVgxejB1U2J3SUh0QW5pZFo1cVlUb3VLTHJUTEhIVFl1UVJlb0xUckJHbmNIclNNQlhyL21Id2lKago5UVEzZ2hKNUU2aFNIZEJXYjErMDFBWEVwTTVaQWZ4STZkcEl5L0VyTDhDbVh0M1FUMzJKa0FiV0RicS8zRm5zCktFRXNYMDBhb1BkWWlkV2NWVCs3NzhRbThON053d1RneUFCRlVCa0FseUdUYnhxd3Y0a3JHMkFLS0pqQmpSbjUKMEw0eW1CSVpvN2RmbExUVDJWVG83YW02cDRZenRNSUU4dmxkb1FxVXV0NnR1WkdBY0MvTEJDOWI5MDk1RTlwSwpXbFNoRUpIMGs5VGE3SWh0QnBzUWhqeFp1cVppRS81OHBGR3hiSTNWdXpmYmd5dUhEV25MY2psbnptNVFyRzVuClV3MGVnZHI4ZWR4UmN0MVh5dFlTcExzMW0ySDFmdzIvdFRyTjNraXNUODljQjRQMjlJb2JaTit0QW9YYTNXbHEKRzlpMytlbDY2Z3owbnBZWHFHUExHZnFBOUlMWDVDVXRsM0VaUUEwNUZ3SURBUUFCbzBJd1FEQU9CZ05WSFE4QgpBZjhFQkFNQ0FxUXdEd1lEVlIwVEFRSC9CQVV3QXdFQi96QWRCZ05WSFE0RUZnUVVCT0tGajhVd0IreG1CbUpSCktWeGRkZWxtR1NNd0RRWUpLb1pJaHZjTkFRRUxCUUFEZ2dJQkFHbzc0d0Y3QjVaSllObGJsaGlyM1hmRmtvenQKY0NPazFqRlRLbVRSVXVBSVNFdTdNS1J2Zy9tZ1lQazBZM012K0hUY2hGYytNQWNQSXoxajdwZFBoOXBQc1dLNgpqSkQydk41Uy82OWQvNXZMRmhFeGpzT090TFg1ZUFuZ1M3ZGNHUGpvVTM3OWh4ZFRwTHFyM1l4NnNtWjRUcFh2CktZaUN0MVAvZ1o2UnJWMjMvbVdORnlFUGVBZ2RrZG5BWUdFYnZiRDIyc1FOckR4ZnpqUDJITjNKb0lZbEdaSzMKV2Znd2s3YUM3RVZMMmE0cm14K1I1VE1mUURwUkJraTREYnVEaWdCeXgxN3ZXL1NENDcrbUJWcjRBK3ZMVEI1eApXc2lXL3BvUkJMcnJIeUt3R3JCdWI2UjJ1NHZTTzRZeU0vMk1BQWs5NVA5ZnNUVGVnM29NM3h6UnVqS2xUNTRiCkZRV0wxRHpOekZCUXJ1TmVZMWNXRmdoK1ZNYTNiaUNSV3lkbGQ0ZWtsWm5BRzRQRkZJaGsrQktqNVBzYzVzSXIKVzR2UW5ST0dPWm95SUxMWi9tR3dPSklMVjUzcGFBOFBEMjBvelUvQWNvN1d3TXl5MVMwbXJqYlBpQUZNSHo1Ngo0aWxmTVdKeHVJelhSODd1UVJEOHpRTHQ2Q3BhQkdCeG9PTXRhOTdHSkVNakVvNjREVElQd2pUb291VXpxZGtNCnR6QWl0bmZGcmlEWmRHYS9jMVhaVXlOdlZQb1p3dnhHcVdhdWYwVndIU09uZ0xLbjdpdjBQN040TXpTa0dXejYKYW8xR3ZjT1dOVVJtRExrK0t6QVl5RCtIVjFpVlR0M2R5SXpjM1AwVDN1R2hEV1dsRkpudzRraUZ5VEs4Q3pPdQplQjZHSUpPeiswbjZjdllICi0tLS0tRU5EIENFUlRJRklDQVRFLS0tLS0K",
                "host": "https://aks-cluster-01-dns-811meovs.55585cb8-32a1-4561-a6fa-a8510d0e4b1b.privatelink.usgovvirginia.cx.aks.containerservice.azure.us:443",
                "password": "8unqj90098l1qthln9sbeyxvoyb2h02x06ewy9ijw6vgjfac7vq6jsczn9jrrvwy6zhiptr32nsm9ce5fphdwhzh9ej9okrlqnpab4pspt6ouoj3l9houf1f5jw5m479",
                "username": "clusterUser_ralphael2_AKS-Cluster-01"
              }
            ],
            "kube_config_raw": "apiVersion: v1\nclusters:\n- cluster:\n    certificate-authority-data: LS0tLS1CRUdJTiBDRVJUSUZJQ0FURS0tLS0tCk1JSUU2RENDQXRDZ0F3SUJBZ0lRU1gzME5HTG04eTJnQnd4LzQzVGZMakFOQmdrcWhraUc5dzBCQVFzRkFEQU4KTVFzd0NRWURWUVFERXdKallUQWdGdzB5TXpBM01UQXhPVEkwTXpWYUdBOHlNRFV6TURjeE1ERTVNelF6TlZvdwpEVEVMTUFrR0ExVUVBeE1DWTJFd2dnSWlNQTBHQ1NxR1NJYjNEUUVCQVFVQUE0SUNEd0F3Z2dJS0FvSUNBUURVClplYnJCcHhUb25ESWx5TTVMZUdFUnBpT1BQZWptWWNzNEtnbG5ycjhzRjExVnlUN1ZsTDdtcVZlS1lEQldSMloKUjNmY3l2L0ZoOTZ6cXpDQ0U2TWVZemFHNXIyOVBFQVRVRUV4REFQT3hwdlJKMUZZc3JadkRaSExvdUZxSjBrYgpuU0xwbzZ2VzVkN01rV0NDSnZEUk50ZVQ4NDhFRndsOGRyakNiQ1k5bXFCNk1pWUtCTFlmWS9UcHFTMERxQ1NmCk1xQ3ZScUFhdFJlaWlPMDh5WWhMTTA4c093YU9PdVgzaWQ2eVI1YzB6T3YrNm9mYjN3ZEtlSkpFMHFSWFl3bEUKZ1dOU1hsOVgxejB1U2J3SUh0QW5pZFo1cVlUb3VLTHJUTEhIVFl1UVJlb0xUckJHbmNIclNNQlhyL21Id2lKago5UVEzZ2hKNUU2aFNIZEJXYjErMDFBWEVwTTVaQWZ4STZkcEl5L0VyTDhDbVh0M1FUMzJKa0FiV0RicS8zRm5zCktFRXNYMDBhb1BkWWlkV2NWVCs3NzhRbThON053d1RneUFCRlVCa0FseUdUYnhxd3Y0a3JHMkFLS0pqQmpSbjUKMEw0eW1CSVpvN2RmbExUVDJWVG83YW02cDRZenRNSUU4dmxkb1FxVXV0NnR1WkdBY0MvTEJDOWI5MDk1RTlwSwpXbFNoRUpIMGs5VGE3SWh0QnBzUWhqeFp1cVppRS81OHBGR3hiSTNWdXpmYmd5dUhEV25MY2psbnptNVFyRzVuClV3MGVnZHI4ZWR4UmN0MVh5dFlTcExzMW0ySDFmdzIvdFRyTjNraXNUODljQjRQMjlJb2JaTit0QW9YYTNXbHEKRzlpMytlbDY2Z3owbnBZWHFHUExHZnFBOUlMWDVDVXRsM0VaUUEwNUZ3SURBUUFCbzBJd1FEQU9CZ05WSFE4QgpBZjhFQkFNQ0FxUXdEd1lEVlIwVEFRSC9CQVV3QXdFQi96QWRCZ05WSFE0RUZnUVVCT0tGajhVd0IreG1CbUpSCktWeGRkZWxtR1NNd0RRWUpLb1pJaHZjTkFRRUxCUUFEZ2dJQkFHbzc0d0Y3QjVaSllObGJsaGlyM1hmRmtvenQKY0NPazFqRlRLbVRSVXVBSVNFdTdNS1J2Zy9tZ1lQazBZM012K0hUY2hGYytNQWNQSXoxajdwZFBoOXBQc1dLNgpqSkQydk41Uy82OWQvNXZMRmhFeGpzT090TFg1ZUFuZ1M3ZGNHUGpvVTM3OWh4ZFRwTHFyM1l4NnNtWjRUcFh2CktZaUN0MVAvZ1o2UnJWMjMvbVdORnlFUGVBZ2RrZG5BWUdFYnZiRDIyc1FOckR4ZnpqUDJITjNKb0lZbEdaSzMKV2Znd2s3YUM3RVZMMmE0cm14K1I1VE1mUURwUkJraTREYnVEaWdCeXgxN3ZXL1NENDcrbUJWcjRBK3ZMVEI1eApXc2lXL3BvUkJMcnJIeUt3R3JCdWI2UjJ1NHZTTzRZeU0vMk1BQWs5NVA5ZnNUVGVnM29NM3h6UnVqS2xUNTRiCkZRV0wxRHpOekZCUXJ1TmVZMWNXRmdoK1ZNYTNiaUNSV3lkbGQ0ZWtsWm5BRzRQRkZJaGsrQktqNVBzYzVzSXIKVzR2UW5ST0dPWm95SUxMWi9tR3dPSklMVjUzcGFBOFBEMjBvelUvQWNvN1d3TXl5MVMwbXJqYlBpQUZNSHo1Ngo0aWxmTVdKeHVJelhSODd1UVJEOHpRTHQ2Q3BhQkdCeG9PTXRhOTdHSkVNakVvNjREVElQd2pUb291VXpxZGtNCnR6QWl0bmZGcmlEWmRHYS9jMVhaVXlOdlZQb1p3dnhHcVdhdWYwVndIU09uZ0xLbjdpdjBQN040TXpTa0dXejYKYW8xR3ZjT1dOVVJtRExrK0t6QVl5RCtIVjFpVlR0M2R5SXpjM1AwVDN1R2hEV1dsRkpudzRraUZ5VEs4Q3pPdQplQjZHSUpPeiswbjZjdllICi0tLS0tRU5EIENFUlRJRklDQVRFLS0tLS0K\n    server: https://aks-cluster-01-dns-811meovs.55585cb8-32a1-4561-a6fa-a8510d0e4b1b.privatelink.usgovvirginia.cx.aks.containerservice.azure.us:443\n  name: AKS-Cluster-01\ncontexts:\n- context:\n    cluster: AKS-Cluster-01\n    user: clusterUser_ralphael2_AKS-Cluster-01\n  name: AKS-Cluster-01\ncurrent-context: AKS-Cluster-01\nkind: Config\npreferences: {}\nusers:\n- name: clusterUser_ralphael2_AKS-Cluster-01\n  user:\n    client-certificate-data: LS0tLS1CRUdJTiBDRVJUSUZJQ0FURS0tLS0tCk1JSUZIakNDQXdhZ0F3SUJBZ0lSQU1Ea0d3WnpiVHF2L3dnS04zV2pCV1F3RFFZSktvWklodmNOQVFFTEJRQXcKRFRFTE1Ba0dBMVVFQXhNQ1kyRXdIaGNOTWpNd056RXdNVGt5TkRNMVdoY05NalV3TnpFd01Ua3pORE0xV2pBdwpNUmN3RlFZRFZRUUtFdzV6ZVhOMFpXMDZiV0Z6ZEdWeWN6RVZNQk1HQTFVRUF4TU1iV0Z6ZEdWeVkyeHBaVzUwCk1JSUNJakFOQmdrcWhraUc5dzBCQVFFRkFBT0NBZzhBTUlJQ0NnS0NBZ0VBc2lkeWRSQmU4SVMyOHNuN29kQUgKT3hiY1BDNERmbEJvS0lMbkU1dHhmT3YrYUNLWHJkWFJxcDIxSWxoVCtrRWttL1VldVVLbjRFS2k0eGhSemhuRQpzSis1cWQxaVVkV0MzSnFod3I3ZzhEVng4SW5vMWV6d2V3b0lNZ3hhSkZIQWNIYmhBVnU2UUFTRjRWUkxzbHdGClExdWhWckljWHNpMUFVbGdBakEybFFvenVFekJrdC9sZnFlQitwaW10RjVqUkZvT29wNnQyd29wamlZZFVucGgKZ2pMN05XQmFtT2NhUERMOEJnN3VzMWpoeFBVeFpkejNzR0VZNmE3ZUZRa2xLSWdHMjhYMEc5MUpFenM1MnhrRQpMVjhZSG4xK2hiY1ZBVVVOZDNXcHp1OVQrSWJQQmNNWnplNDFqT0Y3K3V1ZFMxM2crT1BnemxzZ0l6c3VaWGlYCjZYZXhvaHN0OTJVRmNianpvbW9DWFl2cHhDSTk2Mk1rWlNrZkpTRy9xZHBUR1RubVhKTDI2UEROSEdVblRwUEkKU01HWHVvTXJ1ejQyditXK2FBK2tXVmM3UUs1REtXM1poWEd6NkRVeHpLVGNadGpRcnlLRGorZ3M0M0dsRVpmagpCUklpbm9pR3Vmd3ZSZWlyQW1mbkd6cVFHR3g1UnlCdGxTOFhNYTNJMitBOTVEQ0x0QVc4N2V0RER0d0ovb0FvCmpVeEhLZ3BHTEhHT1F6Z3dRWGIwNkp2azZLZ0tQN2s1UWpHQ2FpTlJ5OHY2RlR3T0w2R2hlNjhON3dOdmpPVjAKcmRNYnRueTRUd3JrSTdTaW96eS8xMks0Q2hBa1I4MVpXUkxQMmJKeTZueklWVWwzaXIxQm9nSFkzNi9XWFdjTgpHdU5xMmJ2cjY0M25oaVlJS2g1NEF3MENBd0VBQWFOV01GUXdEZ1lEVlIwUEFRSC9CQVFEQWdXZ01CTUdBMVVkCkpRUU1NQW9HQ0NzR0FRVUZCd01DTUF3R0ExVWRFd0VCL3dRQ01BQXdId1lEVlIwakJCZ3dGb0FVQk9LRmo4VXcKQit4bUJtSlJLVnhkZGVsbUdTTXdEUVlKS29aSWh2Y05BUUVMQlFBRGdnSUJBRkp3c3B0UkdQYWY4NGcvQTNuMQoyczMxcEFCSEhLY0hpZDVjaTZ2U3NCMG5KSnpVSVQ5bWp3MnRrM3FkcGtXTjU5YkJlRU5QWHNpTWJ2Q1JhQzIvCktlU3RRdXFuVWk3Vnp6WkptMEdZcElpTU9XZmN3K2hlQ0VDT0R6YjhtMHQxSDFvOWRxZEQ1ZC81SUlPRE4wWDAKNEdjTitzMDNCNURwTnRrQnFkMnhrR3NwZWR2YmpDTGZiZHlxSDNlMGhwVkRvOHVmS0RCM0lVMzhYcHpVblJETgpuSWtsRjFTSU8zb0lCN3kyM3grN0ZXYzM4czIrSVVKYUFwcVI2UnpPUE5LTzNsejd2RHlkZVlhMEU0aDk1NTlMCms4RlNFdkIzTHZocjhHdU5EOXpUcFhZSzJrblFtb0lvb0RoU1p0Nm5wbVVITkliRkc0LzQwcnV4L2xuSHVFU0wKRWVqVEdrSTlxVG9aaDBZSFBYZHp2TkhGUDdQQ2k0VzZWQVVrVUFNL2luNXZQWkdqNlZyUURvL0VxMmJCeU53egp3RmcvbDVGOFJtV2JNcDBtVkJnS3g0bjBhYXJIR09xdm96eWZydHprTVp6L3lsK285SGs0VWFNamg3aXpzVjZHCnRYOXBlK2pkUnRnS1IxMVlocEZta2VNUi9KbnlHWHdkaEJhL014UTBtYTh2Wk1yZGYwMlpLTytHSVZMWTBydnkKcnZGT0F5bjUySDJvRVVhVnlLVDBreVo0UG84UHloTUJycy91UVdhQy82Qkh6MVVQSzJDdGloejBkYk9OalkrcQpjaXErajlmU0pjNi9KMzRwTGVMR09WczgxeGQ1eW1sUll0YkFDYnAvZjRuYmdWWE5Vc1Z1a05lY0ovdVNrNTVkCldTT1JjN3dYNVNUNTFPTGdPV3lhOXJKZQotLS0tLUVORCBDRVJUSUZJQ0FURS0tLS0tCg==\n    client-key-data: LS0tLS1CRUdJTiBSU0EgUFJJVkFURSBLRVktLS0tLQpNSUlKS0FJQkFBS0NBZ0VBc2lkeWRSQmU4SVMyOHNuN29kQUhPeGJjUEM0RGZsQm9LSUxuRTV0eGZPdithQ0tYCnJkWFJxcDIxSWxoVCtrRWttL1VldVVLbjRFS2k0eGhSemhuRXNKKzVxZDFpVWRXQzNKcWh3cjdnOERWeDhJbm8KMWV6d2V3b0lNZ3hhSkZIQWNIYmhBVnU2UUFTRjRWUkxzbHdGUTF1aFZySWNYc2kxQVVsZ0FqQTJsUW96dUV6QgprdC9sZnFlQitwaW10RjVqUkZvT29wNnQyd29wamlZZFVucGhnakw3TldCYW1PY2FQREw4Qmc3dXMxamh4UFV4ClpkejNzR0VZNmE3ZUZRa2xLSWdHMjhYMEc5MUpFenM1MnhrRUxWOFlIbjEraGJjVkFVVU5kM1dwenU5VCtJYlAKQmNNWnplNDFqT0Y3K3V1ZFMxM2crT1BnemxzZ0l6c3VaWGlYNlhleG9oc3Q5MlVGY2Jqem9tb0NYWXZweENJOQo2Mk1rWlNrZkpTRy9xZHBUR1RubVhKTDI2UEROSEdVblRwUElTTUdYdW9NcnV6NDJ2K1crYUEra1dWYzdRSzVECktXM1poWEd6NkRVeHpLVGNadGpRcnlLRGorZ3M0M0dsRVpmakJSSWlub2lHdWZ3dlJlaXJBbWZuR3pxUUdHeDUKUnlCdGxTOFhNYTNJMitBOTVEQ0x0QVc4N2V0RER0d0ovb0FvalV4SEtncEdMSEdPUXpnd1FYYjA2SnZrNktnSwpQN2s1UWpHQ2FpTlJ5OHY2RlR3T0w2R2hlNjhON3dOdmpPVjByZE1idG55NFR3cmtJN1Npb3p5LzEySzRDaEFrClI4MVpXUkxQMmJKeTZueklWVWwzaXIxQm9nSFkzNi9XWFdjTkd1TnEyYnZyNjQzbmhpWUlLaDU0QXcwQ0F3RUEKQVFLQ0FnQVdleC9ZWWQ1NUgyWXVzUXBOMndCdWxtM29NaTVDckViWWhkdysveWlOQ1FLcmhXSDZqN2JMZnVjeQpsRTdVajQvZEZrdHdPVmNSMTViU2JXazFSczhwTXA2dExzQ1Bidy82WXBEekVEODJVS2cySUZEL1hjemkyZHM2CjVaQWljU2FGaXByT0h4TWJyUFp2L3NFbW1ySVhVK0xDRyt1MGtrTTFERnRQSzJKWDRGZXlkQTBoU1p1ZUpla2oKQkV4VkNtd2dYZlRtMUhzLzNzSnJxNmVibHRIaktpZkZEb21nTGRtRHF6TmVXRmdLemJaL3Npa3ZuM2lxQ3phbgpsbWR6NUJtS1NkQUR2N0VVS3hKam1OK3VKRFFBdmJVL2M3cVppUWJmaUNVdzQrb3ZzTWU1M3RrVTh3KzRpc3k3CklHRVN3dFN3aEFJMXBodmlMbUdaMElnRVNmbHhTSlhJd2JuV0swTGQvWTJ1RTAwU08wQXc1LzFLYytlQ0lYeDkKWTl5TkZmdEQ3VXR4a2N0cWszdGpmUGk5KzVUTUczZWtyQVE0QWRGQ2JQbFFMNjJZS0VVVjdacWwrTi85eWZJcwpaOWM4OFhEcTVEcUthdFdsNnVFVFgxMnp4NGUyZVgrMnF6V29XT043eTRJcFRyb2N3dDYyTElObjI2cGlQSURsClB2YXlvZjJRU0h2MU03eHRMS05uMzM4S0VpdkhzN0QvbURCZUxKS2hMdno3VTlyUXIwb0ZqUmMvN0VtRjdPaFIKT1FDQ3FqUjlFbURkeXhJL2QvbFA1anZUUDN0YWVSdVRhSU1ndHNxd3pmdnVIM0YwSUxpMXhacU01YkpQdXU3SgpuVjBqOFRSSnNRemgwVU1yWEJxeFpXWTEzSGRWVVhWUmFSS2txOEVQMURBZXU1T21RUUtDQVFFQXhUbi8rMkNqCkYvR3FUZzl6Z3dMWE5PWGhQazRNeXY2ZituK2x1MERqMjY3WFJnNXJoYS9BOC9QWkx2WXo1ZjQ1ZHp1TTlhUDEKZXR1Uk9RR0FkVFRwL2p0dE5wNk1PdFMzWWl6b1dIZk9NRWFQb2EwUFZQS3VFamNZdHlOd2ZaN28zMGgrSHZnegpMamZUY3VvMmNjdGdnbGQ4RDl0QTRPbExWcEg3Q0FwMmd4OGlDNldBN3FtVWxtb1pFdnRkRHlFQ0U2ellOUUlxCnNjK3BVSzZiQXVrNDRaRXlLOGpjS0NqSmU1MXkwY0dvS0kzV3BoMERkc3MveUFsZHRMajQwQVMwckpId0pDRWsKTFNaRHAveENnUWFSMnRUdGJBRmZNYk1qNFFVYU5HYTFhZDhWZUsxQ0V5aFZ4QVBJVTZjM0RXck9raU5xSHcrbwpURkcrSEVVc3dUd2lsUUtDQVFFQTV6NXl4eUM1M0wxUUtqUitIaEFobWYxQnl5cXJ1cElzcW16RURGcjF0aEpXClhac3VQamY2QmJQMlhweThzRTJ3N2o2MFI5cDc5dk5KK0ZhM1ovd3BvLzhUdFlramoxUVhmUXhZQmJqcXp3cDQKUldWcVJRMGRBWU91MnVvSmNoSWw4V2drNXptWlhGMnp2cTlmNW1hb0xZN1I0R0E1NlFVd2IxeDc3ZjY3eFAvNgorZnplV0JmWEdjUlQvRHFadWlhQXhrdFlESjFrOW1MN0xYWFF4akpOU1hFMzJBcy9iTjBrSUo3aEhTSVNsMEN1CmpoVFQ0b1lxdncrM0podkJuQU1pelZMWUhKVWwrazBHV2VRNUlVVWtDQ1BMQ0l1VmRGeE42NUhGL1FDMnBGVHkKSTJ4RzNWU0c1SzM2c1ZMRmNIRWwyTGcxeHJYVEFBZTFySWFwRFN2NG1RS0NBUUVBdkxhR2pRMG1nUjZuaWhHVwp3V0RTY3JjVEV2NnpsdmlVTXFnNCtEZGF6elU0bnJ2bGZnRnhhdnVFY0Q3NzRiR2pZc2NFVlhZUXlRR1dyeWtVCnRSRndZK2FRMVpaWEwyT2lKTG83aDRyN0s0NFltT1p5cVNHY0ZhbkthRkhzclFhRVpFR0ZERFVKSTh3ZTh2SFEKTG9vZlNoaFRpUWlOeDZieWcxOGpCOHFiSTFPQ3pBb01tRkNDOEhtTWpIRWYxZjRMY3JBTUlJeDJOYlV4bVJXNQpGTXY3dFRtcysrQXhaK3UrL2h6bFpIY2NZOUZ6OVhZRmZvRjBBZitVUGZ4UGR4dEpsV1grbFZOd3ZoTEM0ZFdwCi9MTkFsRmJ3NWt0WnZzQmVNRTBsaWNaTkI0U0JrdnFWSXFlUmlRRGxpY1dTRTdDQy82b0xQTFZLbjl3SFFCMmcKZVRVRkVRS0NBUUIwcDI4MWZ3L2tDR2k1Y2RPeGpNZTJyQ2tWdWNmNkRhV1VyOXZTczh4Q2RrdTFXd1JnQk5NUApMM0w0MWE3bWJicjA1Uk1ETUhmYTQyNk1aZ3FOM1lxUUhheXVwcWtXdEFCSmFBRzdtVVp5L2NBZ21nR2JKZnRjCitUWXJYMmMyY1d0TXRoSHZ4NEhUTTczcVV3Ulk4YTZqbE9uUmZCbWFzTEIzYlR0am0xN1VDYUp0bkIvNlpzUnYKVGpoa0JKZnFiV1FISkprZGZBVWp1bGtsM01wZVFaLzFqYlR6T3ZGYkZOQVYyTENOaHRQRUU3QTdJc3lrK0xQMQp3SkxQR2E5NDZhZ1QxbGdKUzBCbVhaYjNvQWNsL29Bbnp3NnNsK1hrVm5CRWh6eE8zcDVFbGttMGp2bk15OGhrCjhsT0dRdEF4WWhNS21oc2V6RGpPU2hWZkhHdUpwb1g1QW9JQkFDRkIzUWEzVVV1YjM3YTdZdEtxTDJqQVZsTi8KcTZkc1htQ281cWhLMFByT3BhR0tNYXFlNWJGTk1LdzRlempXWXE5Rzd4QSsvYkV0cFpOc2FadExIR3lrWXpMQwpaQTJzay9NZ3NOL01Tekk4dm9VRWNGaEh1OWlTcEZrQ1IzQjN0Q0ZYZlZaWGJJR2ZWSEpjb210WjJXOXRIZjJVCjUvWXBmcHB6Z3plRk9LNmU1bUFiaTdXazcxb1d3a0Z4VkZkQ3UwRk1FOHpFWWRHSHM0Rm45M08wck9lSDZ6cUMKSjI2TG5UTjZDWXNQTll1aHZXbDFmdXMxQ0lZdXF2WkJZSUJwS2ZiUDZGcDYyNWVZRzdUUGduc3czSEJhRkIzdAozMzBZSVljdWdoWVpwMGxlNTRIajRVQ3VnK3ZwUHNlOFBPYkNtSkdOa2FVMzVPYktkNE12QTZGMWFDaz0KLS0tLS1FTkQgUlNBIFBSSVZBVEUgS0VZLS0tLS0K\n    token: 8unqj90098l1qthln9sbeyxvoyb2h02x06ewy9ijw6vgjfac7vq6jsczn9jrrvwy6zhiptr32nsm9ce5fphdwhzh9ej9okrlqnpab4pspt6ouoj3l9houf1f5jw5m479\n",
            "kubelet_identity": [
              {
                "client_id": "9e2de1b5-48a1-4ea0-ab67-b42cd5c5c666",
                "object_id": "8f1eea06-2f05-43f1-bb27-fbc22893b4da",
                "user_assigned_identity_id": "/subscriptions/46c1bdab-b54a-49ba-a449-36af32ddee1c/resourceGroups/ralphael2-AKS-Bits/providers/Microsoft.ManagedIdentity/userAssignedIdentities/AKS-Cluster-01-agentpool"
              }
            ],
            "kubernetes_version": "1.25.6",
            "linux_profile": [
              {
                "admin_username": "false",
                "ssh_key": [
                  {
                    "key_data": "ssh-rsa AAAAB3NzaC1yc2EAAAADAQABAAABAQC6QOFspIGBbt9Vug3OmfD4O5yNOWPlePmcAPWzUjYIJ5yiScQKz/WE1G2QLJ40bVhu3ytK/sqEToKuVwLw0xVAnkF+uxBBkEu00Gcq1NzjKkQjS9kVT/VVD4uNzg/uHltEAWqHXrsxHgjiOmNfbltlxYX3EncSmWSIR5PZN5/If/vdwGqhbnfx3DmYol4r+/bz+BmFnYzLgWZD3qqzmys8Y8h/wVzXFGDo24Z92ctLiEWCZnBDPCEBasEUsZpHMBefFabf6dEGI2qEuSw/To+3tX7QfpQiw4uJy27sIutqqw4LcYZ6fye0oMwgbobsqqqrykyUb8vdO2gR0MJCf54L example@example.com"
                  }
                ]
              }
            ],
            "local_account_disabled": false,
            "location": "usgovvirginia",
            "maintenance_window": [],
            "maintenance_window_auto_upgrade": [],
            "maintenance_window_node_os": [],
            "microsoft_defender": [],
            "monitor_metrics": [],
            "name": "AKS-Cluster-01",
            "network_profile": [
              {
                "dns_service_ip": "10.0.0.10",
                "docker_bridge_cidr": "172.17.0.1/16",
                "ebpf_data_plane": "",
                "ip_versions": [
                  "IPv4"
                ],
                "load_balancer_profile": [
                  {
                    "effective_outbound_ips": [
                      "/subscriptions/46c1bdab-b54a-49ba-a449-36af32ddee1c/resourceGroups/ralphael2-AKS-Bits/providers/Microsoft.Network/publicIPAddresses/39fc1c51-b880-4f07-8984-420a7f827df8"
                    ],
                    "idle_timeout_in_minutes": 0,
                    "managed_outbound_ip_count": 1,
                    "managed_outbound_ipv6_count": 0,
                    "outbound_ip_address_ids": [],
                    "outbound_ip_prefix_ids": [],
                    "outbound_ports_allocated": 0
                  }
                ],
                "load_balancer_sku": "standard",
                "nat_gateway_profile": [],
                "network_mode": "",
                "network_plugin": "azure",
                "network_plugin_mode": "",
                "network_policy": "azure",
                "outbound_type": "loadBalancer",
                "pod_cidr": "",
                "pod_cidrs": [],
                "service_cidr": "10.0.0.0/16",
                "service_cidrs": [
                  "10.0.0.0/16"
                ]
              }
            ],
            "node_os_channel_upgrade": null,
            "node_resource_group": "ralphael2-AKS-Bits",
            "node_resource_group_id": "/subscriptions/46c1bdab-b54a-49ba-a449-36af32ddee1c/resourceGroups/ralphael2-AKS-Bits",
            "oidc_issuer_enabled": false,
            "oidc_issuer_url": "",
            "oms_agent": [
              {
                "log_analytics_workspace_id": "/subscriptions/46c1bdab-b54a-49ba-a449-36af32ddee1c/resourceGroups/ralphael/providers/Microsoft.OperationalInsights/workspaces/mainloganalytics-law",
                "msi_auth_for_monitoring_enabled": false,
                "oms_agent_identity": [
                  {
                    "client_id": "c99050f3-e032-4f75-a831-2eedbf597e54",
                    "object_id": "bf160b84-aa89-40a0-b75d-c54237204987",
                    "user_assigned_identity_id": "/subscriptions/46c1bdab-b54a-49ba-a449-36af32ddee1c/resourcegroups/ralphael2-AKS-Bits/providers/Microsoft.ManagedIdentity/userAssignedIdentities/omsagent-aks-cluster-01"
                  }
                ]
              }
            ],
            "open_service_mesh_enabled": false,
            "portal_fqdn": "311ff161db4f50a513b85c2dc252897e-priv.portal.hcp.usgovvirginia.cx.aks.containerservice.azure.us",
            "private_cluster_enabled": true,
            "private_cluster_public_fqdn_enabled": false,
            "private_dns_zone_id": "System",
            "private_fqdn": "aks-cluster-01-dns-811meovs.55585cb8-32a1-4561-a6fa-a8510d0e4b1b.privatelink.usgovvirginia.cx.aks.containerservice.azure.us",
            "public_network_access_enabled": true,
            "resource_group_name": "ralphael2",
            "role_based_access_control_enabled": true,
            "run_command_enabled": true,
            "service_mesh_profile": [],
            "service_principal": [],
            "sku_tier": "Free",
            "storage_profile": [],
            "tags": null,
            "timeouts": null,
            "web_app_routing": [],
            "windows_profile": [
              {
                "admin_password": "",
                "admin_username": "azureuser",
                "gmsa": [],
                "license": ""
              }
            ],
            "workload_autoscaler_profile": [],
            "workload_identity_enabled": false
          },
          "sensitive_attributes": [],
          "private": "eyJlMmJmYjczMC1lY2FhLTExZTYtOGY4OC0zNDM2M2JjN2M0YzAiOnsiY3JlYXRlIjo1NDAwMDAwMDAwMDAwLCJkZWxldGUiOjU0MDAwMDAwMDAwMDAsInJlYWQiOjMwMDAwMDAwMDAwMCwidXBkYXRlIjo1NDAwMDAwMDAwMDAwfSwic2NoZW1hX3ZlcnNpb24iOiIyIn0=",
          "dependencies": [
            "azurerm_application_gateway.agic",
            "data.terraform_remote_state.network"
          ]
        }
      ]
    },
    {
      "mode": "managed",
      "type": "azurerm_kubernetes_cluster_node_pool",
      "name": "example",
      "provider": "provider[\"registry.terraform.io/hashicorp/azurerm\"]",
      "instances": [
        {
          "schema_version": 1,
          "attributes": {
            "capacity_reservation_group_id": "",
            "custom_ca_trust_enabled": false,
            "enable_auto_scaling": true,
            "enable_host_encryption": false,
            "enable_node_public_ip": false,
            "eviction_policy": "",
            "fips_enabled": false,
            "host_group_id": "",
            "id": "/subscriptions/46c1bdab-b54a-49ba-a449-36af32ddee1c/resourceGroups/ralphael2/providers/Microsoft.ContainerService/managedClusters/AKS-Cluster-01/agentPools/userpool",
            "kubelet_config": [],
            "kubelet_disk_type": "OS",
            "kubernetes_cluster_id": "/subscriptions/46c1bdab-b54a-49ba-a449-36af32ddee1c/resourceGroups/ralphael2/providers/Microsoft.ContainerService/managedClusters/AKS-Cluster-01",
            "linux_os_config": [],
            "max_count": 5,
            "max_pods": 30,
            "message_of_the_day": "",
            "min_count": 0,
            "mode": "User",
            "name": "userpool",
            "node_count": 0,
            "node_labels": {},
            "node_network_profile": [],
            "node_public_ip_prefix_id": "",
            "node_taints": null,
            "orchestrator_version": "1.25.6",
            "os_disk_size_gb": 30,
            "os_disk_type": "Managed",
            "os_sku": "Ubuntu",
            "os_type": "Linux",
            "pod_subnet_id": "",
            "priority": "Regular",
            "proximity_placement_group_id": "",
            "scale_down_mode": "Delete",
            "snapshot_id": null,
            "spot_max_price": -1,
            "tags": null,
            "timeouts": null,
            "ultra_ssd_enabled": false,
            "upgrade_settings": [],
            "vm_size": "Standard_D4s_v3",
            "vnet_subnet_id": "/subscriptions/46c1bdab-b54a-49ba-a449-36af32ddee1c/resourceGroups/ralphael2/providers/Microsoft.Network/virtualNetworks/spoke1Network/subnets/spoke1Subnet",
            "windows_profile": [],
            "workload_runtime": null,
            "zones": [
              "1",
              "2",
              "3"
            ]
          },
          "sensitive_attributes": [],
          "private": "eyJlMmJmYjczMC1lY2FhLTExZTYtOGY4OC0zNDM2M2JjN2M0YzAiOnsiY3JlYXRlIjozNjAwMDAwMDAwMDAwLCJkZWxldGUiOjM2MDAwMDAwMDAwMDAsInJlYWQiOjMwMDAwMDAwMDAwMCwidXBkYXRlIjozNjAwMDAwMDAwMDAwfSwic2NoZW1hX3ZlcnNpb24iOiIxIn0=",
          "dependencies": [
            "azurerm_application_gateway.agic",
            "azurerm_kubernetes_cluster.example",
            "data.terraform_remote_state.network"
          ]
        }
      ]
    },
    {
      "mode": "managed",
      "type": "azurerm_public_ip",
      "name": "appgw-pip",
      "provider": "provider[\"registry.terraform.io/hashicorp/azurerm\"]",
      "instances": [
        {
          "schema_version": 0,
          "attributes": {
            "allocation_method": "Static",
            "ddos_protection_mode": "VirtualNetworkInherited",
            "ddos_protection_plan_id": null,
            "domain_name_label": null,
            "edge_zone": "",
            "fqdn": null,
            "id": "/subscriptions/46c1bdab-b54a-49ba-a449-36af32ddee1c/resourceGroups/ralphael2/providers/Microsoft.Network/publicIPAddresses/appgwPublicIP",
            "idle_timeout_in_minutes": 4,
            "ip_address": "20.141.241.103",
            "ip_tags": {},
            "ip_version": "IPv4",
            "location": "usgovvirginia",
            "name": "appgwPublicIP",
            "public_ip_prefix_id": null,
            "resource_group_name": "ralphael2",
            "reverse_fqdn": null,
            "sku": "Standard",
            "sku_tier": "Regional",
            "tags": {},
            "timeouts": null,
            "zones": []
          },
          "sensitive_attributes": [],
          "private": "eyJlMmJmYjczMC1lY2FhLTExZTYtOGY4OC0zNDM2M2JjN2M0YzAiOnsiY3JlYXRlIjoxODAwMDAwMDAwMDAwLCJkZWxldGUiOjE4MDAwMDAwMDAwMDAsInJlYWQiOjMwMDAwMDAwMDAwMCwidXBkYXRlIjoxODAwMDAwMDAwMDAwfX0=",
          "dependencies": [
            "data.terraform_remote_state.network"
          ]
        }
      ]
    },
    {
      "mode": "managed",
      "type": "azurerm_subnet",
      "name": "appgw",
      "provider": "provider[\"registry.terraform.io/hashicorp/azurerm\"]",
      "instances": [
        {
          "schema_version": 0,
          "attributes": {
            "address_prefixes": [
              "10.3.1.0/24"
            ],
            "delegation": [],
            "enforce_private_link_endpoint_network_policies": false,
            "enforce_private_link_service_network_policies": false,
            "id": "/subscriptions/46c1bdab-b54a-49ba-a449-36af32ddee1c/resourceGroups/ralphael2/providers/Microsoft.Network/virtualNetworks/spoke1Network/subnets/appgwSubnet",
            "name": "appgwSubnet",
            "private_endpoint_network_policies_enabled": true,
            "private_link_service_network_policies_enabled": true,
            "resource_group_name": "ralphael2",
            "service_endpoint_policy_ids": [],
            "service_endpoints": [],
            "timeouts": null,
            "virtual_network_name": "spoke1Network"
          },
          "sensitive_attributes": [],
          "private": "eyJlMmJmYjczMC1lY2FhLTExZTYtOGY4OC0zNDM2M2JjN2M0YzAiOnsiY3JlYXRlIjoxODAwMDAwMDAwMDAwLCJkZWxldGUiOjE4MDAwMDAwMDAwMDAsInJlYWQiOjMwMDAwMDAwMDAwMCwidXBkYXRlIjoxODAwMDAwMDAwMDAwfX0=",
          "dependencies": [
            "data.terraform_remote_state.network"
          ]
        }
      ]
    }
  ],
  "check_results": null
}
