{
  "version": 4,
  "terraform_version": "1.5.3",
  "serial": 355,
  "lineage": "59e55f6d-8989-e647-5785-68405cb1a42d",
  "outputs": {
    "hub_nic_id": {
      "value": "/subscriptions/f13ecc2a-bc95-40eb-b244-85bedf7febb1/resourceGroups/ralphael2/providers/Microsoft.Network/networkInterfaces/hub-vm-nic",
      "type": "string"
    },
    "hub_nic_name": {
      "value": "hub-vm-nic",
      "type": "string"
    },
    "hub_nsg_association_id": {
      "value": "/subscriptions/f13ecc2a-bc95-40eb-b244-85bedf7febb1/resourceGroups/ralphael2/providers/Microsoft.Network/networkInterfaces/hub-vm-nic|/subscriptions/f13ecc2a-bc95-40eb-b244-85bedf7febb1/resourceGroups/ralphael2/providers/Microsoft.Network/networkSecurityGroups/hub-vm-nsg",
      "type": "string"
    },
    "hub_nsg_id": {
      "value": "/subscriptions/f13ecc2a-bc95-40eb-b244-85bedf7febb1/resourceGroups/ralphael2/providers/Microsoft.Network/networkSecurityGroups/hub-vm-nsg",
      "type": "string"
    },
    "hub_nsg_name": {
      "value": "hub-vm-nsg",
      "type": "string"
    },
    "hub_public_ip_id": {
      "value": "/subscriptions/f13ecc2a-bc95-40eb-b244-85bedf7febb1/resourceGroups/ralphael2/providers/Microsoft.Network/publicIPAddresses/examplePublicIP",
      "type": "string"
    },
    "hub_public_ip_name": {
      "value": "examplePublicIP",
      "type": "string"
    },
    "hub_subnet_id": {
      "value": "/subscriptions/f13ecc2a-bc95-40eb-b244-85bedf7febb1/resourceGroups/ralphael2/providers/Microsoft.Network/virtualNetworks/hubNetwork/subnets/hubSubnet",
      "type": "string"
    },
    "hub_subnet_name": {
      "value": "hubSubnet",
      "type": "string"
    },
    "hub_vm_id": {
      "value": "/subscriptions/f13ecc2a-bc95-40eb-b244-85bedf7febb1/resourceGroups/ralphael2/providers/Microsoft.Compute/virtualMachines/hub-vm",
      "type": "string"
    },
    "hub_vm_name": {
      "value": "hub-vm",
      "type": "string"
    },
    "hub_vnet_id": {
      "value": "/subscriptions/f13ecc2a-bc95-40eb-b244-85bedf7febb1/resourceGroups/ralphael2/providers/Microsoft.Network/virtualNetworks/hubNetwork",
      "type": "string"
    },
    "hub_vnet_name": {
      "value": "hubNetwork",
      "type": "string"
    },
    "private_endpoint_id": {
      "value": "/subscriptions/f13ecc2a-bc95-40eb-b244-85bedf7febb1/resourceGroups/ralphael2/providers/Microsoft.Network/privateEndpoints/examplePrivateEndpoint",
      "type": "string"
    },
    "private_endpoint_name": {
      "value": "examplePrivateEndpoint",
      "type": "string"
    },
    "ralphael2-hub-vm_private_ip_address": {
      "value": "10.2.0.4",
      "type": "string"
    },
    "ralphael2-spoke1-vm_private_ip_address": {
      "value": "10.3.0.4",
      "type": "string"
    },
    "ralphael2-spoke2-vm_private_ip_address": {
      "value": "10.4.0.4",
      "type": "string"
    },
    "resource_group_id": {
      "value": "/subscriptions/f13ecc2a-bc95-40eb-b244-85bedf7febb1/resourceGroups/ralphael2",
      "type": "string"
    },
    "resource_group_location": {
      "value": "eastus",
      "type": "string"
    },
    "resource_group_name": {
      "value": "ralphael2",
      "type": "string"
    },
    "spoke1_nic_id": {
      "value": "/subscriptions/f13ecc2a-bc95-40eb-b244-85bedf7febb1/resourceGroups/ralphael2/providers/Microsoft.Network/networkInterfaces/spoke1-vm-nic",
      "type": "string"
    },
    "spoke1_nic_name": {
      "value": "spoke1-vm-nic",
      "type": "string"
    },
    "spoke1_nsg_association_id": {
      "value": "/subscriptions/f13ecc2a-bc95-40eb-b244-85bedf7febb1/resourceGroups/ralphael2/providers/Microsoft.Network/networkInterfaces/spoke1-vm-nic|/subscriptions/f13ecc2a-bc95-40eb-b244-85bedf7febb1/resourceGroups/ralphael2/providers/Microsoft.Network/networkSecurityGroups/spoke-vm-nsg",
      "type": "string"
    },
    "spoke1_public_ip_id": {
      "value": "/subscriptions/f13ecc2a-bc95-40eb-b244-85bedf7febb1/resourceGroups/ralphael2/providers/Microsoft.Network/publicIPAddresses/spoke1PublicIP",
      "type": "string"
    },
    "spoke1_public_ip_name": {
      "value": "spoke1PublicIP",
      "type": "string"
    },
    "spoke1_subnet_id": {
      "value": "/subscriptions/f13ecc2a-bc95-40eb-b244-85bedf7febb1/resourceGroups/ralphael2/providers/Microsoft.Network/virtualNetworks/spoke1Network/subnets/spoke1Subnet",
      "type": "string"
    },
    "spoke1_subnet_name": {
      "value": "spoke1Subnet",
      "type": "string"
    },
    "spoke1_to_tier2_peering_id": {
      "value": "/subscriptions/f13ecc2a-bc95-40eb-b244-85bedf7febb1/resourceGroups/ralphael2/providers/Microsoft.Network/virtualNetworks/spoke1Network/virtualNetworkPeerings/spoke1-to-tier2",
      "type": "string"
    },
    "spoke1_to_tier2_peering_name": {
      "value": "spoke1-to-tier2",
      "type": "string"
    },
    "spoke1_vm_id": {
      "value": "/subscriptions/f13ecc2a-bc95-40eb-b244-85bedf7febb1/resourceGroups/ralphael2/providers/Microsoft.Compute/virtualMachines/spoke1-vm",
      "type": "string"
    },
    "spoke1_vm_name": {
      "value": "spoke1-vm",
      "type": "string"
    },
    "spoke1_vnet_id": {
      "value": "/subscriptions/f13ecc2a-bc95-40eb-b244-85bedf7febb1/resourceGroups/ralphael2/providers/Microsoft.Network/virtualNetworks/spoke1Network",
      "type": "string"
    },
    "spoke1_vnet_name": {
      "value": "spoke1Network",
      "type": "string"
    },
    "spoke2_nic_id": {
      "value": "/subscriptions/f13ecc2a-bc95-40eb-b244-85bedf7febb1/resourceGroups/ralphael2/providers/Microsoft.Network/networkInterfaces/spoke2-vm-nic",
      "type": "string"
    },
    "spoke2_nic_name": {
      "value": "spoke2-vm-nic",
      "type": "string"
    },
    "spoke2_nsg_association_id": {
      "value": "/subscriptions/f13ecc2a-bc95-40eb-b244-85bedf7febb1/resourceGroups/ralphael2/providers/Microsoft.Network/networkInterfaces/spoke2-vm-nic|/subscriptions/f13ecc2a-bc95-40eb-b244-85bedf7febb1/resourceGroups/ralphael2/providers/Microsoft.Network/networkSecurityGroups/spoke-vm-nsg",
      "type": "string"
    },
    "spoke2_public_ip_id": {
      "value": "/subscriptions/f13ecc2a-bc95-40eb-b244-85bedf7febb1/resourceGroups/ralphael2/providers/Microsoft.Network/publicIPAddresses/spoke2PublicIP",
      "type": "string"
    },
    "spoke2_public_ip_name": {
      "value": "spoke2PublicIP",
      "type": "string"
    },
    "spoke2_subnet_id": {
      "value": "/subscriptions/f13ecc2a-bc95-40eb-b244-85bedf7febb1/resourceGroups/ralphael2/providers/Microsoft.Network/virtualNetworks/spoke2Network/subnets/spoke2Subnet",
      "type": "string"
    },
    "spoke2_subnet_name": {
      "value": "spoke2Subnet",
      "type": "string"
    },
    "spoke2_to_tier2_peering_id": {
      "value": "/subscriptions/f13ecc2a-bc95-40eb-b244-85bedf7febb1/resourceGroups/ralphael2/providers/Microsoft.Network/virtualNetworks/spoke2Network/virtualNetworkPeerings/spoke2-to-tier2",
      "type": "string"
    },
    "spoke2_to_tier2_peering_name": {
      "value": "spoke2-to-tier2",
      "type": "string"
    },
    "spoke2_vm_id": {
      "value": "/subscriptions/f13ecc2a-bc95-40eb-b244-85bedf7febb1/resourceGroups/ralphael2/providers/Microsoft.Compute/virtualMachines/spoke2-vm",
      "type": "string"
    },
    "spoke2_vm_name": {
      "value": "spoke2-vm",
      "type": "string"
    },
    "spoke2_vnet_id": {
      "value": "/subscriptions/f13ecc2a-bc95-40eb-b244-85bedf7febb1/resourceGroups/ralphael2/providers/Microsoft.Network/virtualNetworks/spoke2Network",
      "type": "string"
    },
    "spoke2_vnet_name": {
      "value": "spoke2Network",
      "type": "string"
    },
    "spoke_nsg_id": {
      "value": "/subscriptions/f13ecc2a-bc95-40eb-b244-85bedf7febb1/resourceGroups/ralphael2/providers/Microsoft.Network/networkSecurityGroups/spoke-vm-nsg",
      "type": "string"
    },
    "spoke_nsg_name": {
      "value": "spoke-vm-nsg",
      "type": "string"
    },
    "storage_account_id": {
      "value": "/subscriptions/f13ecc2a-bc95-40eb-b244-85bedf7febb1/resourceGroups/ralphael2/providers/Microsoft.Storage/storageAccounts/example234storage7897",
      "type": "string"
    },
    "storage_account_name": {
      "value": "example234storage7897",
      "type": "string"
    }
  },
  "resources": [
    {
      "mode": "data",
      "type": "azurerm_subscription",
      "name": "current",
      "provider": "provider[\"registry.terraform.io/hashicorp/azurerm\"]",
      "instances": [
        {
          "schema_version": 0,
          "attributes": {
            "display_name": "HUB",
            "id": "/subscriptions/f13ecc2a-bc95-40eb-b244-85bedf7febb1",
            "location_placement_id": "Public_2014-09-01",
            "quota_id": "PayAsYouGo_2014-09-01",
            "spending_limit": "Off",
            "state": "Enabled",
            "subscription_id": "f13ecc2a-bc95-40eb-b244-85bedf7febb1",
            "tags": {},
            "tenant_id": "0722fedc-96a1-4b2f-b2ff-e641d0b1f804",
            "timeouts": null
          },
          "sensitive_attributes": []
        }
      ]
    },
    {
      "mode": "managed",
      "type": "azurerm_network_interface",
      "name": "hub-nic",
      "provider": "provider[\"registry.terraform.io/hashicorp/azurerm\"]",
      "instances": [
        {
          "schema_version": 0,
          "attributes": {
            "applied_dns_servers": [],
            "dns_servers": [],
            "edge_zone": "",
            "enable_accelerated_networking": false,
            "enable_ip_forwarding": false,
            "id": "/subscriptions/f13ecc2a-bc95-40eb-b244-85bedf7febb1/resourceGroups/ralphael2/providers/Microsoft.Network/networkInterfaces/hub-vm-nic",
            "internal_dns_name_label": "",
            "internal_domain_name_suffix": "fxpscujbwsculdaitwjp1q3elf.bx.internal.cloudapp.net",
            "ip_configuration": [
              {
                "gateway_load_balancer_frontend_ip_configuration_id": "",
                "name": "myNicConfiguration",
                "primary": true,
                "private_ip_address": "10.2.0.4",
                "private_ip_address_allocation": "Dynamic",
                "private_ip_address_version": "IPv4",
                "public_ip_address_id": "/subscriptions/f13ecc2a-bc95-40eb-b244-85bedf7febb1/resourceGroups/ralphael2/providers/Microsoft.Network/publicIPAddresses/examplePublicIP",
                "subnet_id": "/subscriptions/f13ecc2a-bc95-40eb-b244-85bedf7febb1/resourceGroups/ralphael2/providers/Microsoft.Network/virtualNetworks/hubNetwork/subnets/hubSubnet"
              }
            ],
            "location": "eastus",
            "mac_address": "",
            "name": "hub-vm-nic",
            "private_ip_address": "10.2.0.4",
            "private_ip_addresses": [
              "10.2.0.4"
            ],
            "resource_group_name": "ralphael2",
            "tags": null,
            "timeouts": null,
            "virtual_machine_id": ""
          },
          "sensitive_attributes": [],
          "private": "eyJlMmJmYjczMC1lY2FhLTExZTYtOGY4OC0zNDM2M2JjN2M0YzAiOnsiY3JlYXRlIjoxODAwMDAwMDAwMDAwLCJkZWxldGUiOjE4MDAwMDAwMDAwMDAsInJlYWQiOjMwMDAwMDAwMDAwMCwidXBkYXRlIjoxODAwMDAwMDAwMDAwfX0=",
          "dependencies": [
            "azurerm_public_ip.hub-pip",
            "azurerm_resource_group.example",
            "azurerm_subnet.hub",
            "azurerm_virtual_network.hub"
          ]
        }
      ]
    },
    {
      "mode": "managed",
      "type": "azurerm_network_interface",
      "name": "spoke1-nic",
      "provider": "provider[\"registry.terraform.io/hashicorp/azurerm\"]",
      "instances": [
        {
          "schema_version": 0,
          "attributes": {
            "applied_dns_servers": [],
            "dns_servers": [],
            "edge_zone": "",
            "enable_accelerated_networking": false,
            "enable_ip_forwarding": false,
            "id": "/subscriptions/f13ecc2a-bc95-40eb-b244-85bedf7febb1/resourceGroups/ralphael2/providers/Microsoft.Network/networkInterfaces/spoke1-vm-nic",
            "internal_dns_name_label": "",
            "internal_domain_name_suffix": "lsjhvliztd3epgrzkrmumjdb3b.bx.internal.cloudapp.net",
            "ip_configuration": [
              {
                "gateway_load_balancer_frontend_ip_configuration_id": "",
                "name": "myNicConfiguration",
                "primary": true,
                "private_ip_address": "10.3.0.4",
                "private_ip_address_allocation": "Dynamic",
                "private_ip_address_version": "IPv4",
                "public_ip_address_id": "/subscriptions/f13ecc2a-bc95-40eb-b244-85bedf7febb1/resourceGroups/ralphael2/providers/Microsoft.Network/publicIPAddresses/spoke1PublicIP",
                "subnet_id": "/subscriptions/f13ecc2a-bc95-40eb-b244-85bedf7febb1/resourceGroups/ralphael2/providers/Microsoft.Network/virtualNetworks/spoke1Network/subnets/spoke1Subnet"
              }
            ],
            "location": "eastus",
            "mac_address": "",
            "name": "spoke1-vm-nic",
            "private_ip_address": "10.3.0.4",
            "private_ip_addresses": [
              "10.3.0.4"
            ],
            "resource_group_name": "ralphael2",
            "tags": null,
            "timeouts": null,
            "virtual_machine_id": ""
          },
          "sensitive_attributes": [],
          "private": "eyJlMmJmYjczMC1lY2FhLTExZTYtOGY4OC0zNDM2M2JjN2M0YzAiOnsiY3JlYXRlIjoxODAwMDAwMDAwMDAwLCJkZWxldGUiOjE4MDAwMDAwMDAwMDAsInJlYWQiOjMwMDAwMDAwMDAwMCwidXBkYXRlIjoxODAwMDAwMDAwMDAwfX0=",
          "dependencies": [
            "azurerm_public_ip.spoke1",
            "azurerm_resource_group.example",
            "azurerm_subnet.spoke1",
            "azurerm_virtual_network.spoke1"
          ]
        }
      ]
    },
    {
      "mode": "managed",
      "type": "azurerm_network_interface",
      "name": "spoke2-nic",
      "provider": "provider[\"registry.terraform.io/hashicorp/azurerm\"]",
      "instances": [
        {
          "schema_version": 0,
          "attributes": {
            "applied_dns_servers": [],
            "dns_servers": [],
            "edge_zone": "",
            "enable_accelerated_networking": false,
            "enable_ip_forwarding": false,
            "id": "/subscriptions/f13ecc2a-bc95-40eb-b244-85bedf7febb1/resourceGroups/ralphael2/providers/Microsoft.Network/networkInterfaces/spoke2-vm-nic",
            "internal_dns_name_label": "",
            "internal_domain_name_suffix": "flto3lh0xjpevdrpbd5brm3iqf.bx.internal.cloudapp.net",
            "ip_configuration": [
              {
                "gateway_load_balancer_frontend_ip_configuration_id": "",
                "name": "myNicConfiguration",
                "primary": true,
                "private_ip_address": "10.4.0.4",
                "private_ip_address_allocation": "Dynamic",
                "private_ip_address_version": "IPv4",
                "public_ip_address_id": "/subscriptions/f13ecc2a-bc95-40eb-b244-85bedf7febb1/resourceGroups/ralphael2/providers/Microsoft.Network/publicIPAddresses/spoke2PublicIP",
                "subnet_id": "/subscriptions/f13ecc2a-bc95-40eb-b244-85bedf7febb1/resourceGroups/ralphael2/providers/Microsoft.Network/virtualNetworks/spoke2Network/subnets/spoke2Subnet"
              }
            ],
            "location": "eastus",
            "mac_address": "",
            "name": "spoke2-vm-nic",
            "private_ip_address": "10.4.0.4",
            "private_ip_addresses": [
              "10.4.0.4"
            ],
            "resource_group_name": "ralphael2",
            "tags": null,
            "timeouts": null,
            "virtual_machine_id": ""
          },
          "sensitive_attributes": [],
          "private": "eyJlMmJmYjczMC1lY2FhLTExZTYtOGY4OC0zNDM2M2JjN2M0YzAiOnsiY3JlYXRlIjoxODAwMDAwMDAwMDAwLCJkZWxldGUiOjE4MDAwMDAwMDAwMDAsInJlYWQiOjMwMDAwMDAwMDAwMCwidXBkYXRlIjoxODAwMDAwMDAwMDAwfX0=",
          "dependencies": [
            "azurerm_public_ip.spoke2",
            "azurerm_resource_group.example",
            "azurerm_subnet.spoke2",
            "azurerm_virtual_network.spoke2"
          ]
        }
      ]
    },
    {
      "mode": "managed",
      "type": "azurerm_network_interface_security_group_association",
      "name": "hub",
      "provider": "provider[\"registry.terraform.io/hashicorp/azurerm\"]",
      "instances": [
        {
          "schema_version": 0,
          "attributes": {
            "id": "/subscriptions/f13ecc2a-bc95-40eb-b244-85bedf7febb1/resourceGroups/ralphael2/providers/Microsoft.Network/networkInterfaces/hub-vm-nic|/subscriptions/f13ecc2a-bc95-40eb-b244-85bedf7febb1/resourceGroups/ralphael2/providers/Microsoft.Network/networkSecurityGroups/hub-vm-nsg",
            "network_interface_id": "/subscriptions/f13ecc2a-bc95-40eb-b244-85bedf7febb1/resourceGroups/ralphael2/providers/Microsoft.Network/networkInterfaces/hub-vm-nic",
            "network_security_group_id": "/subscriptions/f13ecc2a-bc95-40eb-b244-85bedf7febb1/resourceGroups/ralphael2/providers/Microsoft.Network/networkSecurityGroups/hub-vm-nsg",
            "timeouts": null
          },
          "sensitive_attributes": [],
          "private": "eyJlMmJmYjczMC1lY2FhLTExZTYtOGY4OC0zNDM2M2JjN2M0YzAiOnsiY3JlYXRlIjoxODAwMDAwMDAwMDAwLCJkZWxldGUiOjE4MDAwMDAwMDAwMDAsInJlYWQiOjMwMDAwMDAwMDAwMCwidXBkYXRlIjoxODAwMDAwMDAwMDAwfX0=",
          "dependencies": [
            "azurerm_network_interface.hub-nic",
            "azurerm_network_security_group.hub",
            "azurerm_public_ip.hub-pip",
            "azurerm_resource_group.example",
            "azurerm_subnet.hub",
            "azurerm_virtual_network.hub"
          ]
        }
      ]
    },
    {
      "mode": "managed",
      "type": "azurerm_network_interface_security_group_association",
      "name": "spoke1",
      "provider": "provider[\"registry.terraform.io/hashicorp/azurerm\"]",
      "instances": [
        {
          "schema_version": 0,
          "attributes": {
            "id": "/subscriptions/f13ecc2a-bc95-40eb-b244-85bedf7febb1/resourceGroups/ralphael2/providers/Microsoft.Network/networkInterfaces/spoke1-vm-nic|/subscriptions/f13ecc2a-bc95-40eb-b244-85bedf7febb1/resourceGroups/ralphael2/providers/Microsoft.Network/networkSecurityGroups/spoke-vm-nsg",
            "network_interface_id": "/subscriptions/f13ecc2a-bc95-40eb-b244-85bedf7febb1/resourceGroups/ralphael2/providers/Microsoft.Network/networkInterfaces/spoke1-vm-nic",
            "network_security_group_id": "/subscriptions/f13ecc2a-bc95-40eb-b244-85bedf7febb1/resourceGroups/ralphael2/providers/Microsoft.Network/networkSecurityGroups/spoke-vm-nsg",
            "timeouts": null
          },
          "sensitive_attributes": [],
          "private": "eyJlMmJmYjczMC1lY2FhLTExZTYtOGY4OC0zNDM2M2JjN2M0YzAiOnsiY3JlYXRlIjoxODAwMDAwMDAwMDAwLCJkZWxldGUiOjE4MDAwMDAwMDAwMDAsInJlYWQiOjMwMDAwMDAwMDAwMCwidXBkYXRlIjoxODAwMDAwMDAwMDAwfX0=",
          "dependencies": [
            "azurerm_network_interface.spoke1-nic",
            "azurerm_network_security_group.spoke",
            "azurerm_public_ip.spoke1",
            "azurerm_resource_group.example",
            "azurerm_subnet.spoke1",
            "azurerm_virtual_network.spoke1"
          ]
        }
      ]
    },
    {
      "mode": "managed",
      "type": "azurerm_network_interface_security_group_association",
      "name": "spoke2",
      "provider": "provider[\"registry.terraform.io/hashicorp/azurerm\"]",
      "instances": [
        {
          "schema_version": 0,
          "attributes": {
            "id": "/subscriptions/f13ecc2a-bc95-40eb-b244-85bedf7febb1/resourceGroups/ralphael2/providers/Microsoft.Network/networkInterfaces/spoke2-vm-nic|/subscriptions/f13ecc2a-bc95-40eb-b244-85bedf7febb1/resourceGroups/ralphael2/providers/Microsoft.Network/networkSecurityGroups/spoke-vm-nsg",
            "network_interface_id": "/subscriptions/f13ecc2a-bc95-40eb-b244-85bedf7febb1/resourceGroups/ralphael2/providers/Microsoft.Network/networkInterfaces/spoke2-vm-nic",
            "network_security_group_id": "/subscriptions/f13ecc2a-bc95-40eb-b244-85bedf7febb1/resourceGroups/ralphael2/providers/Microsoft.Network/networkSecurityGroups/spoke-vm-nsg",
            "timeouts": null
          },
          "sensitive_attributes": [],
          "private": "eyJlMmJmYjczMC1lY2FhLTExZTYtOGY4OC0zNDM2M2JjN2M0YzAiOnsiY3JlYXRlIjoxODAwMDAwMDAwMDAwLCJkZWxldGUiOjE4MDAwMDAwMDAwMDAsInJlYWQiOjMwMDAwMDAwMDAwMCwidXBkYXRlIjoxODAwMDAwMDAwMDAwfX0=",
          "dependencies": [
            "azurerm_network_interface.spoke2-nic",
            "azurerm_network_security_group.spoke",
            "azurerm_public_ip.spoke2",
            "azurerm_resource_group.example",
            "azurerm_subnet.spoke2",
            "azurerm_virtual_network.spoke2"
          ]
        }
      ]
    },
    {
      "mode": "managed",
      "type": "azurerm_network_security_group",
      "name": "hub",
      "provider": "provider[\"registry.terraform.io/hashicorp/azurerm\"]",
      "instances": [
        {
          "schema_version": 0,
          "attributes": {
            "id": "/subscriptions/f13ecc2a-bc95-40eb-b244-85bedf7febb1/resourceGroups/ralphael2/providers/Microsoft.Network/networkSecurityGroups/hub-vm-nsg",
            "location": "eastus",
            "name": "hub-vm-nsg",
            "resource_group_name": "ralphael2",
            "security_rule": [
              {
                "access": "Allow",
                "description": "",
                "destination_address_prefix": "*",
                "destination_address_prefixes": [],
                "destination_application_security_group_ids": [],
                "destination_port_range": "3389",
                "destination_port_ranges": [],
                "direction": "Inbound",
                "name": "RDP",
                "priority": 1001,
                "protocol": "Tcp",
                "source_address_prefix": "*",
                "source_address_prefixes": [],
                "source_application_security_group_ids": [],
                "source_port_range": "*",
                "source_port_ranges": []
              }
            ],
            "tags": null,
            "timeouts": null
          },
          "sensitive_attributes": [],
          "private": "eyJlMmJmYjczMC1lY2FhLTExZTYtOGY4OC0zNDM2M2JjN2M0YzAiOnsiY3JlYXRlIjoxODAwMDAwMDAwMDAwLCJkZWxldGUiOjE4MDAwMDAwMDAwMDAsInJlYWQiOjMwMDAwMDAwMDAwMCwidXBkYXRlIjoxODAwMDAwMDAwMDAwfX0=",
          "dependencies": [
            "azurerm_resource_group.example"
          ]
        }
      ]
    },
    {
      "mode": "managed",
      "type": "azurerm_network_security_group",
      "name": "spoke",
      "provider": "provider[\"registry.terraform.io/hashicorp/azurerm\"]",
      "instances": [
        {
          "schema_version": 0,
          "attributes": {
            "id": "/subscriptions/f13ecc2a-bc95-40eb-b244-85bedf7febb1/resourceGroups/ralphael2/providers/Microsoft.Network/networkSecurityGroups/spoke-vm-nsg",
            "location": "eastus",
            "name": "spoke-vm-nsg",
            "resource_group_name": "ralphael2",
            "security_rule": [
              {
                "access": "Allow",
                "description": "",
                "destination_address_prefix": "*",
                "destination_address_prefixes": [],
                "destination_application_security_group_ids": [],
                "destination_port_range": "3389",
                "destination_port_ranges": [],
                "direction": "Inbound",
                "name": "RDP",
                "priority": 1001,
                "protocol": "Tcp",
                "source_address_prefix": "*",
                "source_address_prefixes": [],
                "source_application_security_group_ids": [],
                "source_port_range": "*",
                "source_port_ranges": []
              }
            ],
            "tags": null,
            "timeouts": null
          },
          "sensitive_attributes": [],
          "private": "eyJlMmJmYjczMC1lY2FhLTExZTYtOGY4OC0zNDM2M2JjN2M0YzAiOnsiY3JlYXRlIjoxODAwMDAwMDAwMDAwLCJkZWxldGUiOjE4MDAwMDAwMDAwMDAsInJlYWQiOjMwMDAwMDAwMDAwMCwidXBkYXRlIjoxODAwMDAwMDAwMDAwfX0=",
          "dependencies": [
            "azurerm_resource_group.example"
          ]
        }
      ]
    },
    {
      "mode": "managed",
      "type": "azurerm_private_endpoint",
      "name": "example",
      "provider": "provider[\"registry.terraform.io/hashicorp/azurerm\"]",
      "instances": [
        {
          "schema_version": 0,
          "attributes": {
            "custom_dns_configs": [
              {
                "fqdn": "example234storage7897.blob.core.windows.net",
                "ip_addresses": [
                  "10.2.0.5"
                ]
              }
            ],
            "custom_network_interface_name": "",
            "id": "/subscriptions/f13ecc2a-bc95-40eb-b244-85bedf7febb1/resourceGroups/ralphael2/providers/Microsoft.Network/privateEndpoints/examplePrivateEndpoint",
            "ip_configuration": [],
            "location": "eastus",
            "name": "examplePrivateEndpoint",
            "network_interface": [
              {
                "id": "/subscriptions/f13ecc2a-bc95-40eb-b244-85bedf7febb1/resourceGroups/ralphael2/providers/Microsoft.Network/networkInterfaces/examplePrivateEndpoint.nic.2614d09b-7e92-4dfa-8098-952e35419294",
                "name": "examplePrivateEndpoint.nic.2614d09b-7e92-4dfa-8098-952e35419294"
              }
            ],
            "private_dns_zone_configs": [],
            "private_dns_zone_group": [],
            "private_service_connection": [
              {
                "is_manual_connection": false,
                "name": "examplePrivateServiceConnection",
                "private_connection_resource_alias": "",
                "private_connection_resource_id": "/subscriptions/f13ecc2a-bc95-40eb-b244-85bedf7febb1/resourceGroups/ralphael2/providers/Microsoft.Storage/storageAccounts/example234storage7897",
                "private_ip_address": "10.2.0.5",
                "request_message": "",
                "subresource_names": [
                  "blob"
                ]
              }
            ],
            "resource_group_name": "ralphael2",
            "subnet_id": "/subscriptions/f13ecc2a-bc95-40eb-b244-85bedf7febb1/resourceGroups/ralphael2/providers/Microsoft.Network/virtualNetworks/hubNetwork/subnets/hubSubnet",
            "tags": null,
            "timeouts": null
          },
          "sensitive_attributes": [],
          "private": "eyJlMmJmYjczMC1lY2FhLTExZTYtOGY4OC0zNDM2M2JjN2M0YzAiOnsiY3JlYXRlIjozNjAwMDAwMDAwMDAwLCJkZWxldGUiOjM2MDAwMDAwMDAwMDAsInJlYWQiOjMwMDAwMDAwMDAwMCwidXBkYXRlIjozNjAwMDAwMDAwMDAwfX0=",
          "dependencies": [
            "azurerm_resource_group.example",
            "azurerm_storage_account.example",
            "azurerm_subnet.hub",
            "azurerm_virtual_network.hub"
          ]
        }
      ]
    },
    {
      "mode": "managed",
      "type": "azurerm_public_ip",
      "name": "hub-pip",
      "provider": "provider[\"registry.terraform.io/hashicorp/azurerm\"]",
      "instances": [
        {
          "schema_version": 0,
          "attributes": {
            "allocation_method": "Dynamic",
            "ddos_protection_mode": "VirtualNetworkInherited",
            "ddos_protection_plan_id": null,
            "domain_name_label": null,
            "edge_zone": "",
            "fqdn": null,
            "id": "/subscriptions/f13ecc2a-bc95-40eb-b244-85bedf7febb1/resourceGroups/ralphael2/providers/Microsoft.Network/publicIPAddresses/examplePublicIP",
            "idle_timeout_in_minutes": 4,
            "ip_address": "",
            "ip_tags": null,
            "ip_version": "IPv4",
            "location": "eastus",
            "name": "examplePublicIP",
            "public_ip_prefix_id": null,
            "resource_group_name": "ralphael2",
            "reverse_fqdn": null,
            "sku": "Basic",
            "sku_tier": "Regional",
            "tags": null,
            "timeouts": null,
            "zones": null
          },
          "sensitive_attributes": [],
          "private": "eyJlMmJmYjczMC1lY2FhLTExZTYtOGY4OC0zNDM2M2JjN2M0YzAiOnsiY3JlYXRlIjoxODAwMDAwMDAwMDAwLCJkZWxldGUiOjE4MDAwMDAwMDAwMDAsInJlYWQiOjMwMDAwMDAwMDAwMCwidXBkYXRlIjoxODAwMDAwMDAwMDAwfX0=",
          "dependencies": [
            "azurerm_resource_group.example"
          ]
        }
      ]
    },
    {
      "mode": "managed",
      "type": "azurerm_public_ip",
      "name": "spoke1",
      "provider": "provider[\"registry.terraform.io/hashicorp/azurerm\"]",
      "instances": [
        {
          "schema_version": 0,
          "attributes": {
            "allocation_method": "Dynamic",
            "ddos_protection_mode": "VirtualNetworkInherited",
            "ddos_protection_plan_id": null,
            "domain_name_label": null,
            "edge_zone": "",
            "fqdn": null,
            "id": "/subscriptions/f13ecc2a-bc95-40eb-b244-85bedf7febb1/resourceGroups/ralphael2/providers/Microsoft.Network/publicIPAddresses/spoke1PublicIP",
            "idle_timeout_in_minutes": 4,
            "ip_address": "",
            "ip_tags": null,
            "ip_version": "IPv4",
            "location": "eastus",
            "name": "spoke1PublicIP",
            "public_ip_prefix_id": null,
            "resource_group_name": "ralphael2",
            "reverse_fqdn": null,
            "sku": "Basic",
            "sku_tier": "Regional",
            "tags": null,
            "timeouts": null,
            "zones": null
          },
          "sensitive_attributes": [],
          "private": "eyJlMmJmYjczMC1lY2FhLTExZTYtOGY4OC0zNDM2M2JjN2M0YzAiOnsiY3JlYXRlIjoxODAwMDAwMDAwMDAwLCJkZWxldGUiOjE4MDAwMDAwMDAwMDAsInJlYWQiOjMwMDAwMDAwMDAwMCwidXBkYXRlIjoxODAwMDAwMDAwMDAwfX0=",
          "dependencies": [
            "azurerm_resource_group.example"
          ]
        }
      ]
    },
    {
      "mode": "managed",
      "type": "azurerm_public_ip",
      "name": "spoke2",
      "provider": "provider[\"registry.terraform.io/hashicorp/azurerm\"]",
      "instances": [
        {
          "schema_version": 0,
          "attributes": {
            "allocation_method": "Dynamic",
            "ddos_protection_mode": "VirtualNetworkInherited",
            "ddos_protection_plan_id": null,
            "domain_name_label": null,
            "edge_zone": "",
            "fqdn": null,
            "id": "/subscriptions/f13ecc2a-bc95-40eb-b244-85bedf7febb1/resourceGroups/ralphael2/providers/Microsoft.Network/publicIPAddresses/spoke2PublicIP",
            "idle_timeout_in_minutes": 4,
            "ip_address": "",
            "ip_tags": null,
            "ip_version": "IPv4",
            "location": "eastus",
            "name": "spoke2PublicIP",
            "public_ip_prefix_id": null,
            "resource_group_name": "ralphael2",
            "reverse_fqdn": null,
            "sku": "Basic",
            "sku_tier": "Regional",
            "tags": null,
            "timeouts": null,
            "zones": null
          },
          "sensitive_attributes": [],
          "private": "eyJlMmJmYjczMC1lY2FhLTExZTYtOGY4OC0zNDM2M2JjN2M0YzAiOnsiY3JlYXRlIjoxODAwMDAwMDAwMDAwLCJkZWxldGUiOjE4MDAwMDAwMDAwMDAsInJlYWQiOjMwMDAwMDAwMDAwMCwidXBkYXRlIjoxODAwMDAwMDAwMDAwfX0=",
          "dependencies": [
            "azurerm_resource_group.example"
          ]
        }
      ]
    },
    {
      "mode": "managed",
      "type": "azurerm_resource_group",
      "name": "example",
      "provider": "provider[\"registry.terraform.io/hashicorp/azurerm\"]",
      "instances": [
        {
          "schema_version": 0,
          "attributes": {
            "id": "/subscriptions/f13ecc2a-bc95-40eb-b244-85bedf7febb1/resourceGroups/ralphael2",
            "location": "eastus",
            "managed_by": "",
            "name": "ralphael2",
            "tags": null,
            "timeouts": null
          },
          "sensitive_attributes": [],
          "private": "eyJlMmJmYjczMC1lY2FhLTExZTYtOGY4OC0zNDM2M2JjN2M0YzAiOnsiY3JlYXRlIjo1NDAwMDAwMDAwMDAwLCJkZWxldGUiOjU0MDAwMDAwMDAwMDAsInJlYWQiOjMwMDAwMDAwMDAwMCwidXBkYXRlIjo1NDAwMDAwMDAwMDAwfX0="
        }
      ]
    },
    {
      "mode": "managed",
      "type": "azurerm_storage_account",
      "name": "example",
      "provider": "provider[\"registry.terraform.io/hashicorp/azurerm\"]",
      "instances": [
        {
          "schema_version": 4,
          "attributes": {
            "access_tier": "Hot",
            "account_kind": "StorageV2",
            "account_replication_type": "GRS",
            "account_tier": "Standard",
            "allow_nested_items_to_be_public": true,
            "allowed_copy_scope": "",
            "azure_files_authentication": [],
            "blob_properties": [
              {
                "change_feed_enabled": false,
                "change_feed_retention_in_days": 0,
                "container_delete_retention_policy": [],
                "cors_rule": [],
                "default_service_version": "",
                "delete_retention_policy": [],
                "last_access_time_enabled": false,
                "restore_policy": [],
                "versioning_enabled": false
              }
            ],
            "cross_tenant_replication_enabled": true,
            "custom_domain": [],
            "customer_managed_key": [],
            "default_to_oauth_authentication": false,
            "edge_zone": "",
            "enable_https_traffic_only": true,
            "id": "/subscriptions/f13ecc2a-bc95-40eb-b244-85bedf7febb1/resourceGroups/ralphael2/providers/Microsoft.Storage/storageAccounts/example234storage7897",
            "identity": [],
            "immutability_policy": [],
            "infrastructure_encryption_enabled": false,
            "is_hns_enabled": false,
            "large_file_share_enabled": null,
            "location": "eastus",
            "min_tls_version": "TLS1_2",
            "name": "example234storage7897",
            "network_rules": [
              {
                "bypass": [
                  "AzureServices"
                ],
                "default_action": "Allow",
                "ip_rules": [],
                "private_link_access": [],
                "virtual_network_subnet_ids": []
              }
            ],
            "nfsv3_enabled": false,
            "primary_access_key": "t96KuFBCcj5QLD2u6FfdSnj6H2OaVI5atEblIS86+x1Gl2S16rrX/TdW3ONCG4N6DfLbGL4QbrFu+AStB82sww==",
            "primary_blob_connection_string": "DefaultEndpointsProtocol=https;BlobEndpoint=https://example234storage7897.blob.core.windows.net/;AccountName=example234storage7897;AccountKey=t96KuFBCcj5QLD2u6FfdSnj6H2OaVI5atEblIS86+x1Gl2S16rrX/TdW3ONCG4N6DfLbGL4QbrFu+AStB82sww==",
            "primary_blob_endpoint": "https://example234storage7897.blob.core.windows.net/",
            "primary_blob_host": "example234storage7897.blob.core.windows.net",
            "primary_connection_string": "DefaultEndpointsProtocol=https;AccountName=example234storage7897;AccountKey=t96KuFBCcj5QLD2u6FfdSnj6H2OaVI5atEblIS86+x1Gl2S16rrX/TdW3ONCG4N6DfLbGL4QbrFu+AStB82sww==;EndpointSuffix=core.windows.net",
            "primary_dfs_endpoint": "https://example234storage7897.dfs.core.windows.net/",
            "primary_dfs_host": "example234storage7897.dfs.core.windows.net",
            "primary_file_endpoint": "https://example234storage7897.file.core.windows.net/",
            "primary_file_host": "example234storage7897.file.core.windows.net",
            "primary_location": "eastus",
            "primary_queue_endpoint": "https://example234storage7897.queue.core.windows.net/",
            "primary_queue_host": "example234storage7897.queue.core.windows.net",
            "primary_table_endpoint": "https://example234storage7897.table.core.windows.net/",
            "primary_table_host": "example234storage7897.table.core.windows.net",
            "primary_web_endpoint": "https://example234storage7897.z13.web.core.windows.net/",
            "primary_web_host": "example234storage7897.z13.web.core.windows.net",
            "public_network_access_enabled": true,
            "queue_encryption_key_type": "Service",
            "queue_properties": [
              {
                "cors_rule": [],
                "hour_metrics": [
                  {
                    "enabled": true,
                    "include_apis": true,
                    "retention_policy_days": 7,
                    "version": "1.0"
                  }
                ],
                "logging": [
                  {
                    "delete": false,
                    "read": false,
                    "retention_policy_days": 0,
                    "version": "1.0",
                    "write": false
                  }
                ],
                "minute_metrics": [
                  {
                    "enabled": false,
                    "include_apis": false,
                    "retention_policy_days": 0,
                    "version": "1.0"
                  }
                ]
              }
            ],
            "resource_group_name": "ralphael2",
            "routing": [],
            "sas_policy": [],
            "secondary_access_key": "A8p9R8qwK3chQBX9pTtRkATfp/ZrOgN45xeoiIoKjWC1383cjPeq4WxWDOna5FkqW82Iun6s7/OV+AStrD53Pw==",
            "secondary_blob_connection_string": "",
            "secondary_blob_endpoint": null,
            "secondary_blob_host": null,
            "secondary_connection_string": "DefaultEndpointsProtocol=https;AccountName=example234storage7897;AccountKey=A8p9R8qwK3chQBX9pTtRkATfp/ZrOgN45xeoiIoKjWC1383cjPeq4WxWDOna5FkqW82Iun6s7/OV+AStrD53Pw==;EndpointSuffix=core.windows.net",
            "secondary_dfs_endpoint": null,
            "secondary_dfs_host": null,
            "secondary_file_endpoint": null,
            "secondary_file_host": null,
            "secondary_location": "westus",
            "secondary_queue_endpoint": null,
            "secondary_queue_host": null,
            "secondary_table_endpoint": null,
            "secondary_table_host": null,
            "secondary_web_endpoint": null,
            "secondary_web_host": null,
            "sftp_enabled": false,
            "share_properties": [
              {
                "cors_rule": [],
                "retention_policy": [
                  {
                    "days": 7
                  }
                ],
                "smb": []
              }
            ],
            "shared_access_key_enabled": true,
            "static_website": [],
            "table_encryption_key_type": "Service",
            "tags": null,
            "timeouts": null
          },
          "sensitive_attributes": [],
          "private": "eyJlMmJmYjczMC1lY2FhLTExZTYtOGY4OC0zNDM2M2JjN2M0YzAiOnsiY3JlYXRlIjozNjAwMDAwMDAwMDAwLCJkZWxldGUiOjM2MDAwMDAwMDAwMDAsInJlYWQiOjMwMDAwMDAwMDAwMCwidXBkYXRlIjozNjAwMDAwMDAwMDAwfSwic2NoZW1hX3ZlcnNpb24iOiI0In0=",
          "dependencies": [
            "azurerm_resource_group.example"
          ]
        }
      ]
    },
    {
      "mode": "managed",
      "type": "azurerm_subnet",
      "name": "hub",
      "provider": "provider[\"registry.terraform.io/hashicorp/azurerm\"]",
      "instances": [
        {
          "schema_version": 0,
          "attributes": {
            "address_prefixes": [
              "10.2.0.0/24"
            ],
            "delegation": [],
            "enforce_private_link_endpoint_network_policies": true,
            "enforce_private_link_service_network_policies": true,
            "id": "/subscriptions/f13ecc2a-bc95-40eb-b244-85bedf7febb1/resourceGroups/ralphael2/providers/Microsoft.Network/virtualNetworks/hubNetwork/subnets/hubSubnet",
            "name": "hubSubnet",
            "private_endpoint_network_policies_enabled": false,
            "private_link_service_network_policies_enabled": false,
            "resource_group_name": "ralphael2",
            "service_endpoint_policy_ids": null,
            "service_endpoints": null,
            "timeouts": null,
            "virtual_network_name": "hubNetwork"
          },
          "sensitive_attributes": [],
          "private": "eyJlMmJmYjczMC1lY2FhLTExZTYtOGY4OC0zNDM2M2JjN2M0YzAiOnsiY3JlYXRlIjoxODAwMDAwMDAwMDAwLCJkZWxldGUiOjE4MDAwMDAwMDAwMDAsInJlYWQiOjMwMDAwMDAwMDAwMCwidXBkYXRlIjoxODAwMDAwMDAwMDAwfX0=",
          "dependencies": [
            "azurerm_resource_group.example",
            "azurerm_virtual_network.hub"
          ]
        }
      ]
    },
    {
      "mode": "managed",
      "type": "azurerm_subnet",
      "name": "spoke1",
      "provider": "provider[\"registry.terraform.io/hashicorp/azurerm\"]",
      "instances": [
        {
          "schema_version": 0,
          "attributes": {
            "address_prefixes": [
              "10.3.0.0/24"
            ],
            "delegation": [],
            "enforce_private_link_endpoint_network_policies": true,
            "enforce_private_link_service_network_policies": true,
            "id": "/subscriptions/f13ecc2a-bc95-40eb-b244-85bedf7febb1/resourceGroups/ralphael2/providers/Microsoft.Network/virtualNetworks/spoke1Network/subnets/spoke1Subnet",
            "name": "spoke1Subnet",
            "private_endpoint_network_policies_enabled": false,
            "private_link_service_network_policies_enabled": false,
            "resource_group_name": "ralphael2",
            "service_endpoint_policy_ids": null,
            "service_endpoints": null,
            "timeouts": null,
            "virtual_network_name": "spoke1Network"
          },
          "sensitive_attributes": [],
          "private": "eyJlMmJmYjczMC1lY2FhLTExZTYtOGY4OC0zNDM2M2JjN2M0YzAiOnsiY3JlYXRlIjoxODAwMDAwMDAwMDAwLCJkZWxldGUiOjE4MDAwMDAwMDAwMDAsInJlYWQiOjMwMDAwMDAwMDAwMCwidXBkYXRlIjoxODAwMDAwMDAwMDAwfX0=",
          "dependencies": [
            "azurerm_resource_group.example",
            "azurerm_virtual_network.spoke1"
          ]
        }
      ]
    },
    {
      "mode": "managed",
      "type": "azurerm_subnet",
      "name": "spoke2",
      "provider": "provider[\"registry.terraform.io/hashicorp/azurerm\"]",
      "instances": [
        {
          "schema_version": 0,
          "attributes": {
            "address_prefixes": [
              "10.4.0.0/24"
            ],
            "delegation": [],
            "enforce_private_link_endpoint_network_policies": true,
            "enforce_private_link_service_network_policies": true,
            "id": "/subscriptions/f13ecc2a-bc95-40eb-b244-85bedf7febb1/resourceGroups/ralphael2/providers/Microsoft.Network/virtualNetworks/spoke2Network/subnets/spoke2Subnet",
            "name": "spoke2Subnet",
            "private_endpoint_network_policies_enabled": false,
            "private_link_service_network_policies_enabled": false,
            "resource_group_name": "ralphael2",
            "service_endpoint_policy_ids": null,
            "service_endpoints": null,
            "timeouts": null,
            "virtual_network_name": "spoke2Network"
          },
          "sensitive_attributes": [],
          "private": "eyJlMmJmYjczMC1lY2FhLTExZTYtOGY4OC0zNDM2M2JjN2M0YzAiOnsiY3JlYXRlIjoxODAwMDAwMDAwMDAwLCJkZWxldGUiOjE4MDAwMDAwMDAwMDAsInJlYWQiOjMwMDAwMDAwMDAwMCwidXBkYXRlIjoxODAwMDAwMDAwMDAwfX0=",
          "dependencies": [
            "azurerm_resource_group.example",
            "azurerm_virtual_network.spoke2"
          ]
        }
      ]
    },
    {
      "mode": "managed",
      "type": "azurerm_subnet",
      "name": "tier2-GWsubnet",
      "provider": "provider[\"registry.terraform.io/hashicorp/azurerm\"]",
      "instances": [
        {
          "schema_version": 0,
          "attributes": {
            "address_prefixes": [
              "10.0.0.128/27"
            ],
            "delegation": [],
            "enforce_private_link_endpoint_network_policies": false,
            "enforce_private_link_service_network_policies": false,
            "id": "/subscriptions/f13ecc2a-bc95-40eb-b244-85bedf7febb1/resourceGroups/ralphael2/providers/Microsoft.Network/virtualNetworks/tier2Network/subnets/GatewaySubnet",
            "name": "GatewaySubnet",
            "private_endpoint_network_policies_enabled": true,
            "private_link_service_network_policies_enabled": true,
            "resource_group_name": "ralphael2",
            "service_endpoint_policy_ids": null,
            "service_endpoints": null,
            "timeouts": null,
            "virtual_network_name": "tier2Network"
          },
          "sensitive_attributes": [],
          "private": "eyJlMmJmYjczMC1lY2FhLTExZTYtOGY4OC0zNDM2M2JjN2M0YzAiOnsiY3JlYXRlIjoxODAwMDAwMDAwMDAwLCJkZWxldGUiOjE4MDAwMDAwMDAwMDAsInJlYWQiOjMwMDAwMDAwMDAwMCwidXBkYXRlIjoxODAwMDAwMDAwMDAwfX0=",
          "dependencies": [
            "azurerm_resource_group.example",
            "azurerm_virtual_network.tier2"
          ]
        }
      ]
    },
    {
      "mode": "managed",
      "type": "azurerm_subnet",
      "name": "tier2-ergsubnet",
      "provider": "provider[\"registry.terraform.io/hashicorp/azurerm\"]",
      "instances": [
        {
          "schema_version": 0,
          "attributes": {
            "address_prefixes": [
              "10.0.0.160/27"
            ],
            "delegation": [],
            "enforce_private_link_endpoint_network_policies": false,
            "enforce_private_link_service_network_policies": false,
            "id": "/subscriptions/f13ecc2a-bc95-40eb-b244-85bedf7febb1/resourceGroups/ralphael2/providers/Microsoft.Network/virtualNetworks/tier2Network/subnets/Tier2EGRSubnet",
            "name": "Tier2EGRSubnet",
            "private_endpoint_network_policies_enabled": true,
            "private_link_service_network_policies_enabled": true,
            "resource_group_name": "ralphael2",
            "service_endpoint_policy_ids": null,
            "service_endpoints": null,
            "timeouts": null,
            "virtual_network_name": "tier2Network"
          },
          "sensitive_attributes": [],
          "private": "eyJlMmJmYjczMC1lY2FhLTExZTYtOGY4OC0zNDM2M2JjN2M0YzAiOnsiY3JlYXRlIjoxODAwMDAwMDAwMDAwLCJkZWxldGUiOjE4MDAwMDAwMDAwMDAsInJlYWQiOjMwMDAwMDAwMDAwMCwidXBkYXRlIjoxODAwMDAwMDAwMDAwfX0=",
          "dependencies": [
            "azurerm_resource_group.example",
            "azurerm_virtual_network.tier2"
          ]
        }
      ]
    },
    {
      "mode": "managed",
      "type": "azurerm_virtual_machine_extension",
      "name": "hub",
      "provider": "provider[\"registry.terraform.io/hashicorp/azurerm\"]",
      "instances": [
        {
          "schema_version": 0,
          "attributes": {
            "auto_upgrade_minor_version": false,
            "automatic_upgrade_enabled": false,
            "failure_suppression_enabled": false,
            "id": "/subscriptions/f13ecc2a-bc95-40eb-b244-85bedf7febb1/resourceGroups/ralphael2/providers/Microsoft.Compute/virtualMachines/hub-vm/extensions/hubFirewallRule",
            "name": "hubFirewallRule",
            "protected_settings": null,
            "protected_settings_from_key_vault": [],
            "publisher": "Microsoft.Compute",
            "settings": "{\"commandToExecute\":\"powershell.exe New-NetFirewallRule –DisplayName 'Allow ICMPv4-In' –Protocol ICMPv4\"}",
            "tags": null,
            "timeouts": null,
            "type": "CustomScriptExtension",
            "type_handler_version": "1.9",
            "virtual_machine_id": "/subscriptions/f13ecc2a-bc95-40eb-b244-85bedf7febb1/resourceGroups/ralphael2/providers/Microsoft.Compute/virtualMachines/hub-vm"
          },
          "sensitive_attributes": [],
          "private": "eyJlMmJmYjczMC1lY2FhLTExZTYtOGY4OC0zNDM2M2JjN2M0YzAiOnsiY3JlYXRlIjoxODAwMDAwMDAwMDAwLCJkZWxldGUiOjE4MDAwMDAwMDAwMDAsInJlYWQiOjMwMDAwMDAwMDAwMCwidXBkYXRlIjoxODAwMDAwMDAwMDAwfX0=",
          "dependencies": [
            "azurerm_network_interface.hub-nic",
            "azurerm_public_ip.hub-pip",
            "azurerm_resource_group.example",
            "azurerm_subnet.hub",
            "azurerm_virtual_network.hub",
            "azurerm_windows_virtual_machine.ralphael2-hub-vm"
          ]
        }
      ]
    },
    {
      "mode": "managed",
      "type": "azurerm_virtual_machine_extension",
      "name": "spoke1",
      "provider": "provider[\"registry.terraform.io/hashicorp/azurerm\"]",
      "instances": [
        {
          "schema_version": 0,
          "attributes": {
            "auto_upgrade_minor_version": false,
            "automatic_upgrade_enabled": false,
            "failure_suppression_enabled": false,
            "id": "/subscriptions/f13ecc2a-bc95-40eb-b244-85bedf7febb1/resourceGroups/ralphael2/providers/Microsoft.Compute/virtualMachines/spoke1-vm/extensions/spokeFirewallRule",
            "name": "spokeFirewallRule",
            "protected_settings": null,
            "protected_settings_from_key_vault": [],
            "publisher": "Microsoft.Compute",
            "settings": "{\"commandToExecute\":\"powershell.exe New-NetFirewallRule –DisplayName 'Allow ICMPv4-In' –Protocol ICMPv4\"}",
            "tags": null,
            "timeouts": null,
            "type": "CustomScriptExtension",
            "type_handler_version": "1.9",
            "virtual_machine_id": "/subscriptions/f13ecc2a-bc95-40eb-b244-85bedf7febb1/resourceGroups/ralphael2/providers/Microsoft.Compute/virtualMachines/spoke1-vm"
          },
          "sensitive_attributes": [],
          "private": "eyJlMmJmYjczMC1lY2FhLTExZTYtOGY4OC0zNDM2M2JjN2M0YzAiOnsiY3JlYXRlIjoxODAwMDAwMDAwMDAwLCJkZWxldGUiOjE4MDAwMDAwMDAwMDAsInJlYWQiOjMwMDAwMDAwMDAwMCwidXBkYXRlIjoxODAwMDAwMDAwMDAwfX0=",
          "dependencies": [
            "azurerm_network_interface.spoke1-nic",
            "azurerm_public_ip.spoke1",
            "azurerm_resource_group.example",
            "azurerm_subnet.spoke1",
            "azurerm_virtual_network.spoke1",
            "azurerm_windows_virtual_machine.ralphael2-spoke1-vm"
          ]
        }
      ]
    },
    {
      "mode": "managed",
      "type": "azurerm_virtual_network",
      "name": "hub",
      "provider": "provider[\"registry.terraform.io/hashicorp/azurerm\"]",
      "instances": [
        {
          "schema_version": 0,
          "attributes": {
            "address_space": [
              "10.2.0.0/16"
            ],
            "bgp_community": "",
            "ddos_protection_plan": [],
            "dns_servers": [],
            "edge_zone": "",
            "flow_timeout_in_minutes": 0,
            "guid": "5121df2d-b421-4585-8c08-9d92fdc3a45d",
            "id": "/subscriptions/f13ecc2a-bc95-40eb-b244-85bedf7febb1/resourceGroups/ralphael2/providers/Microsoft.Network/virtualNetworks/hubNetwork",
            "location": "eastus",
            "name": "hubNetwork",
            "resource_group_name": "ralphael2",
            "subnet": [],
            "tags": null,
            "timeouts": null
          },
          "sensitive_attributes": [],
          "private": "eyJlMmJmYjczMC1lY2FhLTExZTYtOGY4OC0zNDM2M2JjN2M0YzAiOnsiY3JlYXRlIjoxODAwMDAwMDAwMDAwLCJkZWxldGUiOjE4MDAwMDAwMDAwMDAsInJlYWQiOjMwMDAwMDAwMDAwMCwidXBkYXRlIjoxODAwMDAwMDAwMDAwfX0=",
          "dependencies": [
            "azurerm_resource_group.example"
          ]
        }
      ]
    },
    {
      "mode": "managed",
      "type": "azurerm_virtual_network",
      "name": "spoke1",
      "provider": "provider[\"registry.terraform.io/hashicorp/azurerm\"]",
      "instances": [
        {
          "schema_version": 0,
          "attributes": {
            "address_space": [
              "10.3.0.0/16"
            ],
            "bgp_community": "",
            "ddos_protection_plan": [],
            "dns_servers": [],
            "edge_zone": "",
            "flow_timeout_in_minutes": 0,
            "guid": "ad7a925c-9819-47fa-9a39-5459462461e9",
            "id": "/subscriptions/f13ecc2a-bc95-40eb-b244-85bedf7febb1/resourceGroups/ralphael2/providers/Microsoft.Network/virtualNetworks/spoke1Network",
            "location": "eastus",
            "name": "spoke1Network",
            "resource_group_name": "ralphael2",
            "subnet": [],
            "tags": null,
            "timeouts": null
          },
          "sensitive_attributes": [],
          "private": "eyJlMmJmYjczMC1lY2FhLTExZTYtOGY4OC0zNDM2M2JjN2M0YzAiOnsiY3JlYXRlIjoxODAwMDAwMDAwMDAwLCJkZWxldGUiOjE4MDAwMDAwMDAwMDAsInJlYWQiOjMwMDAwMDAwMDAwMCwidXBkYXRlIjoxODAwMDAwMDAwMDAwfX0=",
          "dependencies": [
            "azurerm_resource_group.example"
          ]
        }
      ]
    },
    {
      "mode": "managed",
      "type": "azurerm_virtual_network",
      "name": "spoke2",
      "provider": "provider[\"registry.terraform.io/hashicorp/azurerm\"]",
      "instances": [
        {
          "schema_version": 0,
          "attributes": {
            "address_space": [
              "10.4.0.0/16"
            ],
            "bgp_community": "",
            "ddos_protection_plan": [],
            "dns_servers": [],
            "edge_zone": "",
            "flow_timeout_in_minutes": 0,
            "guid": "aceee62a-bafa-4a5e-8e2f-08fe18b3a885",
            "id": "/subscriptions/f13ecc2a-bc95-40eb-b244-85bedf7febb1/resourceGroups/ralphael2/providers/Microsoft.Network/virtualNetworks/spoke2Network",
            "location": "eastus",
            "name": "spoke2Network",
            "resource_group_name": "ralphael2",
            "subnet": [],
            "tags": null,
            "timeouts": null
          },
          "sensitive_attributes": [],
          "private": "eyJlMmJmYjczMC1lY2FhLTExZTYtOGY4OC0zNDM2M2JjN2M0YzAiOnsiY3JlYXRlIjoxODAwMDAwMDAwMDAwLCJkZWxldGUiOjE4MDAwMDAwMDAwMDAsInJlYWQiOjMwMDAwMDAwMDAwMCwidXBkYXRlIjoxODAwMDAwMDAwMDAwfX0=",
          "dependencies": [
            "azurerm_resource_group.example"
          ]
        }
      ]
    },
    {
      "mode": "managed",
      "type": "azurerm_virtual_network",
      "name": "tier2",
      "provider": "provider[\"registry.terraform.io/hashicorp/azurerm\"]",
      "instances": [
        {
          "schema_version": 0,
          "attributes": {
            "address_space": [
              "10.0.0.128/26"
            ],
            "bgp_community": "",
            "ddos_protection_plan": [],
            "dns_servers": [],
            "edge_zone": "",
            "flow_timeout_in_minutes": 0,
            "guid": "3ad8b5c7-fb45-4740-aab8-9906317b8a62",
            "id": "/subscriptions/f13ecc2a-bc95-40eb-b244-85bedf7febb1/resourceGroups/ralphael2/providers/Microsoft.Network/virtualNetworks/tier2Network",
            "location": "eastus",
            "name": "tier2Network",
            "resource_group_name": "ralphael2",
            "subnet": [],
            "tags": null,
            "timeouts": null
          },
          "sensitive_attributes": [],
          "private": "eyJlMmJmYjczMC1lY2FhLTExZTYtOGY4OC0zNDM2M2JjN2M0YzAiOnsiY3JlYXRlIjoxODAwMDAwMDAwMDAwLCJkZWxldGUiOjE4MDAwMDAwMDAwMDAsInJlYWQiOjMwMDAwMDAwMDAwMCwidXBkYXRlIjoxODAwMDAwMDAwMDAwfX0=",
          "dependencies": [
            "azurerm_resource_group.example"
          ]
        }
      ]
    },
    {
      "mode": "managed",
      "type": "azurerm_virtual_network_peering",
      "name": "hub_to_tier2",
      "provider": "provider[\"registry.terraform.io/hashicorp/azurerm\"]",
      "instances": [
        {
          "schema_version": 0,
          "attributes": {
            "allow_forwarded_traffic": true,
            "allow_gateway_transit": false,
            "allow_virtual_network_access": true,
            "id": "/subscriptions/f13ecc2a-bc95-40eb-b244-85bedf7febb1/resourceGroups/ralphael2/providers/Microsoft.Network/virtualNetworks/hubNetwork/virtualNetworkPeerings/hub-to-tier2",
            "name": "hub-to-tier2",
            "remote_virtual_network_id": "/subscriptions/f13ecc2a-bc95-40eb-b244-85bedf7febb1/resourceGroups/ralphael2/providers/Microsoft.Network/virtualNetworks/tier2Network",
            "resource_group_name": "ralphael2",
            "timeouts": null,
            "triggers": null,
            "use_remote_gateways": false,
            "virtual_network_name": "hubNetwork"
          },
          "sensitive_attributes": [],
          "private": "eyJlMmJmYjczMC1lY2FhLTExZTYtOGY4OC0zNDM2M2JjN2M0YzAiOnsiY3JlYXRlIjoxODAwMDAwMDAwMDAwLCJkZWxldGUiOjE4MDAwMDAwMDAwMDAsInJlYWQiOjMwMDAwMDAwMDAwMCwidXBkYXRlIjoxODAwMDAwMDAwMDAwfX0=",
          "dependencies": [
            "azurerm_resource_group.example",
            "azurerm_virtual_network.hub",
            "azurerm_virtual_network.tier2"
          ]
        }
      ]
    },
    {
      "mode": "managed",
      "type": "azurerm_virtual_network_peering",
      "name": "spoke1_to_tier2",
      "provider": "provider[\"registry.terraform.io/hashicorp/azurerm\"]",
      "instances": [
        {
          "schema_version": 0,
          "attributes": {
            "allow_forwarded_traffic": true,
            "allow_gateway_transit": false,
            "allow_virtual_network_access": true,
            "id": "/subscriptions/f13ecc2a-bc95-40eb-b244-85bedf7febb1/resourceGroups/ralphael2/providers/Microsoft.Network/virtualNetworks/spoke1Network/virtualNetworkPeerings/spoke1-to-tier2",
            "name": "spoke1-to-tier2",
            "remote_virtual_network_id": "/subscriptions/f13ecc2a-bc95-40eb-b244-85bedf7febb1/resourceGroups/ralphael2/providers/Microsoft.Network/virtualNetworks/tier2Network",
            "resource_group_name": "ralphael2",
            "timeouts": null,
            "triggers": null,
            "use_remote_gateways": false,
            "virtual_network_name": "spoke1Network"
          },
          "sensitive_attributes": [],
          "private": "eyJlMmJmYjczMC1lY2FhLTExZTYtOGY4OC0zNDM2M2JjN2M0YzAiOnsiY3JlYXRlIjoxODAwMDAwMDAwMDAwLCJkZWxldGUiOjE4MDAwMDAwMDAwMDAsInJlYWQiOjMwMDAwMDAwMDAwMCwidXBkYXRlIjoxODAwMDAwMDAwMDAwfX0=",
          "dependencies": [
            "azurerm_resource_group.example",
            "azurerm_virtual_network.spoke1",
            "azurerm_virtual_network.tier2"
          ]
        }
      ]
    },
    {
      "mode": "managed",
      "type": "azurerm_virtual_network_peering",
      "name": "spoke2_to_tier2",
      "provider": "provider[\"registry.terraform.io/hashicorp/azurerm\"]",
      "instances": [
        {
          "schema_version": 0,
          "attributes": {
            "allow_forwarded_traffic": true,
            "allow_gateway_transit": false,
            "allow_virtual_network_access": true,
            "id": "/subscriptions/f13ecc2a-bc95-40eb-b244-85bedf7febb1/resourceGroups/ralphael2/providers/Microsoft.Network/virtualNetworks/spoke2Network/virtualNetworkPeerings/spoke2-to-tier2",
            "name": "spoke2-to-tier2",
            "remote_virtual_network_id": "/subscriptions/f13ecc2a-bc95-40eb-b244-85bedf7febb1/resourceGroups/ralphael2/providers/Microsoft.Network/virtualNetworks/tier2Network",
            "resource_group_name": "ralphael2",
            "timeouts": null,
            "triggers": null,
            "use_remote_gateways": false,
            "virtual_network_name": "spoke2Network"
          },
          "sensitive_attributes": [],
          "private": "eyJlMmJmYjczMC1lY2FhLTExZTYtOGY4OC0zNDM2M2JjN2M0YzAiOnsiY3JlYXRlIjoxODAwMDAwMDAwMDAwLCJkZWxldGUiOjE4MDAwMDAwMDAwMDAsInJlYWQiOjMwMDAwMDAwMDAwMCwidXBkYXRlIjoxODAwMDAwMDAwMDAwfX0=",
          "dependencies": [
            "azurerm_resource_group.example",
            "azurerm_virtual_network.spoke2",
            "azurerm_virtual_network.tier2"
          ]
        }
      ]
    },
    {
      "mode": "managed",
      "type": "azurerm_virtual_network_peering",
      "name": "tier2_to_hub",
      "provider": "provider[\"registry.terraform.io/hashicorp/azurerm\"]",
      "instances": [
        {
          "schema_version": 0,
          "attributes": {
            "allow_forwarded_traffic": true,
            "allow_gateway_transit": false,
            "allow_virtual_network_access": true,
            "id": "/subscriptions/f13ecc2a-bc95-40eb-b244-85bedf7febb1/resourceGroups/ralphael2/providers/Microsoft.Network/virtualNetworks/tier2Network/virtualNetworkPeerings/tier2-to-hub",
            "name": "tier2-to-hub",
            "remote_virtual_network_id": "/subscriptions/f13ecc2a-bc95-40eb-b244-85bedf7febb1/resourceGroups/ralphael2/providers/Microsoft.Network/virtualNetworks/hubNetwork",
            "resource_group_name": "ralphael2",
            "timeouts": null,
            "triggers": null,
            "use_remote_gateways": false,
            "virtual_network_name": "tier2Network"
          },
          "sensitive_attributes": [],
          "private": "eyJlMmJmYjczMC1lY2FhLTExZTYtOGY4OC0zNDM2M2JjN2M0YzAiOnsiY3JlYXRlIjoxODAwMDAwMDAwMDAwLCJkZWxldGUiOjE4MDAwMDAwMDAwMDAsInJlYWQiOjMwMDAwMDAwMDAwMCwidXBkYXRlIjoxODAwMDAwMDAwMDAwfX0=",
          "dependencies": [
            "azurerm_resource_group.example",
            "azurerm_virtual_network.hub",
            "azurerm_virtual_network.tier2"
          ]
        }
      ]
    },
    {
      "mode": "managed",
      "type": "azurerm_virtual_network_peering",
      "name": "tier2_to_spoke1",
      "provider": "provider[\"registry.terraform.io/hashicorp/azurerm\"]",
      "instances": [
        {
          "schema_version": 0,
          "attributes": {
            "allow_forwarded_traffic": true,
            "allow_gateway_transit": false,
            "allow_virtual_network_access": true,
            "id": "/subscriptions/f13ecc2a-bc95-40eb-b244-85bedf7febb1/resourceGroups/ralphael2/providers/Microsoft.Network/virtualNetworks/tier2Network/virtualNetworkPeerings/tier2-to-spoke1",
            "name": "tier2-to-spoke1",
            "remote_virtual_network_id": "/subscriptions/f13ecc2a-bc95-40eb-b244-85bedf7febb1/resourceGroups/ralphael2/providers/Microsoft.Network/virtualNetworks/spoke1Network",
            "resource_group_name": "ralphael2",
            "timeouts": null,
            "triggers": null,
            "use_remote_gateways": false,
            "virtual_network_name": "tier2Network"
          },
          "sensitive_attributes": [],
          "private": "eyJlMmJmYjczMC1lY2FhLTExZTYtOGY4OC0zNDM2M2JjN2M0YzAiOnsiY3JlYXRlIjoxODAwMDAwMDAwMDAwLCJkZWxldGUiOjE4MDAwMDAwMDAwMDAsInJlYWQiOjMwMDAwMDAwMDAwMCwidXBkYXRlIjoxODAwMDAwMDAwMDAwfX0=",
          "dependencies": [
            "azurerm_resource_group.example",
            "azurerm_virtual_network.spoke1",
            "azurerm_virtual_network.tier2"
          ]
        }
      ]
    },
    {
      "mode": "managed",
      "type": "azurerm_virtual_network_peering",
      "name": "tier2_to_spoke2",
      "provider": "provider[\"registry.terraform.io/hashicorp/azurerm\"]",
      "instances": [
        {
          "schema_version": 0,
          "attributes": {
            "allow_forwarded_traffic": true,
            "allow_gateway_transit": false,
            "allow_virtual_network_access": true,
            "id": "/subscriptions/f13ecc2a-bc95-40eb-b244-85bedf7febb1/resourceGroups/ralphael2/providers/Microsoft.Network/virtualNetworks/tier2Network/virtualNetworkPeerings/tier2-to-spoke2",
            "name": "tier2-to-spoke2",
            "remote_virtual_network_id": "/subscriptions/f13ecc2a-bc95-40eb-b244-85bedf7febb1/resourceGroups/ralphael2/providers/Microsoft.Network/virtualNetworks/spoke2Network",
            "resource_group_name": "ralphael2",
            "timeouts": null,
            "triggers": null,
            "use_remote_gateways": false,
            "virtual_network_name": "tier2Network"
          },
          "sensitive_attributes": [],
          "private": "eyJlMmJmYjczMC1lY2FhLTExZTYtOGY4OC0zNDM2M2JjN2M0YzAiOnsiY3JlYXRlIjoxODAwMDAwMDAwMDAwLCJkZWxldGUiOjE4MDAwMDAwMDAwMDAsInJlYWQiOjMwMDAwMDAwMDAwMCwidXBkYXRlIjoxODAwMDAwMDAwMDAwfX0=",
          "dependencies": [
            "azurerm_resource_group.example",
            "azurerm_virtual_network.spoke2",
            "azurerm_virtual_network.tier2"
          ]
        }
      ]
    },
    {
      "mode": "managed",
      "type": "azurerm_windows_virtual_machine",
      "name": "ralphael2-hub-vm",
      "provider": "provider[\"registry.terraform.io/hashicorp/azurerm\"]",
      "instances": [
        {
          "schema_version": 0,
          "attributes": {
            "additional_capabilities": [],
            "additional_unattend_content": [],
            "admin_password": "12qwaszx!@QWASZX",
            "admin_username": "azureuser",
            "allow_extension_operations": true,
            "availability_set_id": "",
            "boot_diagnostics": [],
            "capacity_reservation_group_id": "",
            "computer_name": "hub-vm",
            "custom_data": null,
            "dedicated_host_group_id": "",
            "dedicated_host_id": "",
            "edge_zone": "",
            "enable_automatic_updates": true,
            "encryption_at_host_enabled": false,
            "eviction_policy": "",
            "extensions_time_budget": "PT1H30M",
            "gallery_application": [],
            "hotpatching_enabled": false,
            "id": "/subscriptions/f13ecc2a-bc95-40eb-b244-85bedf7febb1/resourceGroups/ralphael2/providers/Microsoft.Compute/virtualMachines/hub-vm",
            "identity": [],
            "license_type": "",
            "location": "eastus",
            "max_bid_price": -1,
            "name": "hub-vm",
            "network_interface_ids": [
              "/subscriptions/f13ecc2a-bc95-40eb-b244-85bedf7febb1/resourceGroups/ralphael2/providers/Microsoft.Network/networkInterfaces/hub-vm-nic"
            ],
            "os_disk": [
              {
                "caching": "ReadWrite",
                "diff_disk_settings": [],
                "disk_encryption_set_id": "",
                "disk_size_gb": 127,
                "name": "hub-vm_OsDisk_1_0bea6312fd35402c984f028301e02af2",
                "secure_vm_disk_encryption_set_id": "",
                "security_encryption_type": "",
                "storage_account_type": "Standard_LRS",
                "write_accelerator_enabled": false
              }
            ],
            "patch_assessment_mode": "ImageDefault",
            "patch_mode": "AutomaticByOS",
            "plan": [],
            "platform_fault_domain": -1,
            "priority": "Regular",
            "private_ip_address": "10.2.0.4",
            "private_ip_addresses": [
              "10.2.0.4"
            ],
            "provision_vm_agent": true,
            "proximity_placement_group_id": "",
            "public_ip_address": "20.232.10.12",
            "public_ip_addresses": [
              "20.232.10.12"
            ],
            "resource_group_name": "ralphael2",
            "secret": [],
            "secure_boot_enabled": false,
            "size": "Standard_DS1_v2",
            "source_image_id": "",
            "source_image_reference": [
              {
                "offer": "WindowsServer",
                "publisher": "MicrosoftWindowsServer",
                "sku": "2016-Datacenter",
                "version": "latest"
              }
            ],
            "tags": {
              "environment": "HUB-VM"
            },
            "termination_notification": null,
            "timeouts": null,
            "timezone": "",
            "user_data": "",
            "virtual_machine_id": "f42196be-dd4e-4270-b859-c3f9ba85c0b4",
            "virtual_machine_scale_set_id": "",
            "vtpm_enabled": false,
            "winrm_listener": [],
            "zone": ""
          },
          "sensitive_attributes": [],
          "private": "eyJlMmJmYjczMC1lY2FhLTExZTYtOGY4OC0zNDM2M2JjN2M0YzAiOnsiY3JlYXRlIjoyNzAwMDAwMDAwMDAwLCJkZWxldGUiOjI3MDAwMDAwMDAwMDAsInJlYWQiOjMwMDAwMDAwMDAwMCwidXBkYXRlIjoyNzAwMDAwMDAwMDAwfX0=",
          "dependencies": [
            "azurerm_network_interface.hub-nic",
            "azurerm_public_ip.hub-pip",
            "azurerm_resource_group.example",
            "azurerm_subnet.hub",
            "azurerm_virtual_network.hub"
          ]
        }
      ]
    },
    {
      "mode": "managed",
      "type": "azurerm_windows_virtual_machine",
      "name": "ralphael2-spoke1-vm",
      "provider": "provider[\"registry.terraform.io/hashicorp/azurerm\"]",
      "instances": [
        {
          "schema_version": 0,
          "attributes": {
            "additional_capabilities": [],
            "additional_unattend_content": [],
            "admin_password": "12qwaszx!@QWASZX",
            "admin_username": "azureuser",
            "allow_extension_operations": true,
            "availability_set_id": "",
            "boot_diagnostics": [],
            "capacity_reservation_group_id": "",
            "computer_name": "spoke1-vm",
            "custom_data": null,
            "dedicated_host_group_id": "",
            "dedicated_host_id": "",
            "edge_zone": "",
            "enable_automatic_updates": true,
            "encryption_at_host_enabled": false,
            "eviction_policy": "",
            "extensions_time_budget": "PT1H30M",
            "gallery_application": [],
            "hotpatching_enabled": false,
            "id": "/subscriptions/f13ecc2a-bc95-40eb-b244-85bedf7febb1/resourceGroups/ralphael2/providers/Microsoft.Compute/virtualMachines/spoke1-vm",
            "identity": [],
            "license_type": "",
            "location": "eastus",
            "max_bid_price": -1,
            "name": "spoke1-vm",
            "network_interface_ids": [
              "/subscriptions/f13ecc2a-bc95-40eb-b244-85bedf7febb1/resourceGroups/ralphael2/providers/Microsoft.Network/networkInterfaces/spoke1-vm-nic"
            ],
            "os_disk": [
              {
                "caching": "ReadWrite",
                "diff_disk_settings": [],
                "disk_encryption_set_id": "",
                "disk_size_gb": 127,
                "name": "spoke1-vm_OsDisk_1_552b06f040724f118b8739c589fbdb0f",
                "secure_vm_disk_encryption_set_id": "",
                "security_encryption_type": "",
                "storage_account_type": "Standard_LRS",
                "write_accelerator_enabled": false
              }
            ],
            "patch_assessment_mode": "ImageDefault",
            "patch_mode": "AutomaticByOS",
            "plan": [],
            "platform_fault_domain": -1,
            "priority": "Regular",
            "private_ip_address": "10.3.0.4",
            "private_ip_addresses": [
              "10.3.0.4"
            ],
            "provision_vm_agent": true,
            "proximity_placement_group_id": "",
            "public_ip_address": "20.232.9.218",
            "public_ip_addresses": [
              "20.232.9.218"
            ],
            "resource_group_name": "ralphael2",
            "secret": [],
            "secure_boot_enabled": false,
            "size": "Standard_DS1_v2",
            "source_image_id": "",
            "source_image_reference": [
              {
                "offer": "WindowsServer",
                "publisher": "MicrosoftWindowsServer",
                "sku": "2016-Datacenter",
                "version": "latest"
              }
            ],
            "tags": {
              "environment": "SPOKE1-VM"
            },
            "termination_notification": null,
            "timeouts": null,
            "timezone": "",
            "user_data": "",
            "virtual_machine_id": "9b2dbe8a-90e8-4c10-b0af-0c621cf3d286",
            "virtual_machine_scale_set_id": "",
            "vtpm_enabled": false,
            "winrm_listener": [],
            "zone": ""
          },
          "sensitive_attributes": [],
          "private": "eyJlMmJmYjczMC1lY2FhLTExZTYtOGY4OC0zNDM2M2JjN2M0YzAiOnsiY3JlYXRlIjoyNzAwMDAwMDAwMDAwLCJkZWxldGUiOjI3MDAwMDAwMDAwMDAsInJlYWQiOjMwMDAwMDAwMDAwMCwidXBkYXRlIjoyNzAwMDAwMDAwMDAwfX0=",
          "dependencies": [
            "azurerm_network_interface.spoke1-nic",
            "azurerm_public_ip.spoke1",
            "azurerm_resource_group.example",
            "azurerm_subnet.spoke1",
            "azurerm_virtual_network.spoke1"
          ]
        }
      ]
    },
    {
      "mode": "managed",
      "type": "azurerm_windows_virtual_machine",
      "name": "ralphael2-spoke2-vm",
      "provider": "provider[\"registry.terraform.io/hashicorp/azurerm\"]",
      "instances": [
        {
          "schema_version": 0,
          "attributes": {
            "additional_capabilities": [],
            "additional_unattend_content": [],
            "admin_password": "12qwaszx!@QWASZX",
            "admin_username": "azureuser",
            "allow_extension_operations": true,
            "availability_set_id": "",
            "boot_diagnostics": [],
            "capacity_reservation_group_id": "",
            "computer_name": "spoke2-vm",
            "custom_data": null,
            "dedicated_host_group_id": "",
            "dedicated_host_id": "",
            "edge_zone": "",
            "enable_automatic_updates": true,
            "encryption_at_host_enabled": false,
            "eviction_policy": "",
            "extensions_time_budget": "PT1H30M",
            "gallery_application": [],
            "hotpatching_enabled": false,
            "id": "/subscriptions/f13ecc2a-bc95-40eb-b244-85bedf7febb1/resourceGroups/ralphael2/providers/Microsoft.Compute/virtualMachines/spoke2-vm",
            "identity": [],
            "license_type": "",
            "location": "eastus",
            "max_bid_price": -1,
            "name": "spoke2-vm",
            "network_interface_ids": [
              "/subscriptions/f13ecc2a-bc95-40eb-b244-85bedf7febb1/resourceGroups/ralphael2/providers/Microsoft.Network/networkInterfaces/spoke2-vm-nic"
            ],
            "os_disk": [
              {
                "caching": "ReadWrite",
                "diff_disk_settings": [],
                "disk_encryption_set_id": "",
                "disk_size_gb": 127,
                "name": "spoke2-vm_OsDisk_1_82f5c45fc0264af383cde96c3012fa8a",
                "secure_vm_disk_encryption_set_id": "",
                "security_encryption_type": "",
                "storage_account_type": "Standard_LRS",
                "write_accelerator_enabled": false
              }
            ],
            "patch_assessment_mode": "ImageDefault",
            "patch_mode": "AutomaticByOS",
            "plan": [],
            "platform_fault_domain": -1,
            "priority": "Regular",
            "private_ip_address": "10.4.0.4",
            "private_ip_addresses": [
              "10.4.0.4"
            ],
            "provision_vm_agent": true,
            "proximity_placement_group_id": "",
            "public_ip_address": "20.232.10.127",
            "public_ip_addresses": [
              "20.232.10.127"
            ],
            "resource_group_name": "ralphael2",
            "secret": [],
            "secure_boot_enabled": false,
            "size": "Standard_DS1_v2",
            "source_image_id": "",
            "source_image_reference": [
              {
                "offer": "WindowsServer",
                "publisher": "MicrosoftWindowsServer",
                "sku": "2016-Datacenter",
                "version": "latest"
              }
            ],
            "tags": {
              "environment": "SPOKE2-VM"
            },
            "termination_notification": null,
            "timeouts": null,
            "timezone": "",
            "user_data": "",
            "virtual_machine_id": "1ca69773-cdf1-44d1-ad93-cb2c45c15418",
            "virtual_machine_scale_set_id": "",
            "vtpm_enabled": false,
            "winrm_listener": [],
            "zone": ""
          },
          "sensitive_attributes": [],
          "private": "eyJlMmJmYjczMC1lY2FhLTExZTYtOGY4OC0zNDM2M2JjN2M0YzAiOnsiY3JlYXRlIjoyNzAwMDAwMDAwMDAwLCJkZWxldGUiOjI3MDAwMDAwMDAwMDAsInJlYWQiOjMwMDAwMDAwMDAwMCwidXBkYXRlIjoyNzAwMDAwMDAwMDAwfX0=",
          "dependencies": [
            "azurerm_network_interface.spoke2-nic",
            "azurerm_public_ip.spoke2",
            "azurerm_resource_group.example",
            "azurerm_subnet.spoke2",
            "azurerm_virtual_network.spoke2"
          ]
        }
      ]
    }
  ],
  "check_results": null
}
