{
  "version": 4,
  "terraform_version": "1.5.0",
  "serial": 314,
  "lineage": "59e55f6d-8989-e647-5785-68405cb1a42d",
  "outputs": {
    "hub_nic_id": {
      "value": "/subscriptions/46c1bdab-b54a-49ba-a449-36af32ddee1c/resourceGroups/ralphael2/providers/Microsoft.Network/networkInterfaces/hub-vm-nic",
      "type": "string"
    },
    "hub_nic_name": {
      "value": "hub-vm-nic",
      "type": "string"
    },
    "hub_nsg_association_id": {
      "value": "/subscriptions/46c1bdab-b54a-49ba-a449-36af32ddee1c/resourceGroups/ralphael2/providers/Microsoft.Network/networkInterfaces/hub-vm-nic|/subscriptions/46c1bdab-b54a-49ba-a449-36af32ddee1c/resourceGroups/ralphael2/providers/Microsoft.Network/networkSecurityGroups/hub-vm-nsg",
      "type": "string"
    },
    "hub_nsg_id": {
      "value": "/subscriptions/46c1bdab-b54a-49ba-a449-36af32ddee1c/resourceGroups/ralphael2/providers/Microsoft.Network/networkSecurityGroups/hub-vm-nsg",
      "type": "string"
    },
    "hub_nsg_name": {
      "value": "hub-vm-nsg",
      "type": "string"
    },
    "hub_public_ip_id": {
      "value": "/subscriptions/46c1bdab-b54a-49ba-a449-36af32ddee1c/resourceGroups/ralphael2/providers/Microsoft.Network/publicIPAddresses/examplePublicIP",
      "type": "string"
    },
    "hub_public_ip_name": {
      "value": "examplePublicIP",
      "type": "string"
    },
    "hub_subnet_id": {
      "value": "/subscriptions/46c1bdab-b54a-49ba-a449-36af32ddee1c/resourceGroups/ralphael2/providers/Microsoft.Network/virtualNetworks/hubNetwork/subnets/hubSubnet",
      "type": "string"
    },
    "hub_subnet_name": {
      "value": "hubSubnet",
      "type": "string"
    },
    "hub_vm_id": {
      "value": "/subscriptions/46c1bdab-b54a-49ba-a449-36af32ddee1c/resourceGroups/ralphael2/providers/Microsoft.Compute/virtualMachines/hub-vm",
      "type": "string"
    },
    "hub_vm_name": {
      "value": "hub-vm",
      "type": "string"
    },
    "hub_vnet_id": {
      "value": "/subscriptions/46c1bdab-b54a-49ba-a449-36af32ddee1c/resourceGroups/ralphael2/providers/Microsoft.Network/virtualNetworks/hubNetwork",
      "type": "string"
    },
    "hub_vnet_name": {
      "value": "hubNetwork",
      "type": "string"
    },
    "private_endpoint_id": {
      "value": "/subscriptions/46c1bdab-b54a-49ba-a449-36af32ddee1c/resourceGroups/ralphael2/providers/Microsoft.Network/privateEndpoints/examplePrivateEndpoint",
      "type": "string"
    },
    "private_endpoint_name": {
      "value": "examplePrivateEndpoint",
      "type": "string"
    },
    "ralphael2-hub-vm_private_ip_address": {
      "value": "10.2.0.4",
      "type": "string"
    },
    "ralphael2-spoke1-vm_private_ip_address": {
      "value": "10.3.0.4",
      "type": "string"
    },
    "ralphael2-spoke2-vm_private_ip_address": {
      "value": "10.4.0.63",
      "type": "string"
    },
    "resource_group_id": {
      "value": "/subscriptions/46c1bdab-b54a-49ba-a449-36af32ddee1c/resourceGroups/ralphael2",
      "type": "string"
    },
    "resource_group_location": {
      "value": "usgovvirginia",
      "type": "string"
    },
    "resource_group_name": {
      "value": "ralphael2",
      "type": "string"
    },
    "spoke1_nic_id": {
      "value": "/subscriptions/46c1bdab-b54a-49ba-a449-36af32ddee1c/resourceGroups/ralphael2/providers/Microsoft.Network/networkInterfaces/spoke1-vm-nic",
      "type": "string"
    },
    "spoke1_nic_name": {
      "value": "spoke1-vm-nic",
      "type": "string"
    },
    "spoke1_nsg_association_id": {
      "value": "/subscriptions/46c1bdab-b54a-49ba-a449-36af32ddee1c/resourceGroups/ralphael2/providers/Microsoft.Network/networkInterfaces/spoke1-vm-nic|/subscriptions/46c1bdab-b54a-49ba-a449-36af32ddee1c/resourceGroups/ralphael2/providers/Microsoft.Network/networkSecurityGroups/spoke-vm-nsg",
      "type": "string"
    },
    "spoke1_public_ip_id": {
      "value": "/subscriptions/46c1bdab-b54a-49ba-a449-36af32ddee1c/resourceGroups/ralphael2/providers/Microsoft.Network/publicIPAddresses/spoke1PublicIP",
      "type": "string"
    },
    "spoke1_public_ip_name": {
      "value": "spoke1PublicIP",
      "type": "string"
    },
    "spoke1_subnet_id": {
      "value": "/subscriptions/46c1bdab-b54a-49ba-a449-36af32ddee1c/resourceGroups/ralphael2/providers/Microsoft.Network/virtualNetworks/spoke1Network/subnets/spoke1Subnet",
      "type": "string"
    },
    "spoke1_subnet_name": {
      "value": "spoke1Subnet",
      "type": "string"
    },
    "spoke1_to_tier2_peering_id": {
      "value": "/subscriptions/46c1bdab-b54a-49ba-a449-36af32ddee1c/resourceGroups/ralphael2/providers/Microsoft.Network/virtualNetworks/spoke1Network/virtualNetworkPeerings/spoke1-to-tier2",
      "type": "string"
    },
    "spoke1_to_tier2_peering_name": {
      "value": "spoke1-to-tier2",
      "type": "string"
    },
    "spoke1_vm_id": {
      "value": "/subscriptions/46c1bdab-b54a-49ba-a449-36af32ddee1c/resourceGroups/ralphael2/providers/Microsoft.Compute/virtualMachines/spoke1-vm",
      "type": "string"
    },
    "spoke1_vm_name": {
      "value": "spoke1-vm",
      "type": "string"
    },
    "spoke1_vnet_id": {
      "value": "/subscriptions/46c1bdab-b54a-49ba-a449-36af32ddee1c/resourceGroups/ralphael2/providers/Microsoft.Network/virtualNetworks/spoke1Network",
      "type": "string"
    },
    "spoke1_vnet_name": {
      "value": "spoke1Network",
      "type": "string"
    },
    "spoke2_nic_id": {
      "value": "/subscriptions/46c1bdab-b54a-49ba-a449-36af32ddee1c/resourceGroups/ralphael2/providers/Microsoft.Network/networkInterfaces/spoke2-vm-nic",
      "type": "string"
    },
    "spoke2_nic_name": {
      "value": "spoke2-vm-nic",
      "type": "string"
    },
    "spoke2_nsg_association_id": {
      "value": "/subscriptions/46c1bdab-b54a-49ba-a449-36af32ddee1c/resourceGroups/ralphael2/providers/Microsoft.Network/networkInterfaces/spoke2-vm-nic|/subscriptions/46c1bdab-b54a-49ba-a449-36af32ddee1c/resourceGroups/ralphael2/providers/Microsoft.Network/networkSecurityGroups/spoke-vm-nsg",
      "type": "string"
    },
    "spoke2_public_ip_id": {
      "value": "/subscriptions/46c1bdab-b54a-49ba-a449-36af32ddee1c/resourceGroups/ralphael2/providers/Microsoft.Network/publicIPAddresses/spoke2PublicIP",
      "type": "string"
    },
    "spoke2_public_ip_name": {
      "value": "spoke2PublicIP",
      "type": "string"
    },
    "spoke2_subnet_id": {
      "value": "/subscriptions/46c1bdab-b54a-49ba-a449-36af32ddee1c/resourceGroups/ralphael2/providers/Microsoft.Network/virtualNetworks/spoke2Network/subnets/spoke2Subnet",
      "type": "string"
    },
    "spoke2_subnet_name": {
      "value": "spoke2Subnet",
      "type": "string"
    },
    "spoke2_to_tier2_peering_id": {
      "value": "/subscriptions/46c1bdab-b54a-49ba-a449-36af32ddee1c/resourceGroups/ralphael2/providers/Microsoft.Network/virtualNetworks/spoke2Network/virtualNetworkPeerings/spoke2-to-tier2",
      "type": "string"
    },
    "spoke2_to_tier2_peering_name": {
      "value": "spoke2-to-tier2",
      "type": "string"
    },
    "spoke2_vm_id": {
      "value": "/subscriptions/46c1bdab-b54a-49ba-a449-36af32ddee1c/resourceGroups/ralphael2/providers/Microsoft.Compute/virtualMachines/spoke2-vm",
      "type": "string"
    },
    "spoke2_vm_name": {
      "value": "spoke2-vm",
      "type": "string"
    },
    "spoke2_vnet_id": {
      "value": "/subscriptions/46c1bdab-b54a-49ba-a449-36af32ddee1c/resourceGroups/ralphael2/providers/Microsoft.Network/virtualNetworks/spoke2Network",
      "type": "string"
    },
    "spoke2_vnet_name": {
      "value": "spoke2Network",
      "type": "string"
    },
    "spoke_nsg_id": {
      "value": "/subscriptions/46c1bdab-b54a-49ba-a449-36af32ddee1c/resourceGroups/ralphael2/providers/Microsoft.Network/networkSecurityGroups/spoke-vm-nsg",
      "type": "string"
    },
    "spoke_nsg_name": {
      "value": "spoke-vm-nsg",
      "type": "string"
    },
    "storage_account_id": {
      "value": "/subscriptions/46c1bdab-b54a-49ba-a449-36af32ddee1c/resourceGroups/ralphael2/providers/Microsoft.Storage/storageAccounts/example234storage7897",
      "type": "string"
    },
    "storage_account_name": {
      "value": "example234storage7897",
      "type": "string"
    }
  },
  "resources": [
    {
      "mode": "data",
      "type": "azurerm_subscription",
      "name": "current",
      "provider": "provider[\"registry.terraform.io/hashicorp/azurerm\"]",
      "instances": [
        {
          "schema_version": 0,
          "attributes": {
            "display_name": "AZ-DOD-AF-CCE-CMNSVC-LAB-01",
            "id": "/subscriptions/46c1bdab-b54a-49ba-a449-36af32ddee1c",
            "location_placement_id": "FF_2016-06-01",
            "quota_id": "CSP_2015-05-01",
            "spending_limit": "Off",
            "state": "Enabled",
            "subscription_id": "46c1bdab-b54a-49ba-a449-36af32ddee1c",
            "tags": {},
            "tenant_id": "d3845459-c525-4ed7-9a33-b5da99d23a48",
            "timeouts": null
          },
          "sensitive_attributes": []
        }
      ]
    },
    {
      "mode": "managed",
      "type": "azurerm_network_interface",
      "name": "hub-nic",
      "provider": "provider[\"registry.terraform.io/hashicorp/azurerm\"]",
      "instances": [
        {
          "schema_version": 0,
          "attributes": {
            "applied_dns_servers": [],
            "dns_servers": [],
            "edge_zone": "",
            "enable_accelerated_networking": false,
            "enable_ip_forwarding": false,
            "id": "/subscriptions/46c1bdab-b54a-49ba-a449-36af32ddee1c/resourceGroups/ralphael2/providers/Microsoft.Network/networkInterfaces/hub-vm-nic",
            "internal_dns_name_label": "",
            "internal_domain_name_suffix": "4kn15z13ojjeflwiqnf4jsuibg.ax.internal.usgovcloudapp.net",
            "ip_configuration": [
              {
                "gateway_load_balancer_frontend_ip_configuration_id": "",
                "name": "myNicConfiguration",
                "primary": true,
                "private_ip_address": "10.2.0.4",
                "private_ip_address_allocation": "Dynamic",
                "private_ip_address_version": "IPv4",
                "public_ip_address_id": "/subscriptions/46c1bdab-b54a-49ba-a449-36af32ddee1c/resourceGroups/ralphael2/providers/Microsoft.Network/publicIPAddresses/examplePublicIP",
                "subnet_id": "/subscriptions/46c1bdab-b54a-49ba-a449-36af32ddee1c/resourceGroups/ralphael2/providers/Microsoft.Network/virtualNetworks/hubNetwork/subnets/hubSubnet"
              }
            ],
            "location": "usgovvirginia",
            "mac_address": "00-1D-D8-06-26-8E",
            "name": "hub-vm-nic",
            "private_ip_address": "10.2.0.4",
            "private_ip_addresses": [
              "10.2.0.4"
            ],
            "resource_group_name": "ralphael2",
            "tags": {},
            "timeouts": null,
            "virtual_machine_id": "/subscriptions/46c1bdab-b54a-49ba-a449-36af32ddee1c/resourceGroups/ralphael2/providers/Microsoft.Compute/virtualMachines/hub-vm"
          },
          "sensitive_attributes": [],
          "private": "eyJlMmJmYjczMC1lY2FhLTExZTYtOGY4OC0zNDM2M2JjN2M0YzAiOnsiY3JlYXRlIjoxODAwMDAwMDAwMDAwLCJkZWxldGUiOjE4MDAwMDAwMDAwMDAsInJlYWQiOjMwMDAwMDAwMDAwMCwidXBkYXRlIjoxODAwMDAwMDAwMDAwfX0=",
          "dependencies": [
            "azurerm_public_ip.hub-pip",
            "azurerm_resource_group.example",
            "azurerm_subnet.hub",
            "azurerm_virtual_network.hub"
          ]
        }
      ]
    },
    {
      "mode": "managed",
      "type": "azurerm_network_interface",
      "name": "spoke1-nic",
      "provider": "provider[\"registry.terraform.io/hashicorp/azurerm\"]",
      "instances": [
        {
          "schema_version": 0,
          "attributes": {
            "applied_dns_servers": [],
            "dns_servers": [],
            "edge_zone": "",
            "enable_accelerated_networking": false,
            "enable_ip_forwarding": false,
            "id": "/subscriptions/46c1bdab-b54a-49ba-a449-36af32ddee1c/resourceGroups/ralphael2/providers/Microsoft.Network/networkInterfaces/spoke1-vm-nic",
            "internal_dns_name_label": "",
            "internal_domain_name_suffix": "220b4ywxuw3e3dlblvi5ztywba.ax.internal.usgovcloudapp.net",
            "ip_configuration": [
              {
                "gateway_load_balancer_frontend_ip_configuration_id": "",
                "name": "myNicConfiguration",
                "primary": true,
                "private_ip_address": "10.3.0.4",
                "private_ip_address_allocation": "Dynamic",
                "private_ip_address_version": "IPv4",
                "public_ip_address_id": "/subscriptions/46c1bdab-b54a-49ba-a449-36af32ddee1c/resourceGroups/ralphael2/providers/Microsoft.Network/publicIPAddresses/spoke1PublicIP",
                "subnet_id": "/subscriptions/46c1bdab-b54a-49ba-a449-36af32ddee1c/resourceGroups/ralphael2/providers/Microsoft.Network/virtualNetworks/spoke1Network/subnets/spoke1Subnet"
              }
            ],
            "location": "usgovvirginia",
            "mac_address": "00-1D-D8-0B-50-DF",
            "name": "spoke1-vm-nic",
            "private_ip_address": "10.3.0.4",
            "private_ip_addresses": [
              "10.3.0.4"
            ],
            "resource_group_name": "ralphael2",
            "tags": {},
            "timeouts": null,
            "virtual_machine_id": "/subscriptions/46c1bdab-b54a-49ba-a449-36af32ddee1c/resourceGroups/ralphael2/providers/Microsoft.Compute/virtualMachines/spoke1-vm"
          },
          "sensitive_attributes": [],
          "private": "eyJlMmJmYjczMC1lY2FhLTExZTYtOGY4OC0zNDM2M2JjN2M0YzAiOnsiY3JlYXRlIjoxODAwMDAwMDAwMDAwLCJkZWxldGUiOjE4MDAwMDAwMDAwMDAsInJlYWQiOjMwMDAwMDAwMDAwMCwidXBkYXRlIjoxODAwMDAwMDAwMDAwfX0=",
          "dependencies": [
            "azurerm_public_ip.spoke1",
            "azurerm_resource_group.example",
            "azurerm_subnet.spoke1",
            "azurerm_virtual_network.spoke1"
          ]
        }
      ]
    },
    {
      "mode": "managed",
      "type": "azurerm_network_interface",
      "name": "spoke2-nic",
      "provider": "provider[\"registry.terraform.io/hashicorp/azurerm\"]",
      "instances": [
        {
          "schema_version": 0,
          "attributes": {
            "applied_dns_servers": [],
            "dns_servers": [],
            "edge_zone": "",
            "enable_accelerated_networking": false,
            "enable_ip_forwarding": false,
            "id": "/subscriptions/46c1bdab-b54a-49ba-a449-36af32ddee1c/resourceGroups/ralphael2/providers/Microsoft.Network/networkInterfaces/spoke2-vm-nic",
            "internal_dns_name_label": "",
            "internal_domain_name_suffix": "qsiv5lylmqfu1jyl2lolbdzadf.ax.internal.usgovcloudapp.net",
            "ip_configuration": [
              {
                "gateway_load_balancer_frontend_ip_configuration_id": "",
                "name": "myNicConfiguration",
                "primary": true,
                "private_ip_address": "10.4.0.63",
                "private_ip_address_allocation": "Dynamic",
                "private_ip_address_version": "IPv4",
                "public_ip_address_id": "/subscriptions/46c1bdab-b54a-49ba-a449-36af32ddee1c/resourceGroups/ralphael2/providers/Microsoft.Network/publicIPAddresses/spoke2PublicIP",
                "subnet_id": "/subscriptions/46c1bdab-b54a-49ba-a449-36af32ddee1c/resourceGroups/ralphael2/providers/Microsoft.Network/virtualNetworks/spoke2Network/subnets/spoke2Subnet"
              }
            ],
            "location": "usgovvirginia",
            "mac_address": "00-1D-D8-0C-01-7E",
            "name": "spoke2-vm-nic",
            "private_ip_address": "10.4.0.63",
            "private_ip_addresses": [
              "10.4.0.63"
            ],
            "resource_group_name": "ralphael2",
            "tags": {},
            "timeouts": null,
            "virtual_machine_id": "/subscriptions/46c1bdab-b54a-49ba-a449-36af32ddee1c/resourceGroups/ralphael2/providers/Microsoft.Compute/virtualMachines/spoke2-vm"
          },
          "sensitive_attributes": [],
          "private": "eyJlMmJmYjczMC1lY2FhLTExZTYtOGY4OC0zNDM2M2JjN2M0YzAiOnsiY3JlYXRlIjoxODAwMDAwMDAwMDAwLCJkZWxldGUiOjE4MDAwMDAwMDAwMDAsInJlYWQiOjMwMDAwMDAwMDAwMCwidXBkYXRlIjoxODAwMDAwMDAwMDAwfX0=",
          "dependencies": [
            "azurerm_public_ip.spoke2",
            "azurerm_resource_group.example",
            "azurerm_subnet.spoke2",
            "azurerm_virtual_network.spoke2"
          ]
        }
      ]
    },
    {
      "mode": "managed",
      "type": "azurerm_network_interface_security_group_association",
      "name": "hub",
      "provider": "provider[\"registry.terraform.io/hashicorp/azurerm\"]",
      "instances": [
        {
          "schema_version": 0,
          "attributes": {
            "id": "/subscriptions/46c1bdab-b54a-49ba-a449-36af32ddee1c/resourceGroups/ralphael2/providers/Microsoft.Network/networkInterfaces/hub-vm-nic|/subscriptions/46c1bdab-b54a-49ba-a449-36af32ddee1c/resourceGroups/ralphael2/providers/Microsoft.Network/networkSecurityGroups/hub-vm-nsg",
            "network_interface_id": "/subscriptions/46c1bdab-b54a-49ba-a449-36af32ddee1c/resourceGroups/ralphael2/providers/Microsoft.Network/networkInterfaces/hub-vm-nic",
            "network_security_group_id": "/subscriptions/46c1bdab-b54a-49ba-a449-36af32ddee1c/resourceGroups/ralphael2/providers/Microsoft.Network/networkSecurityGroups/hub-vm-nsg",
            "timeouts": null
          },
          "sensitive_attributes": [],
          "private": "eyJlMmJmYjczMC1lY2FhLTExZTYtOGY4OC0zNDM2M2JjN2M0YzAiOnsiY3JlYXRlIjoxODAwMDAwMDAwMDAwLCJkZWxldGUiOjE4MDAwMDAwMDAwMDAsInJlYWQiOjMwMDAwMDAwMDAwMCwidXBkYXRlIjoxODAwMDAwMDAwMDAwfX0=",
          "dependencies": [
            "azurerm_network_interface.hub-nic",
            "azurerm_network_security_group.hub",
            "azurerm_public_ip.hub-pip",
            "azurerm_resource_group.example",
            "azurerm_subnet.hub",
            "azurerm_virtual_network.hub"
          ]
        }
      ]
    },
    {
      "mode": "managed",
      "type": "azurerm_network_interface_security_group_association",
      "name": "spoke1",
      "provider": "provider[\"registry.terraform.io/hashicorp/azurerm\"]",
      "instances": [
        {
          "schema_version": 0,
          "attributes": {
            "id": "/subscriptions/46c1bdab-b54a-49ba-a449-36af32ddee1c/resourceGroups/ralphael2/providers/Microsoft.Network/networkInterfaces/spoke1-vm-nic|/subscriptions/46c1bdab-b54a-49ba-a449-36af32ddee1c/resourceGroups/ralphael2/providers/Microsoft.Network/networkSecurityGroups/spoke-vm-nsg",
            "network_interface_id": "/subscriptions/46c1bdab-b54a-49ba-a449-36af32ddee1c/resourceGroups/ralphael2/providers/Microsoft.Network/networkInterfaces/spoke1-vm-nic",
            "network_security_group_id": "/subscriptions/46c1bdab-b54a-49ba-a449-36af32ddee1c/resourceGroups/ralphael2/providers/Microsoft.Network/networkSecurityGroups/spoke-vm-nsg",
            "timeouts": null
          },
          "sensitive_attributes": [],
          "private": "eyJlMmJmYjczMC1lY2FhLTExZTYtOGY4OC0zNDM2M2JjN2M0YzAiOnsiY3JlYXRlIjoxODAwMDAwMDAwMDAwLCJkZWxldGUiOjE4MDAwMDAwMDAwMDAsInJlYWQiOjMwMDAwMDAwMDAwMCwidXBkYXRlIjoxODAwMDAwMDAwMDAwfX0=",
          "dependencies": [
            "azurerm_network_interface.spoke1-nic",
            "azurerm_network_security_group.spoke",
            "azurerm_public_ip.spoke1",
            "azurerm_resource_group.example",
            "azurerm_subnet.spoke1",
            "azurerm_virtual_network.spoke1"
          ]
        }
      ]
    },
    {
      "mode": "managed",
      "type": "azurerm_network_interface_security_group_association",
      "name": "spoke2",
      "provider": "provider[\"registry.terraform.io/hashicorp/azurerm\"]",
      "instances": [
        {
          "schema_version": 0,
          "attributes": {
            "id": "/subscriptions/46c1bdab-b54a-49ba-a449-36af32ddee1c/resourceGroups/ralphael2/providers/Microsoft.Network/networkInterfaces/spoke2-vm-nic|/subscriptions/46c1bdab-b54a-49ba-a449-36af32ddee1c/resourceGroups/ralphael2/providers/Microsoft.Network/networkSecurityGroups/spoke-vm-nsg",
            "network_interface_id": "/subscriptions/46c1bdab-b54a-49ba-a449-36af32ddee1c/resourceGroups/ralphael2/providers/Microsoft.Network/networkInterfaces/spoke2-vm-nic",
            "network_security_group_id": "/subscriptions/46c1bdab-b54a-49ba-a449-36af32ddee1c/resourceGroups/ralphael2/providers/Microsoft.Network/networkSecurityGroups/spoke-vm-nsg",
            "timeouts": null
          },
          "sensitive_attributes": [],
          "private": "eyJlMmJmYjczMC1lY2FhLTExZTYtOGY4OC0zNDM2M2JjN2M0YzAiOnsiY3JlYXRlIjoxODAwMDAwMDAwMDAwLCJkZWxldGUiOjE4MDAwMDAwMDAwMDAsInJlYWQiOjMwMDAwMDAwMDAwMCwidXBkYXRlIjoxODAwMDAwMDAwMDAwfX0=",
          "dependencies": [
            "azurerm_network_interface.spoke2-nic",
            "azurerm_network_security_group.spoke",
            "azurerm_public_ip.spoke2",
            "azurerm_resource_group.example",
            "azurerm_subnet.spoke2",
            "azurerm_virtual_network.spoke2"
          ]
        }
      ]
    },
    {
      "mode": "managed",
      "type": "azurerm_network_security_group",
      "name": "hub",
      "provider": "provider[\"registry.terraform.io/hashicorp/azurerm\"]",
      "instances": [
        {
          "schema_version": 0,
          "attributes": {
            "id": "/subscriptions/46c1bdab-b54a-49ba-a449-36af32ddee1c/resourceGroups/ralphael2/providers/Microsoft.Network/networkSecurityGroups/hub-vm-nsg",
            "location": "usgovvirginia",
            "name": "hub-vm-nsg",
            "resource_group_name": "ralphael2",
            "security_rule": [
              {
                "access": "Allow",
                "description": "",
                "destination_address_prefix": "*",
                "destination_address_prefixes": [],
                "destination_application_security_group_ids": [],
                "destination_port_range": "3389",
                "destination_port_ranges": [],
                "direction": "Inbound",
                "name": "RDP",
                "priority": 1001,
                "protocol": "Tcp",
                "source_address_prefix": "*",
                "source_address_prefixes": [],
                "source_application_security_group_ids": [],
                "source_port_range": "*",
                "source_port_ranges": []
              }
            ],
            "tags": {},
            "timeouts": null
          },
          "sensitive_attributes": [],
          "private": "eyJlMmJmYjczMC1lY2FhLTExZTYtOGY4OC0zNDM2M2JjN2M0YzAiOnsiY3JlYXRlIjoxODAwMDAwMDAwMDAwLCJkZWxldGUiOjE4MDAwMDAwMDAwMDAsInJlYWQiOjMwMDAwMDAwMDAwMCwidXBkYXRlIjoxODAwMDAwMDAwMDAwfX0=",
          "dependencies": [
            "azurerm_resource_group.example"
          ]
        }
      ]
    },
    {
      "mode": "managed",
      "type": "azurerm_network_security_group",
      "name": "spoke",
      "provider": "provider[\"registry.terraform.io/hashicorp/azurerm\"]",
      "instances": [
        {
          "schema_version": 0,
          "attributes": {
            "id": "/subscriptions/46c1bdab-b54a-49ba-a449-36af32ddee1c/resourceGroups/ralphael2/providers/Microsoft.Network/networkSecurityGroups/spoke-vm-nsg",
            "location": "usgovvirginia",
            "name": "spoke-vm-nsg",
            "resource_group_name": "ralphael2",
            "security_rule": [
              {
                "access": "Allow",
                "description": "",
                "destination_address_prefix": "*",
                "destination_address_prefixes": [],
                "destination_application_security_group_ids": [],
                "destination_port_range": "3389",
                "destination_port_ranges": [],
                "direction": "Inbound",
                "name": "RDP",
                "priority": 1001,
                "protocol": "Tcp",
                "source_address_prefix": "*",
                "source_address_prefixes": [],
                "source_application_security_group_ids": [],
                "source_port_range": "*",
                "source_port_ranges": []
              }
            ],
            "tags": {},
            "timeouts": null
          },
          "sensitive_attributes": [],
          "private": "eyJlMmJmYjczMC1lY2FhLTExZTYtOGY4OC0zNDM2M2JjN2M0YzAiOnsiY3JlYXRlIjoxODAwMDAwMDAwMDAwLCJkZWxldGUiOjE4MDAwMDAwMDAwMDAsInJlYWQiOjMwMDAwMDAwMDAwMCwidXBkYXRlIjoxODAwMDAwMDAwMDAwfX0=",
          "dependencies": [
            "azurerm_resource_group.example"
          ]
        }
      ]
    },
    {
      "mode": "managed",
      "type": "azurerm_private_endpoint",
      "name": "example",
      "provider": "provider[\"registry.terraform.io/hashicorp/azurerm\"]",
      "instances": [
        {
          "schema_version": 0,
          "attributes": {
            "custom_dns_configs": [
              {
                "fqdn": "example234storage7897.blob.core.usgovcloudapi.net",
                "ip_addresses": [
                  "10.2.0.5"
                ]
              }
            ],
            "custom_network_interface_name": "",
            "id": "/subscriptions/46c1bdab-b54a-49ba-a449-36af32ddee1c/resourceGroups/ralphael2/providers/Microsoft.Network/privateEndpoints/examplePrivateEndpoint",
            "ip_configuration": [],
            "location": "usgovvirginia",
            "name": "examplePrivateEndpoint",
            "network_interface": [
              {
                "id": "/subscriptions/46c1bdab-b54a-49ba-a449-36af32ddee1c/resourceGroups/ralphael2/providers/Microsoft.Network/networkInterfaces/examplePrivateEndpoint.nic.635258f3-e8ba-4760-ab07-167247338a77",
                "name": "examplePrivateEndpoint.nic.635258f3-e8ba-4760-ab07-167247338a77"
              }
            ],
            "private_dns_zone_configs": [],
            "private_dns_zone_group": [],
            "private_service_connection": [
              {
                "is_manual_connection": false,
                "name": "examplePrivateServiceConnection",
                "private_connection_resource_alias": "",
                "private_connection_resource_id": "/subscriptions/46c1bdab-b54a-49ba-a449-36af32ddee1c/resourceGroups/ralphael2/providers/Microsoft.Storage/storageAccounts/example234storage7897",
                "private_ip_address": "10.2.0.5",
                "request_message": "",
                "subresource_names": [
                  "blob"
                ]
              }
            ],
            "resource_group_name": "ralphael2",
            "subnet_id": "/subscriptions/46c1bdab-b54a-49ba-a449-36af32ddee1c/resourceGroups/ralphael2/providers/Microsoft.Network/virtualNetworks/hubNetwork/subnets/hubSubnet",
            "tags": {},
            "timeouts": null
          },
          "sensitive_attributes": [],
          "private": "eyJlMmJmYjczMC1lY2FhLTExZTYtOGY4OC0zNDM2M2JjN2M0YzAiOnsiY3JlYXRlIjozNjAwMDAwMDAwMDAwLCJkZWxldGUiOjM2MDAwMDAwMDAwMDAsInJlYWQiOjMwMDAwMDAwMDAwMCwidXBkYXRlIjozNjAwMDAwMDAwMDAwfX0=",
          "dependencies": [
            "azurerm_resource_group.example",
            "azurerm_storage_account.example",
            "azurerm_subnet.hub",
            "azurerm_virtual_network.hub"
          ]
        }
      ]
    },
    {
      "mode": "managed",
      "type": "azurerm_public_ip",
      "name": "hub-pip",
      "provider": "provider[\"registry.terraform.io/hashicorp/azurerm\"]",
      "instances": [
        {
          "schema_version": 0,
          "attributes": {
            "allocation_method": "Dynamic",
            "ddos_protection_mode": "VirtualNetworkInherited",
            "ddos_protection_plan_id": null,
            "domain_name_label": null,
            "edge_zone": "",
            "fqdn": null,
            "id": "/subscriptions/46c1bdab-b54a-49ba-a449-36af32ddee1c/resourceGroups/ralphael2/providers/Microsoft.Network/publicIPAddresses/examplePublicIP",
            "idle_timeout_in_minutes": 4,
            "ip_address": "20.159.156.221",
            "ip_tags": {},
            "ip_version": "IPv4",
            "location": "usgovvirginia",
            "name": "examplePublicIP",
            "public_ip_prefix_id": null,
            "resource_group_name": "ralphael2",
            "reverse_fqdn": null,
            "sku": "Basic",
            "sku_tier": "Regional",
            "tags": {},
            "timeouts": null,
            "zones": []
          },
          "sensitive_attributes": [],
          "private": "eyJlMmJmYjczMC1lY2FhLTExZTYtOGY4OC0zNDM2M2JjN2M0YzAiOnsiY3JlYXRlIjoxODAwMDAwMDAwMDAwLCJkZWxldGUiOjE4MDAwMDAwMDAwMDAsInJlYWQiOjMwMDAwMDAwMDAwMCwidXBkYXRlIjoxODAwMDAwMDAwMDAwfX0=",
          "dependencies": [
            "azurerm_resource_group.example"
          ]
        }
      ]
    },
    {
      "mode": "managed",
      "type": "azurerm_public_ip",
      "name": "spoke1",
      "provider": "provider[\"registry.terraform.io/hashicorp/azurerm\"]",
      "instances": [
        {
          "schema_version": 0,
          "attributes": {
            "allocation_method": "Dynamic",
            "ddos_protection_mode": "VirtualNetworkInherited",
            "ddos_protection_plan_id": null,
            "domain_name_label": null,
            "edge_zone": "",
            "fqdn": null,
            "id": "/subscriptions/46c1bdab-b54a-49ba-a449-36af32ddee1c/resourceGroups/ralphael2/providers/Microsoft.Network/publicIPAddresses/spoke1PublicIP",
            "idle_timeout_in_minutes": 4,
            "ip_address": "20.159.142.5",
            "ip_tags": {},
            "ip_version": "IPv4",
            "location": "usgovvirginia",
            "name": "spoke1PublicIP",
            "public_ip_prefix_id": null,
            "resource_group_name": "ralphael2",
            "reverse_fqdn": null,
            "sku": "Basic",
            "sku_tier": "Regional",
            "tags": {},
            "timeouts": null,
            "zones": []
          },
          "sensitive_attributes": [],
          "private": "eyJlMmJmYjczMC1lY2FhLTExZTYtOGY4OC0zNDM2M2JjN2M0YzAiOnsiY3JlYXRlIjoxODAwMDAwMDAwMDAwLCJkZWxldGUiOjE4MDAwMDAwMDAwMDAsInJlYWQiOjMwMDAwMDAwMDAwMCwidXBkYXRlIjoxODAwMDAwMDAwMDAwfX0=",
          "dependencies": [
            "azurerm_resource_group.example"
          ]
        }
      ]
    },
    {
      "mode": "managed",
      "type": "azurerm_public_ip",
      "name": "spoke2",
      "provider": "provider[\"registry.terraform.io/hashicorp/azurerm\"]",
      "instances": [
        {
          "schema_version": 0,
          "attributes": {
            "allocation_method": "Dynamic",
            "ddos_protection_mode": "VirtualNetworkInherited",
            "ddos_protection_plan_id": null,
            "domain_name_label": null,
            "edge_zone": "",
            "fqdn": null,
            "id": "/subscriptions/46c1bdab-b54a-49ba-a449-36af32ddee1c/resourceGroups/ralphael2/providers/Microsoft.Network/publicIPAddresses/spoke2PublicIP",
            "idle_timeout_in_minutes": 4,
            "ip_address": "20.159.33.161",
            "ip_tags": {},
            "ip_version": "IPv4",
            "location": "usgovvirginia",
            "name": "spoke2PublicIP",
            "public_ip_prefix_id": null,
            "resource_group_name": "ralphael2",
            "reverse_fqdn": null,
            "sku": "Basic",
            "sku_tier": "Regional",
            "tags": {},
            "timeouts": null,
            "zones": []
          },
          "sensitive_attributes": [],
          "private": "eyJlMmJmYjczMC1lY2FhLTExZTYtOGY4OC0zNDM2M2JjN2M0YzAiOnsiY3JlYXRlIjoxODAwMDAwMDAwMDAwLCJkZWxldGUiOjE4MDAwMDAwMDAwMDAsInJlYWQiOjMwMDAwMDAwMDAwMCwidXBkYXRlIjoxODAwMDAwMDAwMDAwfX0=",
          "dependencies": [
            "azurerm_resource_group.example"
          ]
        }
      ]
    },
    {
      "mode": "managed",
      "type": "azurerm_resource_group",
      "name": "example",
      "provider": "provider[\"registry.terraform.io/hashicorp/azurerm\"]",
      "instances": [
        {
          "schema_version": 0,
          "attributes": {
            "id": "/subscriptions/46c1bdab-b54a-49ba-a449-36af32ddee1c/resourceGroups/ralphael2",
            "location": "usgovvirginia",
            "name": "ralphael2",
            "tags": {},
            "timeouts": null
          },
          "sensitive_attributes": [],
          "private": "eyJlMmJmYjczMC1lY2FhLTExZTYtOGY4OC0zNDM2M2JjN2M0YzAiOnsiY3JlYXRlIjo1NDAwMDAwMDAwMDAwLCJkZWxldGUiOjU0MDAwMDAwMDAwMDAsInJlYWQiOjMwMDAwMDAwMDAwMCwidXBkYXRlIjo1NDAwMDAwMDAwMDAwfX0="
        }
      ]
    },
    {
      "mode": "managed",
      "type": "azurerm_storage_account",
      "name": "example",
      "provider": "provider[\"registry.terraform.io/hashicorp/azurerm\"]",
      "instances": [
        {
          "schema_version": 3,
          "attributes": {
            "access_tier": "Hot",
            "account_kind": "StorageV2",
            "account_replication_type": "GRS",
            "account_tier": "Standard",
            "allow_nested_items_to_be_public": true,
            "allowed_copy_scope": "",
            "azure_files_authentication": [],
            "blob_properties": [
              {
                "change_feed_enabled": false,
                "change_feed_retention_in_days": 0,
                "container_delete_retention_policy": [],
                "cors_rule": [],
                "default_service_version": "",
                "delete_retention_policy": [],
                "last_access_time_enabled": false,
                "restore_policy": [],
                "versioning_enabled": false
              }
            ],
            "cross_tenant_replication_enabled": true,
            "custom_domain": [],
            "customer_managed_key": [],
            "default_to_oauth_authentication": false,
            "edge_zone": "",
            "enable_https_traffic_only": true,
            "id": "/subscriptions/46c1bdab-b54a-49ba-a449-36af32ddee1c/resourceGroups/ralphael2/providers/Microsoft.Storage/storageAccounts/example234storage7897",
            "identity": [],
            "immutability_policy": [],
            "infrastructure_encryption_enabled": false,
            "is_hns_enabled": false,
            "large_file_share_enabled": null,
            "location": "usgovvirginia",
            "min_tls_version": "TLS1_2",
            "name": "example234storage7897",
            "network_rules": [
              {
                "bypass": [
                  "AzureServices"
                ],
                "default_action": "Deny",
                "ip_rules": [],
                "private_link_access": [],
                "virtual_network_subnet_ids": []
              }
            ],
            "nfsv3_enabled": false,
            "primary_access_key": "xkiQxUqjpMhqtAvGH2SV9m6gWaUBz0o3Lq88Zbh7knhhT4ziD7VLD/yXEvIas1dCXx4Gs074onmo+AStaEaOMg==",
            "primary_blob_connection_string": "DefaultEndpointsProtocol=https;BlobEndpoint=https://example234storage7897.blob.core.usgovcloudapi.net/;AccountName=example234storage7897;AccountKey=xkiQxUqjpMhqtAvGH2SV9m6gWaUBz0o3Lq88Zbh7knhhT4ziD7VLD/yXEvIas1dCXx4Gs074onmo+AStaEaOMg==",
            "primary_blob_endpoint": "https://example234storage7897.blob.core.usgovcloudapi.net/",
            "primary_blob_host": "example234storage7897.blob.core.usgovcloudapi.net",
            "primary_connection_string": "DefaultEndpointsProtocol=https;AccountName=example234storage7897;AccountKey=xkiQxUqjpMhqtAvGH2SV9m6gWaUBz0o3Lq88Zbh7knhhT4ziD7VLD/yXEvIas1dCXx4Gs074onmo+AStaEaOMg==;EndpointSuffix=core.usgovcloudapi.net",
            "primary_dfs_endpoint": "https://example234storage7897.dfs.core.usgovcloudapi.net/",
            "primary_dfs_host": "example234storage7897.dfs.core.usgovcloudapi.net",
            "primary_file_endpoint": "https://example234storage7897.file.core.usgovcloudapi.net/",
            "primary_file_host": "example234storage7897.file.core.usgovcloudapi.net",
            "primary_location": "usgovvirginia",
            "primary_queue_endpoint": "https://example234storage7897.queue.core.usgovcloudapi.net/",
            "primary_queue_host": "example234storage7897.queue.core.usgovcloudapi.net",
            "primary_table_endpoint": "https://example234storage7897.table.core.usgovcloudapi.net/",
            "primary_table_host": "example234storage7897.table.core.usgovcloudapi.net",
            "primary_web_endpoint": "https://example234storage7897.z2.web.core.usgovcloudapi.net/",
            "primary_web_host": "example234storage7897.z2.web.core.usgovcloudapi.net",
            "public_network_access_enabled": true,
            "queue_encryption_key_type": "Service",
            "queue_properties": [
              {
                "cors_rule": [],
                "hour_metrics": [
                  {
                    "enabled": true,
                    "include_apis": true,
                    "retention_policy_days": 7,
                    "version": "1.0"
                  }
                ],
                "logging": [
                  {
                    "delete": false,
                    "read": false,
                    "retention_policy_days": 0,
                    "version": "1.0",
                    "write": false
                  }
                ],
                "minute_metrics": [
                  {
                    "enabled": false,
                    "include_apis": false,
                    "retention_policy_days": 0,
                    "version": "1.0"
                  }
                ]
              }
            ],
            "resource_group_name": "ralphael2",
            "routing": [],
            "sas_policy": [],
            "secondary_access_key": "1cthXpY7DE1goZe2dB7/8TAEB0iOkcX35fZZrcnSnVKb91BlCe4S7e6w7K4vtudDmxyvhSoaZBBg+AStS2w0Qw==",
            "secondary_blob_connection_string": "",
            "secondary_blob_endpoint": null,
            "secondary_blob_host": null,
            "secondary_connection_string": "DefaultEndpointsProtocol=https;AccountName=example234storage7897;AccountKey=1cthXpY7DE1goZe2dB7/8TAEB0iOkcX35fZZrcnSnVKb91BlCe4S7e6w7K4vtudDmxyvhSoaZBBg+AStS2w0Qw==;EndpointSuffix=core.usgovcloudapi.net",
            "secondary_dfs_endpoint": null,
            "secondary_dfs_host": null,
            "secondary_file_endpoint": null,
            "secondary_file_host": null,
            "secondary_location": "usgovtexas",
            "secondary_queue_endpoint": null,
            "secondary_queue_host": null,
            "secondary_table_endpoint": null,
            "secondary_table_host": null,
            "secondary_web_endpoint": null,
            "secondary_web_host": null,
            "sftp_enabled": false,
            "share_properties": [
              {
                "cors_rule": [],
                "retention_policy": [
                  {
                    "days": 7
                  }
                ],
                "smb": []
              }
            ],
            "shared_access_key_enabled": true,
            "static_website": [],
            "table_encryption_key_type": "Service",
            "tags": {},
            "timeouts": null
          },
          "sensitive_attributes": [],
          "private": "eyJlMmJmYjczMC1lY2FhLTExZTYtOGY4OC0zNDM2M2JjN2M0YzAiOnsiY3JlYXRlIjozNjAwMDAwMDAwMDAwLCJkZWxldGUiOjM2MDAwMDAwMDAwMDAsInJlYWQiOjMwMDAwMDAwMDAwMCwidXBkYXRlIjozNjAwMDAwMDAwMDAwfSwic2NoZW1hX3ZlcnNpb24iOiIzIn0=",
          "dependencies": [
            "azurerm_resource_group.example"
          ]
        }
      ]
    },
    {
      "mode": "managed",
      "type": "azurerm_subnet",
      "name": "hub",
      "provider": "provider[\"registry.terraform.io/hashicorp/azurerm\"]",
      "instances": [
        {
          "schema_version": 0,
          "attributes": {
            "address_prefixes": [
              "10.2.0.0/24"
            ],
            "delegation": [],
            "enforce_private_link_endpoint_network_policies": true,
            "enforce_private_link_service_network_policies": true,
            "id": "/subscriptions/46c1bdab-b54a-49ba-a449-36af32ddee1c/resourceGroups/ralphael2/providers/Microsoft.Network/virtualNetworks/hubNetwork/subnets/hubSubnet",
            "name": "hubSubnet",
            "private_endpoint_network_policies_enabled": false,
            "private_link_service_network_policies_enabled": false,
            "resource_group_name": "ralphael2",
            "service_endpoint_policy_ids": [],
            "service_endpoints": [],
            "timeouts": null,
            "virtual_network_name": "hubNetwork"
          },
          "sensitive_attributes": [],
          "private": "eyJlMmJmYjczMC1lY2FhLTExZTYtOGY4OC0zNDM2M2JjN2M0YzAiOnsiY3JlYXRlIjoxODAwMDAwMDAwMDAwLCJkZWxldGUiOjE4MDAwMDAwMDAwMDAsInJlYWQiOjMwMDAwMDAwMDAwMCwidXBkYXRlIjoxODAwMDAwMDAwMDAwfX0=",
          "dependencies": [
            "azurerm_resource_group.example",
            "azurerm_virtual_network.hub"
          ]
        }
      ]
    },
    {
      "mode": "managed",
      "type": "azurerm_subnet",
      "name": "spoke1",
      "provider": "provider[\"registry.terraform.io/hashicorp/azurerm\"]",
      "instances": [
        {
          "schema_version": 0,
          "attributes": {
            "address_prefixes": [
              "10.3.0.0/24"
            ],
            "delegation": [],
            "enforce_private_link_endpoint_network_policies": true,
            "enforce_private_link_service_network_policies": true,
            "id": "/subscriptions/46c1bdab-b54a-49ba-a449-36af32ddee1c/resourceGroups/ralphael2/providers/Microsoft.Network/virtualNetworks/spoke1Network/subnets/spoke1Subnet",
            "name": "spoke1Subnet",
            "private_endpoint_network_policies_enabled": false,
            "private_link_service_network_policies_enabled": false,
            "resource_group_name": "ralphael2",
            "service_endpoint_policy_ids": [],
            "service_endpoints": [],
            "timeouts": null,
            "virtual_network_name": "spoke1Network"
          },
          "sensitive_attributes": [],
          "private": "eyJlMmJmYjczMC1lY2FhLTExZTYtOGY4OC0zNDM2M2JjN2M0YzAiOnsiY3JlYXRlIjoxODAwMDAwMDAwMDAwLCJkZWxldGUiOjE4MDAwMDAwMDAwMDAsInJlYWQiOjMwMDAwMDAwMDAwMCwidXBkYXRlIjoxODAwMDAwMDAwMDAwfX0=",
          "dependencies": [
            "azurerm_resource_group.example",
            "azurerm_virtual_network.spoke1"
          ]
        }
      ]
    },
    {
      "mode": "managed",
      "type": "azurerm_subnet",
      "name": "spoke2",
      "provider": "provider[\"registry.terraform.io/hashicorp/azurerm\"]",
      "instances": [
        {
          "schema_version": 0,
          "attributes": {
            "address_prefixes": [
              "10.4.0.0/24"
            ],
            "delegation": [],
            "enforce_private_link_endpoint_network_policies": true,
            "enforce_private_link_service_network_policies": true,
            "id": "/subscriptions/46c1bdab-b54a-49ba-a449-36af32ddee1c/resourceGroups/ralphael2/providers/Microsoft.Network/virtualNetworks/spoke2Network/subnets/spoke2Subnet",
            "name": "spoke2Subnet",
            "private_endpoint_network_policies_enabled": false,
            "private_link_service_network_policies_enabled": false,
            "resource_group_name": "ralphael2",
            "service_endpoint_policy_ids": [],
            "service_endpoints": [],
            "timeouts": null,
            "virtual_network_name": "spoke2Network"
          },
          "sensitive_attributes": [],
          "private": "eyJlMmJmYjczMC1lY2FhLTExZTYtOGY4OC0zNDM2M2JjN2M0YzAiOnsiY3JlYXRlIjoxODAwMDAwMDAwMDAwLCJkZWxldGUiOjE4MDAwMDAwMDAwMDAsInJlYWQiOjMwMDAwMDAwMDAwMCwidXBkYXRlIjoxODAwMDAwMDAwMDAwfX0=",
          "dependencies": [
            "azurerm_resource_group.example",
            "azurerm_virtual_network.spoke2"
          ]
        }
      ]
    },
    {
      "mode": "managed",
      "type": "azurerm_subnet",
      "name": "tier2-GWsubnet",
      "provider": "provider[\"registry.terraform.io/hashicorp/azurerm\"]",
      "instances": [
        {
          "schema_version": 0,
          "attributes": {
            "address_prefixes": [
              "10.0.0.128/27"
            ],
            "delegation": [],
            "enforce_private_link_endpoint_network_policies": false,
            "enforce_private_link_service_network_policies": false,
            "id": "/subscriptions/46c1bdab-b54a-49ba-a449-36af32ddee1c/resourceGroups/ralphael2/providers/Microsoft.Network/virtualNetworks/tier2Network/subnets/GatewaySubnet",
            "name": "GatewaySubnet",
            "private_endpoint_network_policies_enabled": true,
            "private_link_service_network_policies_enabled": true,
            "resource_group_name": "ralphael2",
            "service_endpoint_policy_ids": [],
            "service_endpoints": [],
            "timeouts": null,
            "virtual_network_name": "tier2Network"
          },
          "sensitive_attributes": [],
          "private": "eyJlMmJmYjczMC1lY2FhLTExZTYtOGY4OC0zNDM2M2JjN2M0YzAiOnsiY3JlYXRlIjoxODAwMDAwMDAwMDAwLCJkZWxldGUiOjE4MDAwMDAwMDAwMDAsInJlYWQiOjMwMDAwMDAwMDAwMCwidXBkYXRlIjoxODAwMDAwMDAwMDAwfX0=",
          "dependencies": [
            "azurerm_resource_group.example",
            "azurerm_virtual_network.tier2"
          ]
        }
      ]
    },
    {
      "mode": "managed",
      "type": "azurerm_subnet",
      "name": "tier2-ergsubnet",
      "provider": "provider[\"registry.terraform.io/hashicorp/azurerm\"]",
      "instances": [
        {
          "schema_version": 0,
          "attributes": {
            "address_prefixes": [
              "10.0.0.160/27"
            ],
            "delegation": [],
            "enforce_private_link_endpoint_network_policies": false,
            "enforce_private_link_service_network_policies": false,
            "id": "/subscriptions/46c1bdab-b54a-49ba-a449-36af32ddee1c/resourceGroups/ralphael2/providers/Microsoft.Network/virtualNetworks/tier2Network/subnets/Tier2EGRSubnet",
            "name": "Tier2EGRSubnet",
            "private_endpoint_network_policies_enabled": true,
            "private_link_service_network_policies_enabled": true,
            "resource_group_name": "ralphael2",
            "service_endpoint_policy_ids": [],
            "service_endpoints": [],
            "timeouts": null,
            "virtual_network_name": "tier2Network"
          },
          "sensitive_attributes": [],
          "private": "eyJlMmJmYjczMC1lY2FhLTExZTYtOGY4OC0zNDM2M2JjN2M0YzAiOnsiY3JlYXRlIjoxODAwMDAwMDAwMDAwLCJkZWxldGUiOjE4MDAwMDAwMDAwMDAsInJlYWQiOjMwMDAwMDAwMDAwMCwidXBkYXRlIjoxODAwMDAwMDAwMDAwfX0=",
          "dependencies": [
            "azurerm_resource_group.example",
            "azurerm_virtual_network.tier2"
          ]
        }
      ]
    },
    {
      "mode": "managed",
      "type": "azurerm_virtual_machine_extension",
      "name": "hub",
      "provider": "provider[\"registry.terraform.io/hashicorp/azurerm\"]",
      "instances": [
        {
          "schema_version": 0,
          "attributes": {
            "auto_upgrade_minor_version": false,
            "automatic_upgrade_enabled": false,
            "failure_suppression_enabled": false,
            "id": "/subscriptions/46c1bdab-b54a-49ba-a449-36af32ddee1c/resourceGroups/ralphael2/providers/Microsoft.Compute/virtualMachines/hub-vm/extensions/hubFirewallRule",
            "name": "hubFirewallRule",
            "protected_settings": null,
            "protected_settings_from_key_vault": [],
            "publisher": "Microsoft.Compute",
            "settings": "{\"commandToExecute\":\"powershell.exe New-NetFirewallRule –DisplayName 'Allow ICMPv4-In' –Protocol ICMPv4\"}",
            "tags": {},
            "timeouts": null,
            "type": "CustomScriptExtension",
            "type_handler_version": "1.9",
            "virtual_machine_id": "/subscriptions/46c1bdab-b54a-49ba-a449-36af32ddee1c/resourceGroups/ralphael2/providers/Microsoft.Compute/virtualMachines/hub-vm"
          },
          "sensitive_attributes": [],
          "private": "eyJlMmJmYjczMC1lY2FhLTExZTYtOGY4OC0zNDM2M2JjN2M0YzAiOnsiY3JlYXRlIjoxODAwMDAwMDAwMDAwLCJkZWxldGUiOjE4MDAwMDAwMDAwMDAsInJlYWQiOjMwMDAwMDAwMDAwMCwidXBkYXRlIjoxODAwMDAwMDAwMDAwfX0=",
          "dependencies": [
            "azurerm_network_interface.hub-nic",
            "azurerm_public_ip.hub-pip",
            "azurerm_resource_group.example",
            "azurerm_subnet.hub",
            "azurerm_virtual_network.hub",
            "azurerm_windows_virtual_machine.ralphael2-hub-vm"
          ]
        }
      ]
    },
    {
      "mode": "managed",
      "type": "azurerm_virtual_machine_extension",
      "name": "spoke1",
      "provider": "provider[\"registry.terraform.io/hashicorp/azurerm\"]",
      "instances": [
        {
          "schema_version": 0,
          "attributes": {
            "auto_upgrade_minor_version": false,
            "automatic_upgrade_enabled": false,
            "failure_suppression_enabled": false,
            "id": "/subscriptions/46c1bdab-b54a-49ba-a449-36af32ddee1c/resourceGroups/ralphael2/providers/Microsoft.Compute/virtualMachines/spoke1-vm/extensions/spokeFirewallRule",
            "name": "spokeFirewallRule",
            "protected_settings": null,
            "protected_settings_from_key_vault": [],
            "publisher": "Microsoft.Compute",
            "settings": "{\"commandToExecute\":\"powershell.exe New-NetFirewallRule –DisplayName 'Allow ICMPv4-In' –Protocol ICMPv4\"}",
            "tags": {},
            "timeouts": null,
            "type": "CustomScriptExtension",
            "type_handler_version": "1.9",
            "virtual_machine_id": "/subscriptions/46c1bdab-b54a-49ba-a449-36af32ddee1c/resourceGroups/ralphael2/providers/Microsoft.Compute/virtualMachines/spoke1-vm"
          },
          "sensitive_attributes": [],
          "private": "eyJlMmJmYjczMC1lY2FhLTExZTYtOGY4OC0zNDM2M2JjN2M0YzAiOnsiY3JlYXRlIjoxODAwMDAwMDAwMDAwLCJkZWxldGUiOjE4MDAwMDAwMDAwMDAsInJlYWQiOjMwMDAwMDAwMDAwMCwidXBkYXRlIjoxODAwMDAwMDAwMDAwfX0=",
          "dependencies": [
            "azurerm_network_interface.spoke1-nic",
            "azurerm_public_ip.spoke1",
            "azurerm_resource_group.example",
            "azurerm_subnet.spoke1",
            "azurerm_virtual_network.spoke1",
            "azurerm_windows_virtual_machine.ralphael2-spoke1-vm"
          ]
        }
      ]
    },
    {
      "mode": "managed",
      "type": "azurerm_virtual_network",
      "name": "hub",
      "provider": "provider[\"registry.terraform.io/hashicorp/azurerm\"]",
      "instances": [
        {
          "schema_version": 0,
          "attributes": {
            "address_space": [
              "10.2.0.0/16"
            ],
            "bgp_community": "",
            "ddos_protection_plan": [],
            "dns_servers": [],
            "edge_zone": "",
            "flow_timeout_in_minutes": 0,
            "guid": "e7bf9bf2-727d-4252-aec8-834be4ca880e",
            "id": "/subscriptions/46c1bdab-b54a-49ba-a449-36af32ddee1c/resourceGroups/ralphael2/providers/Microsoft.Network/virtualNetworks/hubNetwork",
            "location": "usgovvirginia",
            "name": "hubNetwork",
            "resource_group_name": "ralphael2",
            "subnet": [
              {
                "address_prefix": "10.2.0.0/24",
                "id": "/subscriptions/46c1bdab-b54a-49ba-a449-36af32ddee1c/resourceGroups/ralphael2/providers/Microsoft.Network/virtualNetworks/hubNetwork/subnets/hubSubnet",
                "name": "hubSubnet",
                "security_group": ""
              }
            ],
            "tags": {},
            "timeouts": null
          },
          "sensitive_attributes": [],
          "private": "eyJlMmJmYjczMC1lY2FhLTExZTYtOGY4OC0zNDM2M2JjN2M0YzAiOnsiY3JlYXRlIjoxODAwMDAwMDAwMDAwLCJkZWxldGUiOjE4MDAwMDAwMDAwMDAsInJlYWQiOjMwMDAwMDAwMDAwMCwidXBkYXRlIjoxODAwMDAwMDAwMDAwfX0=",
          "dependencies": [
            "azurerm_resource_group.example"
          ]
        }
      ]
    },
    {
      "mode": "managed",
      "type": "azurerm_virtual_network",
      "name": "spoke1",
      "provider": "provider[\"registry.terraform.io/hashicorp/azurerm\"]",
      "instances": [
        {
          "schema_version": 0,
          "attributes": {
            "address_space": [
              "10.3.0.0/16"
            ],
            "bgp_community": "",
            "ddos_protection_plan": [],
            "dns_servers": [],
            "edge_zone": "",
            "flow_timeout_in_minutes": 0,
            "guid": "621f34e7-a5d7-4eba-8d61-5d51fccf1608",
            "id": "/subscriptions/46c1bdab-b54a-49ba-a449-36af32ddee1c/resourceGroups/ralphael2/providers/Microsoft.Network/virtualNetworks/spoke1Network",
            "location": "usgovvirginia",
            "name": "spoke1Network",
            "resource_group_name": "ralphael2",
            "subnet": [
              {
                "address_prefix": "10.3.0.0/24",
                "id": "/subscriptions/46c1bdab-b54a-49ba-a449-36af32ddee1c/resourceGroups/ralphael2/providers/Microsoft.Network/virtualNetworks/spoke1Network/subnets/spoke1Subnet",
                "name": "spoke1Subnet",
                "security_group": ""
              },
              {
                "address_prefix": "10.3.1.0/24",
                "id": "/subscriptions/46c1bdab-b54a-49ba-a449-36af32ddee1c/resourceGroups/ralphael2/providers/Microsoft.Network/virtualNetworks/spoke1Network/subnets/appgwSubnet",
                "name": "appgwSubnet",
                "security_group": ""
              }
            ],
            "tags": {},
            "timeouts": null
          },
          "sensitive_attributes": [],
          "private": "eyJlMmJmYjczMC1lY2FhLTExZTYtOGY4OC0zNDM2M2JjN2M0YzAiOnsiY3JlYXRlIjoxODAwMDAwMDAwMDAwLCJkZWxldGUiOjE4MDAwMDAwMDAwMDAsInJlYWQiOjMwMDAwMDAwMDAwMCwidXBkYXRlIjoxODAwMDAwMDAwMDAwfX0=",
          "dependencies": [
            "azurerm_resource_group.example"
          ]
        }
      ]
    },
    {
      "mode": "managed",
      "type": "azurerm_virtual_network",
      "name": "spoke2",
      "provider": "provider[\"registry.terraform.io/hashicorp/azurerm\"]",
      "instances": [
        {
          "schema_version": 0,
          "attributes": {
            "address_space": [
              "10.4.0.0/16"
            ],
            "bgp_community": "",
            "ddos_protection_plan": [],
            "dns_servers": [],
            "edge_zone": "",
            "flow_timeout_in_minutes": 0,
            "guid": "af5f9184-640b-4d0b-a70b-e2dcb08f201d",
            "id": "/subscriptions/46c1bdab-b54a-49ba-a449-36af32ddee1c/resourceGroups/ralphael2/providers/Microsoft.Network/virtualNetworks/spoke2Network",
            "location": "usgovvirginia",
            "name": "spoke2Network",
            "resource_group_name": "ralphael2",
            "subnet": [
              {
                "address_prefix": "10.4.0.0/24",
                "id": "/subscriptions/46c1bdab-b54a-49ba-a449-36af32ddee1c/resourceGroups/ralphael2/providers/Microsoft.Network/virtualNetworks/spoke2Network/subnets/spoke2Subnet",
                "name": "spoke2Subnet",
                "security_group": ""
              },
              {
                "address_prefix": "10.4.1.0/24",
                "id": "/subscriptions/46c1bdab-b54a-49ba-a449-36af32ddee1c/resourceGroups/ralphael2/providers/Microsoft.Network/virtualNetworks/spoke2Network/subnets/ingress-appgateway-subnet",
                "name": "ingress-appgateway-subnet",
                "security_group": ""
              }
            ],
            "tags": {},
            "timeouts": null
          },
          "sensitive_attributes": [],
          "private": "eyJlMmJmYjczMC1lY2FhLTExZTYtOGY4OC0zNDM2M2JjN2M0YzAiOnsiY3JlYXRlIjoxODAwMDAwMDAwMDAwLCJkZWxldGUiOjE4MDAwMDAwMDAwMDAsInJlYWQiOjMwMDAwMDAwMDAwMCwidXBkYXRlIjoxODAwMDAwMDAwMDAwfX0=",
          "dependencies": [
            "azurerm_resource_group.example"
          ]
        }
      ]
    },
    {
      "mode": "managed",
      "type": "azurerm_virtual_network",
      "name": "tier2",
      "provider": "provider[\"registry.terraform.io/hashicorp/azurerm\"]",
      "instances": [
        {
          "schema_version": 0,
          "attributes": {
            "address_space": [
              "10.0.0.128/26"
            ],
            "bgp_community": "",
            "ddos_protection_plan": [],
            "dns_servers": [],
            "edge_zone": "",
            "flow_timeout_in_minutes": 0,
            "guid": "a9b48b23-607b-49c3-ab78-7f842cf67d2f",
            "id": "/subscriptions/46c1bdab-b54a-49ba-a449-36af32ddee1c/resourceGroups/ralphael2/providers/Microsoft.Network/virtualNetworks/tier2Network",
            "location": "usgovvirginia",
            "name": "tier2Network",
            "resource_group_name": "ralphael2",
            "subnet": [
              {
                "address_prefix": "10.0.0.128/27",
                "id": "/subscriptions/46c1bdab-b54a-49ba-a449-36af32ddee1c/resourceGroups/ralphael2/providers/Microsoft.Network/virtualNetworks/tier2Network/subnets/GatewaySubnet",
                "name": "GatewaySubnet",
                "security_group": ""
              },
              {
                "address_prefix": "10.0.0.160/27",
                "id": "/subscriptions/46c1bdab-b54a-49ba-a449-36af32ddee1c/resourceGroups/ralphael2/providers/Microsoft.Network/virtualNetworks/tier2Network/subnets/Tier2EGRSubnet",
                "name": "Tier2EGRSubnet",
                "security_group": ""
              }
            ],
            "tags": {},
            "timeouts": null
          },
          "sensitive_attributes": [],
          "private": "eyJlMmJmYjczMC1lY2FhLTExZTYtOGY4OC0zNDM2M2JjN2M0YzAiOnsiY3JlYXRlIjoxODAwMDAwMDAwMDAwLCJkZWxldGUiOjE4MDAwMDAwMDAwMDAsInJlYWQiOjMwMDAwMDAwMDAwMCwidXBkYXRlIjoxODAwMDAwMDAwMDAwfX0=",
          "dependencies": [
            "azurerm_resource_group.example"
          ]
        }
      ]
    },
    {
      "mode": "managed",
      "type": "azurerm_virtual_network_peering",
      "name": "spoke1_to_tier2",
      "provider": "provider[\"registry.terraform.io/hashicorp/azurerm\"]",
      "instances": [
        {
          "schema_version": 0,
          "attributes": {
            "allow_forwarded_traffic": true,
            "allow_gateway_transit": false,
            "allow_virtual_network_access": true,
            "id": "/subscriptions/46c1bdab-b54a-49ba-a449-36af32ddee1c/resourceGroups/ralphael2/providers/Microsoft.Network/virtualNetworks/spoke1Network/virtualNetworkPeerings/spoke1-to-tier2",
            "name": "spoke1-to-tier2",
            "remote_virtual_network_id": "/subscriptions/46c1bdab-b54a-49ba-a449-36af32ddee1c/resourceGroups/ralphael2/providers/Microsoft.Network/virtualNetworks/tier2Network",
            "resource_group_name": "ralphael2",
            "timeouts": null,
            "triggers": null,
            "use_remote_gateways": false,
            "virtual_network_name": "spoke1Network"
          },
          "sensitive_attributes": [],
          "private": "eyJlMmJmYjczMC1lY2FhLTExZTYtOGY4OC0zNDM2M2JjN2M0YzAiOnsiY3JlYXRlIjoxODAwMDAwMDAwMDAwLCJkZWxldGUiOjE4MDAwMDAwMDAwMDAsInJlYWQiOjMwMDAwMDAwMDAwMCwidXBkYXRlIjoxODAwMDAwMDAwMDAwfX0=",
          "dependencies": [
            "azurerm_resource_group.example",
            "azurerm_virtual_network.spoke1",
            "azurerm_virtual_network.tier2"
          ]
        }
      ]
    },
    {
      "mode": "managed",
      "type": "azurerm_virtual_network_peering",
      "name": "spoke2_to_tier2",
      "provider": "provider[\"registry.terraform.io/hashicorp/azurerm\"]",
      "instances": [
        {
          "schema_version": 0,
          "attributes": {
            "allow_forwarded_traffic": true,
            "allow_gateway_transit": false,
            "allow_virtual_network_access": true,
            "id": "/subscriptions/46c1bdab-b54a-49ba-a449-36af32ddee1c/resourceGroups/ralphael2/providers/Microsoft.Network/virtualNetworks/spoke2Network/virtualNetworkPeerings/spoke2-to-tier2",
            "name": "spoke2-to-tier2",
            "remote_virtual_network_id": "/subscriptions/46c1bdab-b54a-49ba-a449-36af32ddee1c/resourceGroups/ralphael2/providers/Microsoft.Network/virtualNetworks/tier2Network",
            "resource_group_name": "ralphael2",
            "timeouts": null,
            "triggers": null,
            "use_remote_gateways": false,
            "virtual_network_name": "spoke2Network"
          },
          "sensitive_attributes": [],
          "private": "eyJlMmJmYjczMC1lY2FhLTExZTYtOGY4OC0zNDM2M2JjN2M0YzAiOnsiY3JlYXRlIjoxODAwMDAwMDAwMDAwLCJkZWxldGUiOjE4MDAwMDAwMDAwMDAsInJlYWQiOjMwMDAwMDAwMDAwMCwidXBkYXRlIjoxODAwMDAwMDAwMDAwfX0=",
          "dependencies": [
            "azurerm_resource_group.example",
            "azurerm_virtual_network.spoke2",
            "azurerm_virtual_network.tier2"
          ]
        }
      ]
    },
    {
      "mode": "managed",
      "type": "azurerm_virtual_network_peering",
      "name": "tier2_to_spoke1",
      "provider": "provider[\"registry.terraform.io/hashicorp/azurerm\"]",
      "instances": [
        {
          "schema_version": 0,
          "attributes": {
            "allow_forwarded_traffic": true,
            "allow_gateway_transit": false,
            "allow_virtual_network_access": true,
            "id": "/subscriptions/46c1bdab-b54a-49ba-a449-36af32ddee1c/resourceGroups/ralphael2/providers/Microsoft.Network/virtualNetworks/tier2Network/virtualNetworkPeerings/tier2-to-spoke1",
            "name": "tier2-to-spoke1",
            "remote_virtual_network_id": "/subscriptions/46c1bdab-b54a-49ba-a449-36af32ddee1c/resourceGroups/ralphael2/providers/Microsoft.Network/virtualNetworks/spoke1Network",
            "resource_group_name": "ralphael2",
            "timeouts": null,
            "triggers": null,
            "use_remote_gateways": false,
            "virtual_network_name": "tier2Network"
          },
          "sensitive_attributes": [],
          "private": "eyJlMmJmYjczMC1lY2FhLTExZTYtOGY4OC0zNDM2M2JjN2M0YzAiOnsiY3JlYXRlIjoxODAwMDAwMDAwMDAwLCJkZWxldGUiOjE4MDAwMDAwMDAwMDAsInJlYWQiOjMwMDAwMDAwMDAwMCwidXBkYXRlIjoxODAwMDAwMDAwMDAwfX0=",
          "dependencies": [
            "azurerm_resource_group.example",
            "azurerm_virtual_network.spoke1",
            "azurerm_virtual_network.tier2"
          ]
        }
      ]
    },
    {
      "mode": "managed",
      "type": "azurerm_virtual_network_peering",
      "name": "tier2_to_spoke2",
      "provider": "provider[\"registry.terraform.io/hashicorp/azurerm\"]",
      "instances": [
        {
          "schema_version": 0,
          "attributes": {
            "allow_forwarded_traffic": true,
            "allow_gateway_transit": false,
            "allow_virtual_network_access": true,
            "id": "/subscriptions/46c1bdab-b54a-49ba-a449-36af32ddee1c/resourceGroups/ralphael2/providers/Microsoft.Network/virtualNetworks/tier2Network/virtualNetworkPeerings/tier2-to-spoke2",
            "name": "tier2-to-spoke2",
            "remote_virtual_network_id": "/subscriptions/46c1bdab-b54a-49ba-a449-36af32ddee1c/resourceGroups/ralphael2/providers/Microsoft.Network/virtualNetworks/spoke2Network",
            "resource_group_name": "ralphael2",
            "timeouts": null,
            "triggers": null,
            "use_remote_gateways": false,
            "virtual_network_name": "tier2Network"
          },
          "sensitive_attributes": [],
          "private": "eyJlMmJmYjczMC1lY2FhLTExZTYtOGY4OC0zNDM2M2JjN2M0YzAiOnsiY3JlYXRlIjoxODAwMDAwMDAwMDAwLCJkZWxldGUiOjE4MDAwMDAwMDAwMDAsInJlYWQiOjMwMDAwMDAwMDAwMCwidXBkYXRlIjoxODAwMDAwMDAwMDAwfX0=",
          "dependencies": [
            "azurerm_resource_group.example",
            "azurerm_virtual_network.spoke2",
            "azurerm_virtual_network.tier2"
          ]
        }
      ]
    },
    {
      "mode": "managed",
      "type": "azurerm_windows_virtual_machine",
      "name": "ralphael2-hub-vm",
      "provider": "provider[\"registry.terraform.io/hashicorp/azurerm\"]",
      "instances": [
        {
          "schema_version": 0,
          "attributes": {
            "additional_capabilities": [],
            "additional_unattend_content": [],
            "admin_password": "12qwaszx!@QWASZX",
            "admin_username": "azureuser",
            "allow_extension_operations": true,
            "availability_set_id": "",
            "boot_diagnostics": [],
            "capacity_reservation_group_id": "",
            "computer_name": "hub-vm",
            "custom_data": null,
            "dedicated_host_group_id": "",
            "dedicated_host_id": "",
            "edge_zone": "",
            "enable_automatic_updates": true,
            "encryption_at_host_enabled": false,
            "eviction_policy": "",
            "extensions_time_budget": "PT1H30M",
            "gallery_application": [],
            "hotpatching_enabled": false,
            "id": "/subscriptions/46c1bdab-b54a-49ba-a449-36af32ddee1c/resourceGroups/ralphael2/providers/Microsoft.Compute/virtualMachines/hub-vm",
            "identity": [
              {
                "identity_ids": [],
                "principal_id": "e78f2d8a-9211-41f6-bd55-6c0fa93ef5e9",
                "tenant_id": "d3845459-c525-4ed7-9a33-b5da99d23a48",
                "type": "SystemAssigned"
              }
            ],
            "license_type": "",
            "location": "usgovvirginia",
            "max_bid_price": -1,
            "name": "hub-vm",
            "network_interface_ids": [
              "/subscriptions/46c1bdab-b54a-49ba-a449-36af32ddee1c/resourceGroups/ralphael2/providers/Microsoft.Network/networkInterfaces/hub-vm-nic"
            ],
            "os_disk": [
              {
                "caching": "ReadWrite",
                "diff_disk_settings": [],
                "disk_encryption_set_id": "",
                "disk_size_gb": 127,
                "name": "hub-vm_OsDisk_1_113a4d871f554ad5a6fde82a06b5031f",
                "secure_vm_disk_encryption_set_id": "",
                "security_encryption_type": "",
                "storage_account_type": "Standard_LRS",
                "write_accelerator_enabled": false
              }
            ],
            "patch_assessment_mode": "ImageDefault",
            "patch_mode": "AutomaticByOS",
            "plan": [],
            "platform_fault_domain": -1,
            "priority": "Regular",
            "private_ip_address": "10.2.0.4",
            "private_ip_addresses": [
              "10.2.0.4"
            ],
            "provision_vm_agent": true,
            "proximity_placement_group_id": "",
            "public_ip_address": "20.159.156.221",
            "public_ip_addresses": [
              "20.159.156.221"
            ],
            "resource_group_name": "ralphael2",
            "secret": [],
            "secure_boot_enabled": false,
            "size": "Standard_DS1_v2",
            "source_image_id": "",
            "source_image_reference": [
              {
                "offer": "WindowsServer",
                "publisher": "MicrosoftWindowsServer",
                "sku": "2016-Datacenter",
                "version": "latest"
              }
            ],
            "tags": {
              "environment": "HUB-VM"
            },
            "termination_notification": [],
            "timeouts": null,
            "timezone": "",
            "user_data": "",
            "virtual_machine_id": "59fec386-61c3-47ae-a67c-adf3127cde03",
            "virtual_machine_scale_set_id": "",
            "vtpm_enabled": false,
            "winrm_listener": [],
            "zone": ""
          },
          "sensitive_attributes": [],
          "private": "eyJlMmJmYjczMC1lY2FhLTExZTYtOGY4OC0zNDM2M2JjN2M0YzAiOnsiY3JlYXRlIjoyNzAwMDAwMDAwMDAwLCJkZWxldGUiOjI3MDAwMDAwMDAwMDAsInJlYWQiOjMwMDAwMDAwMDAwMCwidXBkYXRlIjoyNzAwMDAwMDAwMDAwfX0=",
          "dependencies": [
            "azurerm_network_interface.hub-nic",
            "azurerm_resource_group.example"
          ]
        }
      ]
    },
    {
      "mode": "managed",
      "type": "azurerm_windows_virtual_machine",
      "name": "ralphael2-spoke1-vm",
      "provider": "provider[\"registry.terraform.io/hashicorp/azurerm\"]",
      "instances": [
        {
          "schema_version": 0,
          "attributes": {
            "additional_capabilities": [],
            "additional_unattend_content": [],
            "admin_password": "12qwaszx!@QWASZX",
            "admin_username": "azureuser",
            "allow_extension_operations": true,
            "availability_set_id": "",
            "boot_diagnostics": [],
            "capacity_reservation_group_id": "",
            "computer_name": "spoke1-vm",
            "custom_data": null,
            "dedicated_host_group_id": "",
            "dedicated_host_id": "",
            "edge_zone": "",
            "enable_automatic_updates": true,
            "encryption_at_host_enabled": false,
            "eviction_policy": "",
            "extensions_time_budget": "PT1H30M",
            "gallery_application": [],
            "hotpatching_enabled": false,
            "id": "/subscriptions/46c1bdab-b54a-49ba-a449-36af32ddee1c/resourceGroups/ralphael2/providers/Microsoft.Compute/virtualMachines/spoke1-vm",
            "identity": [
              {
                "identity_ids": [],
                "principal_id": "9e041c79-39ff-4a96-91dc-a71290a25a21",
                "tenant_id": "d3845459-c525-4ed7-9a33-b5da99d23a48",
                "type": "SystemAssigned"
              }
            ],
            "license_type": "",
            "location": "usgovvirginia",
            "max_bid_price": -1,
            "name": "spoke1-vm",
            "network_interface_ids": [
              "/subscriptions/46c1bdab-b54a-49ba-a449-36af32ddee1c/resourceGroups/ralphael2/providers/Microsoft.Network/networkInterfaces/spoke1-vm-nic"
            ],
            "os_disk": [
              {
                "caching": "ReadWrite",
                "diff_disk_settings": [],
                "disk_encryption_set_id": "",
                "disk_size_gb": 127,
                "name": "spoke1-vm_OsDisk_1_8002e96a9e14405aa4a97efa657dbcc3",
                "secure_vm_disk_encryption_set_id": "",
                "security_encryption_type": "",
                "storage_account_type": "Standard_LRS",
                "write_accelerator_enabled": false
              }
            ],
            "patch_assessment_mode": "ImageDefault",
            "patch_mode": "AutomaticByOS",
            "plan": [],
            "platform_fault_domain": -1,
            "priority": "Regular",
            "private_ip_address": "10.3.0.4",
            "private_ip_addresses": [
              "10.3.0.4"
            ],
            "provision_vm_agent": true,
            "proximity_placement_group_id": "",
            "public_ip_address": "20.159.142.5",
            "public_ip_addresses": [
              "20.159.142.5"
            ],
            "resource_group_name": "ralphael2",
            "secret": [],
            "secure_boot_enabled": false,
            "size": "Standard_DS1_v2",
            "source_image_id": "",
            "source_image_reference": [
              {
                "offer": "WindowsServer",
                "publisher": "MicrosoftWindowsServer",
                "sku": "2016-Datacenter",
                "version": "latest"
              }
            ],
            "tags": {
              "environment": "SPOKE1-VM"
            },
            "termination_notification": [],
            "timeouts": null,
            "timezone": "",
            "user_data": "",
            "virtual_machine_id": "d00eec65-de0b-4b89-ba5f-fece7fbca8ab",
            "virtual_machine_scale_set_id": "",
            "vtpm_enabled": false,
            "winrm_listener": [],
            "zone": ""
          },
          "sensitive_attributes": [],
          "private": "eyJlMmJmYjczMC1lY2FhLTExZTYtOGY4OC0zNDM2M2JjN2M0YzAiOnsiY3JlYXRlIjoyNzAwMDAwMDAwMDAwLCJkZWxldGUiOjI3MDAwMDAwMDAwMDAsInJlYWQiOjMwMDAwMDAwMDAwMCwidXBkYXRlIjoyNzAwMDAwMDAwMDAwfX0=",
          "dependencies": [
            "azurerm_network_interface.spoke1-nic",
            "azurerm_resource_group.example"
          ]
        }
      ]
    },
    {
      "mode": "managed",
      "type": "azurerm_windows_virtual_machine",
      "name": "ralphael2-spoke2-vm",
      "provider": "provider[\"registry.terraform.io/hashicorp/azurerm\"]",
      "instances": [
        {
          "schema_version": 0,
          "attributes": {
            "additional_capabilities": [],
            "additional_unattend_content": [],
            "admin_password": "12qwaszx!@QWASZX",
            "admin_username": "azureuser",
            "allow_extension_operations": true,
            "availability_set_id": "",
            "boot_diagnostics": [],
            "capacity_reservation_group_id": "",
            "computer_name": "spoke2-vm",
            "custom_data": null,
            "dedicated_host_group_id": "",
            "dedicated_host_id": "",
            "edge_zone": "",
            "enable_automatic_updates": true,
            "encryption_at_host_enabled": false,
            "eviction_policy": "",
            "extensions_time_budget": "PT1H30M",
            "gallery_application": [],
            "hotpatching_enabled": false,
            "id": "/subscriptions/46c1bdab-b54a-49ba-a449-36af32ddee1c/resourceGroups/ralphael2/providers/Microsoft.Compute/virtualMachines/spoke2-vm",
            "identity": [
              {
                "identity_ids": [],
                "principal_id": "7a65e510-1215-4a4d-9832-47bf267567f6",
                "tenant_id": "d3845459-c525-4ed7-9a33-b5da99d23a48",
                "type": "SystemAssigned"
              }
            ],
            "license_type": "",
            "location": "usgovvirginia",
            "max_bid_price": -1,
            "name": "spoke2-vm",
            "network_interface_ids": [
              "/subscriptions/46c1bdab-b54a-49ba-a449-36af32ddee1c/resourceGroups/ralphael2/providers/Microsoft.Network/networkInterfaces/spoke2-vm-nic"
            ],
            "os_disk": [
              {
                "caching": "ReadWrite",
                "diff_disk_settings": [],
                "disk_encryption_set_id": "",
                "disk_size_gb": 127,
                "name": "spoke2-vm_OsDisk_1_3ff1a187bdeb447a82b67bdd2c7ffcc7",
                "secure_vm_disk_encryption_set_id": "",
                "security_encryption_type": "",
                "storage_account_type": "Standard_LRS",
                "write_accelerator_enabled": false
              }
            ],
            "patch_assessment_mode": "ImageDefault",
            "patch_mode": "AutomaticByOS",
            "plan": [],
            "platform_fault_domain": -1,
            "priority": "Regular",
            "private_ip_address": "10.4.0.63",
            "private_ip_addresses": [
              "10.4.0.63"
            ],
            "provision_vm_agent": true,
            "proximity_placement_group_id": "",
            "public_ip_address": "20.159.33.161",
            "public_ip_addresses": [
              "20.159.33.161"
            ],
            "resource_group_name": "ralphael2",
            "secret": [],
            "secure_boot_enabled": false,
            "size": "Standard_DS1_v2",
            "source_image_id": "",
            "source_image_reference": [
              {
                "offer": "WindowsServer",
                "publisher": "MicrosoftWindowsServer",
                "sku": "2016-Datacenter",
                "version": "latest"
              }
            ],
            "tags": {
              "environment": "SPOKE2-VM"
            },
            "termination_notification": [],
            "timeouts": null,
            "timezone": "",
            "user_data": "",
            "virtual_machine_id": "b50f5fab-c2e5-4128-b6b2-019b1c5433b5",
            "virtual_machine_scale_set_id": "",
            "vtpm_enabled": false,
            "winrm_listener": [],
            "zone": ""
          },
          "sensitive_attributes": [],
          "private": "eyJlMmJmYjczMC1lY2FhLTExZTYtOGY4OC0zNDM2M2JjN2M0YzAiOnsiY3JlYXRlIjoyNzAwMDAwMDAwMDAwLCJkZWxldGUiOjI3MDAwMDAwMDAwMDAsInJlYWQiOjMwMDAwMDAwMDAwMCwidXBkYXRlIjoyNzAwMDAwMDAwMDAwfX0=",
          "dependencies": [
            "azurerm_network_interface.spoke2-nic",
            "azurerm_resource_group.example"
          ]
        }
      ]
    }
  ],
  "check_results": null
}
